<?xml version="1.0" encoding="utf-8"?>
<Project ToolsVersion="16.0" xmlns="http://schemas.microsoft.com/developer/msbuild/2003">
  <ItemGroup>
    <CustomBuild Include="D:\Projects\SecondEngineProject\Games\FlappyTest\Build\CMakeFiles\e4d4943b82890c8bd2304e9b45eda77c\INSTALL_force.rule">
      <Filter>CMake Rules</Filter>
    </CustomBuild>
  </ItemGroup>
  <ItemGroup>
    <Filter Include="CMake Rules">
      <UniqueIdentifier>{B83EB4AB-04BF-36F4-A64E-C368E3AD4DD6}</UniqueIdentifier>
    </Filter>
  </ItemGroup>
</Project>
