<?xml version="1.0" encoding="utf-8"?>
<Project ToolsVersion="4.0" xmlns="http://schemas.microsoft.com/developer/msbuild/2003">
  <ItemGroup>
    <Filter Include="Source">
      <UniqueIdentifier>{23d08d3c-0bf2-4642-ba9a-fcbd2d54a307}</UniqueIdentifier>
    </Filter>
    <Filter Include="Source\EntryPoint">
      <UniqueIdentifier>{d6c54d4c-ebca-49fc-b3af-a5d1947a971c}</UniqueIdentifier>
    </Filter>
    <Filter Include="Source\Core">
      <UniqueIdentifier>{a60c79c0-62ea-45ba-b737-4947fd59dbdb}</UniqueIdentifier>
    </Filter>
    <Filter Include="Source\Core\Public">
      <UniqueIdentifier>{0f86ceb1-2597-4c15-a5fe-a3bd59ebca44}</UniqueIdentifier>
    </Filter>
    <Filter Include="Source\Core\Private">
      <UniqueIdentifier>{6677420d-c80b-40e4-8715-cc9810f79e75}</UniqueIdentifier>
    </Filter>
  </ItemGroup>
  <ItemGroup>
    <ClCompile Include="Engine\Source\EntryPoint\EntryPoint.cpp">
      <Filter>Source\EntryPoint</Filter>
    </ClCompile>
    <ClCompile Include="Engine\Source\Core\Private\EngineCore.cpp">
      <Filter>Source\Core\Private</Filter>
    </ClCompile>
  </ItemGroup>
  <ItemGroup>
    <ClInclude Include="Engine\Source\Core\Public\EngineCore.h">
      <Filter>Source\Core\Public</Filter>
    </ClInclude>
  </ItemGroup>
</Project>