
Microsoft Visual Studio Solution File, Format Version 12.00
# Visual Studio Version 16
Project("{2150E333-8FDC-42A3-9474-1A3956D46DE8}") = "CMakePredefinedTargets", "CMakePredefinedTargets", "{1D0B827C-F725-3128-A4B1-30BEE47DDA07}"
EndProject
Project("{8BC9CEB8-8B4A-11D0-8D11-00A0C91BC942}") = "ALL_BUILD", "ALL_BUILD.vcxproj", "{67490F99-08E8-3742-B282-F45F80C1FB8A}"
	ProjectSection(ProjectDependencies) = postProject
		{752725CC-1540-3B4B-ABE6-0709EA178E6F} = {752725CC-1540-3B4B-ABE6-0709EA178E6F}
		{9EC0FAA1-1F34-31EB-B982-208435BABFB5} = {9EC0FAA1-1F34-31EB-B982-208435BABFB5}
	EndProjectSection
EndProject
Project("{8BC9CEB8-8B4A-11D0-8D11-00A0C91BC942}") = "INSTALL", "INSTALL.vcxproj", "{5E51371E-EAB6-30CA-AA23-5DBD386955B8}"
	ProjectSection(ProjectDependencies) = postProject
		{67490F99-08E8-3742-B282-F45F80C1FB8A} = {67490F99-08E8-3742-B282-F45F80C1FB8A}
	EndProjectSection
EndProject
Project("{8BC9CEB8-8B4A-11D0-8D11-00A0C91BC942}") = "gtest", "gtest.vcxproj", "{752725CC-1540-3B4B-ABE6-0709EA178E6F}"
	ProjectSection(ProjectDependencies) = postProject
	EndProjectSection
EndProject
Project("{8BC9CEB8-8B4A-11D0-8D11-00A0C91BC942}") = "gtest_main", "gtest_main.vcxproj", "{9EC0FAA1-1F34-31EB-B982-208435BABFB5}"
	ProjectSection(ProjectDependencies) = postProject
		{752725CC-1540-3B4B-ABE6-0709EA178E6F} = {752725CC-1540-3B4B-ABE6-0709EA178E6F}
	EndProjectSection
EndProject
Global
	GlobalSection(SolutionConfigurationPlatforms) = preSolution
		Debug|x64 = Debug|x64
		Release|x64 = Release|x64
		MinSizeRel|x64 = MinSizeRel|x64
		RelWithDebInfo|x64 = RelWithDebInfo|x64
	EndGlobalSection
	GlobalSection(ProjectConfigurationPlatforms) = postSolution
		{67490F99-08E8-3742-B282-F45F80C1FB8A}.Debug|x64.ActiveCfg = Debug|x64
		{67490F99-08E8-3742-B282-F45F80C1FB8A}.Debug|x64.Build.0 = Debug|x64
		{67490F99-08E8-3742-B282-F45F80C1FB8A}.Release|x64.ActiveCfg = Release|x64
		{67490F99-08E8-3742-B282-F45F80C1FB8A}.Release|x64.Build.0 = Release|x64
		{67490F99-08E8-3742-B282-F45F80C1FB8A}.MinSizeRel|x64.ActiveCfg = MinSizeRel|x64
		{67490F99-08E8-3742-B282-F45F80C1FB8A}.MinSizeRel|x64.Build.0 = MinSizeRel|x64
		{67490F99-08E8-3742-B282-F45F80C1FB8A}.RelWithDebInfo|x64.ActiveCfg = RelWithDebInfo|x64
		{67490F99-08E8-3742-B282-F45F80C1FB8A}.RelWithDebInfo|x64.Build.0 = RelWithDebInfo|x64
		{5E51371E-EAB6-30CA-AA23-5DBD386955B8}.Debug|x64.ActiveCfg = Debug|x64
		{5E51371E-EAB6-30CA-AA23-5DBD386955B8}.Release|x64.ActiveCfg = Release|x64
		{5E51371E-EAB6-30CA-AA23-5DBD386955B8}.MinSizeRel|x64.ActiveCfg = MinSizeRel|x64
		{5E51371E-EAB6-30CA-AA23-5DBD386955B8}.RelWithDebInfo|x64.ActiveCfg = RelWithDebInfo|x64
		{752725CC-1540-3B4B-ABE6-0709EA178E6F}.Debug|x64.ActiveCfg = Debug|x64
		{752725CC-1540-3B4B-ABE6-0709EA178E6F}.Debug|x64.Build.0 = Debug|x64
		{752725CC-1540-3B4B-ABE6-0709EA178E6F}.Release|x64.ActiveCfg = Release|x64
		{752725CC-1540-3B4B-ABE6-0709EA178E6F}.Release|x64.Build.0 = Release|x64
		{752725CC-1540-3B4B-ABE6-0709EA178E6F}.MinSizeRel|x64.ActiveCfg = MinSizeRel|x64
		{752725CC-1540-3B4B-ABE6-0709EA178E6F}.MinSizeRel|x64.Build.0 = MinSizeRel|x64
		{752725CC-1540-3B4B-ABE6-0709EA178E6F}.RelWithDebInfo|x64.ActiveCfg = RelWithDebInfo|x64
		{752725CC-1540-3B4B-ABE6-0709EA178E6F}.RelWithDebInfo|x64.Build.0 = RelWithDebInfo|x64
		{9EC0FAA1-1F34-31EB-B982-208435BABFB5}.Debug|x64.ActiveCfg = Debug|x64
		{9EC0FAA1-1F34-31EB-B982-208435BABFB5}.Debug|x64.Build.0 = Debug|x64
		{9EC0FAA1-1F34-31EB-B982-208435BABFB5}.Release|x64.ActiveCfg = Release|x64
		{9EC0FAA1-1F34-31EB-B982-208435BABFB5}.Release|x64.Build.0 = Release|x64
		{9EC0FAA1-1F34-31EB-B982-208435BABFB5}.MinSizeRel|x64.ActiveCfg = MinSizeRel|x64
		{9EC0FAA1-1F34-31EB-B982-208435BABFB5}.MinSizeRel|x64.Build.0 = MinSizeRel|x64
		{9EC0FAA1-1F34-31EB-B982-208435BABFB5}.RelWithDebInfo|x64.ActiveCfg = RelWithDebInfo|x64
		{9EC0FAA1-1F34-31EB-B982-208435BABFB5}.RelWithDebInfo|x64.Build.0 = RelWithDebInfo|x64
	EndGlobalSection
	GlobalSection(NestedProjects) = preSolution
		{67490F99-08E8-3742-B282-F45F80C1FB8A} = {1D0B827C-F725-3128-A4B1-30BEE47DDA07}
		{5E51371E-EAB6-30CA-AA23-5DBD386955B8} = {1D0B827C-F725-3128-A4B1-30BEE47DDA07}
	EndGlobalSection
	GlobalSection(ExtensibilityGlobals) = postSolution
		SolutionGuid = {384862D7-35D3-3EBA-A9F2-445048F02191}
	EndGlobalSection
	GlobalSection(ExtensibilityAddIns) = postSolution
	EndGlobalSection
EndGlobal
