
Microsoft Visual Studio Solution File, Format Version 12.00
# Visual Studio Version 16
Project("{2150E333-8FDC-42A3-9474-1A3956D46DE8}") = "CMakePredefinedTargets", "CMakePredefinedTargets", "{3071D43D-F12E-3B52-BD44-56495EDDF499}"
EndProject
Project("{2150E333-8FDC-42A3-9474-1A3956D46DE8}") = "GLFW3", "GLFW3", "{C4213B66-D30D-31A2-B694-8CE236B73882}"
EndProject
Project("{2150E333-8FDC-42A3-9474-1A3956D46DE8}") = "Examples", "GLFW3\Examples", "{A690CEFA-F5FF-32CB-AC70-6987BA2F9973}"
EndProject
Project("{2150E333-8FDC-42A3-9474-1A3956D46DE8}") = "Tests", "GLFW3\Tests", "{F2642E16-6395-35C9-8272-FFE1DA7B8BAB}"
EndProject
Project("{8BC9CEB8-8B4A-11D0-8D11-00A0C91BC942}") = "ALL_BUILD", "ALL_BUILD.vcxproj", "{D2BE837B-26F4-3D63-A3B5-EBB517F84B16}"
	ProjectSection(ProjectDependencies) = postProject
		{B7F4FD12-287B-3AA8-B317-424CFCB0DC12} = {B7F4FD12-287B-3AA8-B317-424CFCB0DC12}
		{9812779E-01A0-309B-BAB5-863D0F64863D} = {9812779E-01A0-309B-BAB5-863D0F64863D}
		{D38FA5E4-DBA0-3C5D-8567-672C982214BA} = {D38FA5E4-DBA0-3C5D-8567-672C982214BA}
		{5534B1E0-B897-38DE-8318-EF5072CA9597} = {5534B1E0-B897-38DE-8318-EF5072CA9597}
		{7228FE7B-6557-3F2E-9B4C-294064BC52F6} = {7228FE7B-6557-3F2E-9B4C-294064BC52F6}
		{6B374E0F-2556-35DF-9579-52ABFD9CAA4A} = {6B374E0F-2556-35DF-9579-52ABFD9CAA4A}
		{E15ACC66-1D23-3362-9A26-6F976C966DC4} = {E15ACC66-1D23-3362-9A26-6F976C966DC4}
		{B76937B2-4499-30B1-8122-BA5D9B26D258} = {B76937B2-4499-30B1-8122-BA5D9B26D258}
		{C6B6C342-8565-383D-B042-05D25F008BAA} = {C6B6C342-8565-383D-B042-05D25F008BAA}
		{F5D674E6-DF5B-388F-9AA5-FBF49465C93C} = {F5D674E6-DF5B-388F-9AA5-FBF49465C93C}
		{0C413447-F8C0-3272-AE14-CC651FBBF34F} = {0C413447-F8C0-3272-AE14-CC651FBBF34F}
		{A4D7963B-DBEB-3AAF-8A7F-10F6AA84B027} = {A4D7963B-DBEB-3AAF-8A7F-10F6AA84B027}
		{767CDF2D-5806-3A23-975F-7F1E7FF2008E} = {767CDF2D-5806-3A23-975F-7F1E7FF2008E}
		{C3C4A567-FF12-30F0-9814-FC732420B9DA} = {C3C4A567-FF12-30F0-9814-FC732420B9DA}
		{19BB40F1-2D3D-31DA-8688-A58650DFCE09} = {19BB40F1-2D3D-31DA-8688-A58650DFCE09}
		{ECD934AF-8E28-32F6-8D86-76437EC09E4D} = {ECD934AF-8E28-32F6-8D86-76437EC09E4D}
		{C9BB4D5E-9C2C-3F72-A21B-76D22116DA14} = {C9BB4D5E-9C2C-3F72-A21B-76D22116DA14}
		{47A189E0-239C-3E93-AD37-7F82A3F0BA52} = {47A189E0-239C-3E93-AD37-7F82A3F0BA52}
		{0639244A-DF9B-3751-BAEB-453B579241ED} = {0639244A-DF9B-3751-BAEB-453B579241ED}
		{8F6E60F2-E6CF-3DCE-B891-BA8815DE407D} = {8F6E60F2-E6CF-3DCE-B891-BA8815DE407D}
		{877EF5F6-9B4B-38FF-A394-2AAC5E63F194} = {877EF5F6-9B4B-38FF-A394-2AAC5E63F194}
		{D3C56FB0-94D7-3E9C-ADAA-327BA770D511} = {D3C56FB0-94D7-3E9C-ADAA-327BA770D511}
		{FDD846A0-FB54-3521-97A3-F8174AD9C02E} = {FDD846A0-FB54-3521-97A3-F8174AD9C02E}
		{B9FB2483-0AB4-3E32-AA38-D04C4882B2D6} = {B9FB2483-0AB4-3E32-AA38-D04C4882B2D6}
		{C3C5518F-CFAA-3B5A-AD66-9209152EA562} = {C3C5518F-CFAA-3B5A-AD66-9209152EA562}
		{9CCB3783-7EC9-30E6-BFAE-7340AFBF4722} = {9CCB3783-7EC9-30E6-BFAE-7340AFBF4722}
		{A2F50EF9-B999-3548-A38A-D85D50EC119F} = {A2F50EF9-B999-3548-A38A-D85D50EC119F}
		{6631249E-928E-3253-9F63-2544EA51D89B} = {6631249E-928E-3253-9F63-2544EA51D89B}
		{4E078694-033F-3B0F-952F-6056618711E3} = {4E078694-033F-3B0F-952F-6056618711E3}
		{26D6551A-0DE5-31AA-95E8-001C84E2BDC0} = {26D6551A-0DE5-31AA-95E8-001C84E2BDC0}
		{3CCBA9B2-3798-35AA-843E-4593938FF1BC} = {3CCBA9B2-3798-35AA-843E-4593938FF1BC}
		{220C4934-0787-37E4-853A-40DA8C6C34EB} = {220C4934-0787-37E4-853A-40DA8C6C34EB}
		{CB13C892-29DA-394D-91FE-679084C857F0} = {CB13C892-29DA-394D-91FE-679084C857F0}
		{272B91C5-6EBC-3EDD-9171-9D1B09EC2CFB} = {272B91C5-6EBC-3EDD-9171-9D1B09EC2CFB}
		{F865B2B0-4FC2-31CE-B575-4EC153E96290} = {F865B2B0-4FC2-31CE-B575-4EC153E96290}
		{AE89641C-9B5C-3AE3-9D9D-319C6981FF23} = {AE89641C-9B5C-3AE3-9D9D-319C6981FF23}
	EndProjectSection
EndProject
Project("{8BC9CEB8-8B4A-11D0-8D11-00A0C91BC942}") = "EASTL", "Plugins\EASTL\EASTL.vcxproj", "{B7F4FD12-287B-3AA8-B317-424CFCB0DC12}"
	ProjectSection(ProjectDependencies) = postProject
	EndProjectSection
EndProject
Project("{8BC9CEB8-8B4A-11D0-8D11-00A0C91BC942}") = "EngineTests", "EngineTests.vcxproj", "{9812779E-01A0-309B-BAB5-863D0F64863D}"
	ProjectSection(ProjectDependencies) = postProject
		{B7F4FD12-287B-3AA8-B317-424CFCB0DC12} = {B7F4FD12-287B-3AA8-B317-424CFCB0DC12}
		{0C413447-F8C0-3272-AE14-CC651FBBF34F} = {0C413447-F8C0-3272-AE14-CC651FBBF34F}
		{A4D7963B-DBEB-3AAF-8A7F-10F6AA84B027} = {A4D7963B-DBEB-3AAF-8A7F-10F6AA84B027}
		{C3C4A567-FF12-30F0-9814-FC732420B9DA} = {C3C4A567-FF12-30F0-9814-FC732420B9DA}
		{19BB40F1-2D3D-31DA-8688-A58650DFCE09} = {19BB40F1-2D3D-31DA-8688-A58650DFCE09}
	EndProjectSection
EndProject
Project("{8BC9CEB8-8B4A-11D0-8D11-00A0C91BC942}") = "INSTALL", "INSTALL.vcxproj", "{EF1D0A2D-AE50-3977-ADE3-D6EB7E897F46}"
	ProjectSection(ProjectDependencies) = postProject
		{D2BE837B-26F4-3D63-A3B5-EBB517F84B16} = {D2BE837B-26F4-3D63-A3B5-EBB517F84B16}
	EndProjectSection
EndProject
Project("{8BC9CEB8-8B4A-11D0-8D11-00A0C91BC942}") = "SecondEngineProject", "SecondEngineProject.vcxproj", "{D38FA5E4-DBA0-3C5D-8567-672C982214BA}"
	ProjectSection(ProjectDependencies) = postProject
		{B7F4FD12-287B-3AA8-B317-424CFCB0DC12} = {B7F4FD12-287B-3AA8-B317-424CFCB0DC12}
		{0C413447-F8C0-3272-AE14-CC651FBBF34F} = {0C413447-F8C0-3272-AE14-CC651FBBF34F}
		{A4D7963B-DBEB-3AAF-8A7F-10F6AA84B027} = {A4D7963B-DBEB-3AAF-8A7F-10F6AA84B027}
	EndProjectSection
EndProject
Project("{8BC9CEB8-8B4A-11D0-8D11-00A0C91BC942}") = "boing", "Plugins\glfw-3.3.4\examples\boing.vcxproj", "{5534B1E0-B897-38DE-8318-EF5072CA9597}"
	ProjectSection(ProjectDependencies) = postProject
		{A4D7963B-DBEB-3AAF-8A7F-10F6AA84B027} = {A4D7963B-DBEB-3AAF-8A7F-10F6AA84B027}
	EndProjectSection
EndProject
Project("{8BC9CEB8-8B4A-11D0-8D11-00A0C91BC942}") = "clipboard", "Plugins\glfw-3.3.4\tests\clipboard.vcxproj", "{7228FE7B-6557-3F2E-9B4C-294064BC52F6}"
	ProjectSection(ProjectDependencies) = postProject
		{A4D7963B-DBEB-3AAF-8A7F-10F6AA84B027} = {A4D7963B-DBEB-3AAF-8A7F-10F6AA84B027}
	EndProjectSection
EndProject
Project("{8BC9CEB8-8B4A-11D0-8D11-00A0C91BC942}") = "cursor", "Plugins\glfw-3.3.4\tests\cursor.vcxproj", "{6B374E0F-2556-35DF-9579-52ABFD9CAA4A}"
	ProjectSection(ProjectDependencies) = postProject
		{A4D7963B-DBEB-3AAF-8A7F-10F6AA84B027} = {A4D7963B-DBEB-3AAF-8A7F-10F6AA84B027}
	EndProjectSection
EndProject
Project("{8BC9CEB8-8B4A-11D0-8D11-00A0C91BC942}") = "empty", "Plugins\glfw-3.3.4\tests\empty.vcxproj", "{E15ACC66-1D23-3362-9A26-6F976C966DC4}"
	ProjectSection(ProjectDependencies) = postProject
		{A4D7963B-DBEB-3AAF-8A7F-10F6AA84B027} = {A4D7963B-DBEB-3AAF-8A7F-10F6AA84B027}
	EndProjectSection
EndProject
Project("{8BC9CEB8-8B4A-11D0-8D11-00A0C91BC942}") = "events", "Plugins\glfw-3.3.4\tests\events.vcxproj", "{B76937B2-4499-30B1-8122-BA5D9B26D258}"
	ProjectSection(ProjectDependencies) = postProject
		{A4D7963B-DBEB-3AAF-8A7F-10F6AA84B027} = {A4D7963B-DBEB-3AAF-8A7F-10F6AA84B027}
	EndProjectSection
EndProject
Project("{8BC9CEB8-8B4A-11D0-8D11-00A0C91BC942}") = "gamma", "Plugins\glfw-3.3.4\tests\gamma.vcxproj", "{C6B6C342-8565-383D-B042-05D25F008BAA}"
	ProjectSection(ProjectDependencies) = postProject
		{A4D7963B-DBEB-3AAF-8A7F-10F6AA84B027} = {A4D7963B-DBEB-3AAF-8A7F-10F6AA84B027}
	EndProjectSection
EndProject
Project("{8BC9CEB8-8B4A-11D0-8D11-00A0C91BC942}") = "gears", "Plugins\glfw-3.3.4\examples\gears.vcxproj", "{F5D674E6-DF5B-388F-9AA5-FBF49465C93C}"
	ProjectSection(ProjectDependencies) = postProject
		{A4D7963B-DBEB-3AAF-8A7F-10F6AA84B027} = {A4D7963B-DBEB-3AAF-8A7F-10F6AA84B027}
	EndProjectSection
EndProject
Project("{8BC9CEB8-8B4A-11D0-8D11-00A0C91BC942}") = "glad", "Plugins\glad\glad.vcxproj", "{0C413447-F8C0-3272-AE14-CC651FBBF34F}"
	ProjectSection(ProjectDependencies) = postProject
	EndProjectSection
EndProject
Project("{8BC9CEB8-8B4A-11D0-8D11-00A0C91BC942}") = "glfw", "Plugins\glfw-3.3.4\src\glfw.vcxproj", "{A4D7963B-DBEB-3AAF-8A7F-10F6AA84B027}"
	ProjectSection(ProjectDependencies) = postProject
	EndProjectSection
EndProject
Project("{8BC9CEB8-8B4A-11D0-8D11-00A0C91BC942}") = "glfwinfo", "Plugins\glfw-3.3.4\tests\glfwinfo.vcxproj", "{767CDF2D-5806-3A23-975F-7F1E7FF2008E}"
	ProjectSection(ProjectDependencies) = postProject
		{A4D7963B-DBEB-3AAF-8A7F-10F6AA84B027} = {A4D7963B-DBEB-3AAF-8A7F-10F6AA84B027}
	EndProjectSection
EndProject
Project("{8BC9CEB8-8B4A-11D0-8D11-00A0C91BC942}") = "gtest", "Plugins\googletest-main\googletest\gtest.vcxproj", "{C3C4A567-FF12-30F0-9814-FC732420B9DA}"
	ProjectSection(ProjectDependencies) = postProject
	EndProjectSection
EndProject
Project("{8BC9CEB8-8B4A-11D0-8D11-00A0C91BC942}") = "gtest_main", "Plugins\googletest-main\googletest\gtest_main.vcxproj", "{19BB40F1-2D3D-31DA-8688-A58650DFCE09}"
	ProjectSection(ProjectDependencies) = postProject
		{C3C4A567-FF12-30F0-9814-FC732420B9DA} = {C3C4A567-FF12-30F0-9814-FC732420B9DA}
	EndProjectSection
EndProject
Project("{8BC9CEB8-8B4A-11D0-8D11-00A0C91BC942}") = "heightmap", "Plugins\glfw-3.3.4\examples\heightmap.vcxproj", "{ECD934AF-8E28-32F6-8D86-76437EC09E4D}"
	ProjectSection(ProjectDependencies) = postProject
		{A4D7963B-DBEB-3AAF-8A7F-10F6AA84B027} = {A4D7963B-DBEB-3AAF-8A7F-10F6AA84B027}
	EndProjectSection
EndProject
Project("{8BC9CEB8-8B4A-11D0-8D11-00A0C91BC942}") = "icon", "Plugins\glfw-3.3.4\tests\icon.vcxproj", "{C9BB4D5E-9C2C-3F72-A21B-76D22116DA14}"
	ProjectSection(ProjectDependencies) = postProject
		{A4D7963B-DBEB-3AAF-8A7F-10F6AA84B027} = {A4D7963B-DBEB-3AAF-8A7F-10F6AA84B027}
	EndProjectSection
EndProject
Project("{8BC9CEB8-8B4A-11D0-8D11-00A0C91BC942}") = "iconify", "Plugins\glfw-3.3.4\tests\iconify.vcxproj", "{47A189E0-239C-3E93-AD37-7F82A3F0BA52}"
	ProjectSection(ProjectDependencies) = postProject
		{A4D7963B-DBEB-3AAF-8A7F-10F6AA84B027} = {A4D7963B-DBEB-3AAF-8A7F-10F6AA84B027}
	EndProjectSection
EndProject
Project("{8BC9CEB8-8B4A-11D0-8D11-00A0C91BC942}") = "inputlag", "Plugins\glfw-3.3.4\tests\inputlag.vcxproj", "{0639244A-DF9B-3751-BAEB-453B579241ED}"
	ProjectSection(ProjectDependencies) = postProject
		{A4D7963B-DBEB-3AAF-8A7F-10F6AA84B027} = {A4D7963B-DBEB-3AAF-8A7F-10F6AA84B027}
	EndProjectSection
EndProject
Project("{8BC9CEB8-8B4A-11D0-8D11-00A0C91BC942}") = "joysticks", "Plugins\glfw-3.3.4\tests\joysticks.vcxproj", "{8F6E60F2-E6CF-3DCE-B891-BA8815DE407D}"
	ProjectSection(ProjectDependencies) = postProject
		{A4D7963B-DBEB-3AAF-8A7F-10F6AA84B027} = {A4D7963B-DBEB-3AAF-8A7F-10F6AA84B027}
	EndProjectSection
EndProject
Project("{8BC9CEB8-8B4A-11D0-8D11-00A0C91BC942}") = "monitors", "Plugins\glfw-3.3.4\tests\monitors.vcxproj", "{877EF5F6-9B4B-38FF-A394-2AAC5E63F194}"
	ProjectSection(ProjectDependencies) = postProject
		{A4D7963B-DBEB-3AAF-8A7F-10F6AA84B027} = {A4D7963B-DBEB-3AAF-8A7F-10F6AA84B027}
	EndProjectSection
EndProject
Project("{8BC9CEB8-8B4A-11D0-8D11-00A0C91BC942}") = "msaa", "Plugins\glfw-3.3.4\tests\msaa.vcxproj", "{D3C56FB0-94D7-3E9C-ADAA-327BA770D511}"
	ProjectSection(ProjectDependencies) = postProject
		{A4D7963B-DBEB-3AAF-8A7F-10F6AA84B027} = {A4D7963B-DBEB-3AAF-8A7F-10F6AA84B027}
	EndProjectSection
EndProject
Project("{8BC9CEB8-8B4A-11D0-8D11-00A0C91BC942}") = "offscreen", "Plugins\glfw-3.3.4\examples\offscreen.vcxproj", "{FDD846A0-FB54-3521-97A3-F8174AD9C02E}"
	ProjectSection(ProjectDependencies) = postProject
		{A4D7963B-DBEB-3AAF-8A7F-10F6AA84B027} = {A4D7963B-DBEB-3AAF-8A7F-10F6AA84B027}
	EndProjectSection
EndProject
Project("{8BC9CEB8-8B4A-11D0-8D11-00A0C91BC942}") = "opacity", "Plugins\glfw-3.3.4\tests\opacity.vcxproj", "{B9FB2483-0AB4-3E32-AA38-D04C4882B2D6}"
	ProjectSection(ProjectDependencies) = postProject
		{A4D7963B-DBEB-3AAF-8A7F-10F6AA84B027} = {A4D7963B-DBEB-3AAF-8A7F-10F6AA84B027}
	EndProjectSection
EndProject
Project("{8BC9CEB8-8B4A-11D0-8D11-00A0C91BC942}") = "particles", "Plugins\glfw-3.3.4\examples\particles.vcxproj", "{C3C5518F-CFAA-3B5A-AD66-9209152EA562}"
	ProjectSection(ProjectDependencies) = postProject
		{A4D7963B-DBEB-3AAF-8A7F-10F6AA84B027} = {A4D7963B-DBEB-3AAF-8A7F-10F6AA84B027}
	EndProjectSection
EndProject
Project("{8BC9CEB8-8B4A-11D0-8D11-00A0C91BC942}") = "reopen", "Plugins\glfw-3.3.4\tests\reopen.vcxproj", "{9CCB3783-7EC9-30E6-BFAE-7340AFBF4722}"
	ProjectSection(ProjectDependencies) = postProject
		{A4D7963B-DBEB-3AAF-8A7F-10F6AA84B027} = {A4D7963B-DBEB-3AAF-8A7F-10F6AA84B027}
	EndProjectSection
EndProject
Project("{8BC9CEB8-8B4A-11D0-8D11-00A0C91BC942}") = "sharing", "Plugins\glfw-3.3.4\examples\sharing.vcxproj", "{A2F50EF9-B999-3548-A38A-D85D50EC119F}"
	ProjectSection(ProjectDependencies) = postProject
		{A4D7963B-DBEB-3AAF-8A7F-10F6AA84B027} = {A4D7963B-DBEB-3AAF-8A7F-10F6AA84B027}
	EndProjectSection
EndProject
Project("{8BC9CEB8-8B4A-11D0-8D11-00A0C91BC942}") = "simple", "Plugins\glfw-3.3.4\examples\simple.vcxproj", "{6631249E-928E-3253-9F63-2544EA51D89B}"
	ProjectSection(ProjectDependencies) = postProject
		{A4D7963B-DBEB-3AAF-8A7F-10F6AA84B027} = {A4D7963B-DBEB-3AAF-8A7F-10F6AA84B027}
	EndProjectSection
EndProject
Project("{8BC9CEB8-8B4A-11D0-8D11-00A0C91BC942}") = "splitview", "Plugins\glfw-3.3.4\examples\splitview.vcxproj", "{4E078694-033F-3B0F-952F-6056618711E3}"
	ProjectSection(ProjectDependencies) = postProject
		{A4D7963B-DBEB-3AAF-8A7F-10F6AA84B027} = {A4D7963B-DBEB-3AAF-8A7F-10F6AA84B027}
	EndProjectSection
EndProject
Project("{8BC9CEB8-8B4A-11D0-8D11-00A0C91BC942}") = "tearing", "Plugins\glfw-3.3.4\tests\tearing.vcxproj", "{26D6551A-0DE5-31AA-95E8-001C84E2BDC0}"
	ProjectSection(ProjectDependencies) = postProject
		{A4D7963B-DBEB-3AAF-8A7F-10F6AA84B027} = {A4D7963B-DBEB-3AAF-8A7F-10F6AA84B027}
	EndProjectSection
EndProject
Project("{8BC9CEB8-8B4A-11D0-8D11-00A0C91BC942}") = "threads", "Plugins\glfw-3.3.4\tests\threads.vcxproj", "{3CCBA9B2-3798-35AA-843E-4593938FF1BC}"
	ProjectSection(ProjectDependencies) = postProject
		{A4D7963B-DBEB-3AAF-8A7F-10F6AA84B027} = {A4D7963B-DBEB-3AAF-8A7F-10F6AA84B027}
	EndProjectSection
EndProject
Project("{8BC9CEB8-8B4A-11D0-8D11-00A0C91BC942}") = "timeout", "Plugins\glfw-3.3.4\tests\timeout.vcxproj", "{220C4934-0787-37E4-853A-40DA8C6C34EB}"
	ProjectSection(ProjectDependencies) = postProject
		{A4D7963B-DBEB-3AAF-8A7F-10F6AA84B027} = {A4D7963B-DBEB-3AAF-8A7F-10F6AA84B027}
	EndProjectSection
EndProject
Project("{8BC9CEB8-8B4A-11D0-8D11-00A0C91BC942}") = "title", "Plugins\glfw-3.3.4\tests\title.vcxproj", "{CB13C892-29DA-394D-91FE-679084C857F0}"
	ProjectSection(ProjectDependencies) = postProject
		{A4D7963B-DBEB-3AAF-8A7F-10F6AA84B027} = {A4D7963B-DBEB-3AAF-8A7F-10F6AA84B027}
	EndProjectSection
EndProject
Project("{8BC9CEB8-8B4A-11D0-8D11-00A0C91BC942}") = "triangle-vulkan", "Plugins\glfw-3.3.4\tests\triangle-vulkan.vcxproj", "{272B91C5-6EBC-3EDD-9171-9D1B09EC2CFB}"
	ProjectSection(ProjectDependencies) = postProject
		{A4D7963B-DBEB-3AAF-8A7F-10F6AA84B027} = {A4D7963B-DBEB-3AAF-8A7F-10F6AA84B027}
	EndProjectSection
EndProject
Project("{8BC9CEB8-8B4A-11D0-8D11-00A0C91BC942}") = "uninstall", "Plugins\glfw-3.3.4\uninstall.vcxproj", "{53423005-ABA9-3423-A76E-0186232FF827}"
	ProjectSection(ProjectDependencies) = postProject
	EndProjectSection
EndProject
Project("{8BC9CEB8-8B4A-11D0-8D11-00A0C91BC942}") = "wave", "Plugins\glfw-3.3.4\examples\wave.vcxproj", "{F865B2B0-4FC2-31CE-B575-4EC153E96290}"
	ProjectSection(ProjectDependencies) = postProject
		{A4D7963B-DBEB-3AAF-8A7F-10F6AA84B027} = {A4D7963B-DBEB-3AAF-8A7F-10F6AA84B027}
	EndProjectSection
EndProject
Project("{8BC9CEB8-8B4A-11D0-8D11-00A0C91BC942}") = "windows", "Plugins\glfw-3.3.4\tests\windows.vcxproj", "{AE89641C-9B5C-3AE3-9D9D-319C6981FF23}"
	ProjectSection(ProjectDependencies) = postProject
		{A4D7963B-DBEB-3AAF-8A7F-10F6AA84B027} = {A4D7963B-DBEB-3AAF-8A7F-10F6AA84B027}
	EndProjectSection
EndProject
Global
	GlobalSection(SolutionConfigurationPlatforms) = preSolution
		Debug|x64 = Debug|x64
		Release|x64 = Release|x64
		MinSizeRel|x64 = MinSizeRel|x64
		RelWithDebInfo|x64 = RelWithDebInfo|x64
	EndGlobalSection
	GlobalSection(ProjectConfigurationPlatforms) = postSolution
		{D2BE837B-26F4-3D63-A3B5-EBB517F84B16}.Debug|x64.ActiveCfg = Debug|x64
		{D2BE837B-26F4-3D63-A3B5-EBB517F84B16}.Debug|x64.Build.0 = Debug|x64
		{D2BE837B-26F4-3D63-A3B5-EBB517F84B16}.Release|x64.ActiveCfg = Release|x64
		{D2BE837B-26F4-3D63-A3B5-EBB517F84B16}.Release|x64.Build.0 = Release|x64
		{D2BE837B-26F4-3D63-A3B5-EBB517F84B16}.MinSizeRel|x64.ActiveCfg = MinSizeRel|x64
		{D2BE837B-26F4-3D63-A3B5-EBB517F84B16}.MinSizeRel|x64.Build.0 = MinSizeRel|x64
		{D2BE837B-26F4-3D63-A3B5-EBB517F84B16}.RelWithDebInfo|x64.ActiveCfg = RelWithDebInfo|x64
		{D2BE837B-26F4-3D63-A3B5-EBB517F84B16}.RelWithDebInfo|x64.Build.0 = RelWithDebInfo|x64
		{B7F4FD12-287B-3AA8-B317-424CFCB0DC12}.Debug|x64.ActiveCfg = Debug|x64
		{B7F4FD12-287B-3AA8-B317-424CFCB0DC12}.Debug|x64.Build.0 = Debug|x64
		{B7F4FD12-287B-3AA8-B317-424CFCB0DC12}.Release|x64.ActiveCfg = Release|x64
		{B7F4FD12-287B-3AA8-B317-424CFCB0DC12}.Release|x64.Build.0 = Release|x64
		{B7F4FD12-287B-3AA8-B317-424CFCB0DC12}.MinSizeRel|x64.ActiveCfg = MinSizeRel|x64
		{B7F4FD12-287B-3AA8-B317-424CFCB0DC12}.MinSizeRel|x64.Build.0 = MinSizeRel|x64
		{B7F4FD12-287B-3AA8-B317-424CFCB0DC12}.RelWithDebInfo|x64.ActiveCfg = RelWithDebInfo|x64
		{B7F4FD12-287B-3AA8-B317-424CFCB0DC12}.RelWithDebInfo|x64.Build.0 = RelWithDebInfo|x64
		{9812779E-01A0-309B-BAB5-863D0F64863D}.Debug|x64.ActiveCfg = Debug|x64
		{9812779E-01A0-309B-BAB5-863D0F64863D}.Debug|x64.Build.0 = Debug|x64
		{9812779E-01A0-309B-BAB5-863D0F64863D}.Release|x64.ActiveCfg = Release|x64
		{9812779E-01A0-309B-BAB5-863D0F64863D}.Release|x64.Build.0 = Release|x64
		{9812779E-01A0-309B-BAB5-863D0F64863D}.MinSizeRel|x64.ActiveCfg = MinSizeRel|x64
		{9812779E-01A0-309B-BAB5-863D0F64863D}.MinSizeRel|x64.Build.0 = MinSizeRel|x64
		{9812779E-01A0-309B-BAB5-863D0F64863D}.RelWithDebInfo|x64.ActiveCfg = RelWithDebInfo|x64
		{9812779E-01A0-309B-BAB5-863D0F64863D}.RelWithDebInfo|x64.Build.0 = RelWithDebInfo|x64
		{EF1D0A2D-AE50-3977-ADE3-D6EB7E897F46}.Debug|x64.ActiveCfg = Debug|x64
		{EF1D0A2D-AE50-3977-ADE3-D6EB7E897F46}.Release|x64.ActiveCfg = Release|x64
		{EF1D0A2D-AE50-3977-ADE3-D6EB7E897F46}.MinSizeRel|x64.ActiveCfg = MinSizeRel|x64
		{EF1D0A2D-AE50-3977-ADE3-D6EB7E897F46}.RelWithDebInfo|x64.ActiveCfg = RelWithDebInfo|x64
		{D38FA5E4-DBA0-3C5D-8567-672C982214BA}.Debug|x64.ActiveCfg = Debug|x64
		{D38FA5E4-DBA0-3C5D-8567-672C982214BA}.Debug|x64.Build.0 = Debug|x64
		{D38FA5E4-DBA0-3C5D-8567-672C982214BA}.Release|x64.ActiveCfg = Release|x64
		{D38FA5E4-DBA0-3C5D-8567-672C982214BA}.Release|x64.Build.0 = Release|x64
		{D38FA5E4-DBA0-3C5D-8567-672C982214BA}.MinSizeRel|x64.ActiveCfg = MinSizeRel|x64
		{D38FA5E4-DBA0-3C5D-8567-672C982214BA}.MinSizeRel|x64.Build.0 = MinSizeRel|x64
		{D38FA5E4-DBA0-3C5D-8567-672C982214BA}.RelWithDebInfo|x64.ActiveCfg = RelWithDebInfo|x64
		{D38FA5E4-DBA0-3C5D-8567-672C982214BA}.RelWithDebInfo|x64.Build.0 = RelWithDebInfo|x64
		{5534B1E0-B897-38DE-8318-EF5072CA9597}.Debug|x64.ActiveCfg = Debug|x64
		{5534B1E0-B897-38DE-8318-EF5072CA9597}.Debug|x64.Build.0 = Debug|x64
		{5534B1E0-B897-38DE-8318-EF5072CA9597}.Release|x64.ActiveCfg = Release|x64
		{5534B1E0-B897-38DE-8318-EF5072CA9597}.Release|x64.Build.0 = Release|x64
		{5534B1E0-B897-38DE-8318-EF5072CA9597}.MinSizeRel|x64.ActiveCfg = MinSizeRel|x64
		{5534B1E0-B897-38DE-8318-EF5072CA9597}.MinSizeRel|x64.Build.0 = MinSizeRel|x64
		{5534B1E0-B897-38DE-8318-EF5072CA9597}.RelWithDebInfo|x64.ActiveCfg = RelWithDebInfo|x64
		{5534B1E0-B897-38DE-8318-EF5072CA9597}.RelWithDebInfo|x64.Build.0 = RelWithDebInfo|x64
		{7228FE7B-6557-3F2E-9B4C-294064BC52F6}.Debug|x64.ActiveCfg = Debug|x64
		{7228FE7B-6557-3F2E-9B4C-294064BC52F6}.Debug|x64.Build.0 = Debug|x64
		{7228FE7B-6557-3F2E-9B4C-294064BC52F6}.Release|x64.ActiveCfg = Release|x64
		{7228FE7B-6557-3F2E-9B4C-294064BC52F6}.Release|x64.Build.0 = Release|x64
		{7228FE7B-6557-3F2E-9B4C-294064BC52F6}.MinSizeRel|x64.ActiveCfg = MinSizeRel|x64
		{7228FE7B-6557-3F2E-9B4C-294064BC52F6}.MinSizeRel|x64.Build.0 = MinSizeRel|x64
		{7228FE7B-6557-3F2E-9B4C-294064BC52F6}.RelWithDebInfo|x64.ActiveCfg = RelWithDebInfo|x64
		{7228FE7B-6557-3F2E-9B4C-294064BC52F6}.RelWithDebInfo|x64.Build.0 = RelWithDebInfo|x64
		{6B374E0F-2556-35DF-9579-52ABFD9CAA4A}.Debug|x64.ActiveCfg = Debug|x64
		{6B374E0F-2556-35DF-9579-52ABFD9CAA4A}.Debug|x64.Build.0 = Debug|x64
		{6B374E0F-2556-35DF-9579-52ABFD9CAA4A}.Release|x64.ActiveCfg = Release|x64
		{6B374E0F-2556-35DF-9579-52ABFD9CAA4A}.Release|x64.Build.0 = Release|x64
		{6B374E0F-2556-35DF-9579-52ABFD9CAA4A}.MinSizeRel|x64.ActiveCfg = MinSizeRel|x64
		{6B374E0F-2556-35DF-9579-52ABFD9CAA4A}.MinSizeRel|x64.Build.0 = MinSizeRel|x64
		{6B374E0F-2556-35DF-9579-52ABFD9CAA4A}.RelWithDebInfo|x64.ActiveCfg = RelWithDebInfo|x64
		{6B374E0F-2556-35DF-9579-52ABFD9CAA4A}.RelWithDebInfo|x64.Build.0 = RelWithDebInfo|x64
		{E15ACC66-1D23-3362-9A26-6F976C966DC4}.Debug|x64.ActiveCfg = Debug|x64
		{E15ACC66-1D23-3362-9A26-6F976C966DC4}.Debug|x64.Build.0 = Debug|x64
		{E15ACC66-1D23-3362-9A26-6F976C966DC4}.Release|x64.ActiveCfg = Release|x64
		{E15ACC66-1D23-3362-9A26-6F976C966DC4}.Release|x64.Build.0 = Release|x64
		{E15ACC66-1D23-3362-9A26-6F976C966DC4}.MinSizeRel|x64.ActiveCfg = MinSizeRel|x64
		{E15ACC66-1D23-3362-9A26-6F976C966DC4}.MinSizeRel|x64.Build.0 = MinSizeRel|x64
		{E15ACC66-1D23-3362-9A26-6F976C966DC4}.RelWithDebInfo|x64.ActiveCfg = RelWithDebInfo|x64
		{E15ACC66-1D23-3362-9A26-6F976C966DC4}.RelWithDebInfo|x64.Build.0 = RelWithDebInfo|x64
		{B76937B2-4499-30B1-8122-BA5D9B26D258}.Debug|x64.ActiveCfg = Debug|x64
		{B76937B2-4499-30B1-8122-BA5D9B26D258}.Debug|x64.Build.0 = Debug|x64
		{B76937B2-4499-30B1-8122-BA5D9B26D258}.Release|x64.ActiveCfg = Release|x64
		{B76937B2-4499-30B1-8122-BA5D9B26D258}.Release|x64.Build.0 = Release|x64
		{B76937B2-4499-30B1-8122-BA5D9B26D258}.MinSizeRel|x64.ActiveCfg = MinSizeRel|x64
		{B76937B2-4499-30B1-8122-BA5D9B26D258}.MinSizeRel|x64.Build.0 = MinSizeRel|x64
		{B76937B2-4499-30B1-8122-BA5D9B26D258}.RelWithDebInfo|x64.ActiveCfg = RelWithDebInfo|x64
		{B76937B2-4499-30B1-8122-BA5D9B26D258}.RelWithDebInfo|x64.Build.0 = RelWithDebInfo|x64
		{C6B6C342-8565-383D-B042-05D25F008BAA}.Debug|x64.ActiveCfg = Debug|x64
		{C6B6C342-8565-383D-B042-05D25F008BAA}.Debug|x64.Build.0 = Debug|x64
		{C6B6C342-8565-383D-B042-05D25F008BAA}.Release|x64.ActiveCfg = Release|x64
		{C6B6C342-8565-383D-B042-05D25F008BAA}.Release|x64.Build.0 = Release|x64
		{C6B6C342-8565-383D-B042-05D25F008BAA}.MinSizeRel|x64.ActiveCfg = MinSizeRel|x64
		{C6B6C342-8565-383D-B042-05D25F008BAA}.MinSizeRel|x64.Build.0 = MinSizeRel|x64
		{C6B6C342-8565-383D-B042-05D25F008BAA}.RelWithDebInfo|x64.ActiveCfg = RelWithDebInfo|x64
		{C6B6C342-8565-383D-B042-05D25F008BAA}.RelWithDebInfo|x64.Build.0 = RelWithDebInfo|x64
		{F5D674E6-DF5B-388F-9AA5-FBF49465C93C}.Debug|x64.ActiveCfg = Debug|x64
		{F5D674E6-DF5B-388F-9AA5-FBF49465C93C}.Debug|x64.Build.0 = Debug|x64
		{F5D674E6-DF5B-388F-9AA5-FBF49465C93C}.Release|x64.ActiveCfg = Release|x64
		{F5D674E6-DF5B-388F-9AA5-FBF49465C93C}.Release|x64.Build.0 = Release|x64
		{F5D674E6-DF5B-388F-9AA5-FBF49465C93C}.MinSizeRel|x64.ActiveCfg = MinSizeRel|x64
		{F5D674E6-DF5B-388F-9AA5-FBF49465C93C}.MinSizeRel|x64.Build.0 = MinSizeRel|x64
		{F5D674E6-DF5B-388F-9AA5-FBF49465C93C}.RelWithDebInfo|x64.ActiveCfg = RelWithDebInfo|x64
		{F5D674E6-DF5B-388F-9AA5-FBF49465C93C}.RelWithDebInfo|x64.Build.0 = RelWithDebInfo|x64
		{0C413447-F8C0-3272-AE14-CC651FBBF34F}.Debug|x64.ActiveCfg = Debug|x64
		{0C413447-F8C0-3272-AE14-CC651FBBF34F}.Debug|x64.Build.0 = Debug|x64
		{0C413447-F8C0-3272-AE14-CC651FBBF34F}.Release|x64.ActiveCfg = Release|x64
		{0C413447-F8C0-3272-AE14-CC651FBBF34F}.Release|x64.Build.0 = Release|x64
		{0C413447-F8C0-3272-AE14-CC651FBBF34F}.MinSizeRel|x64.ActiveCfg = MinSizeRel|x64
		{0C413447-F8C0-3272-AE14-CC651FBBF34F}.MinSizeRel|x64.Build.0 = MinSizeRel|x64
		{0C413447-F8C0-3272-AE14-CC651FBBF34F}.RelWithDebInfo|x64.ActiveCfg = RelWithDebInfo|x64
		{0C413447-F8C0-3272-AE14-CC651FBBF34F}.RelWithDebInfo|x64.Build.0 = RelWithDebInfo|x64
		{A4D7963B-DBEB-3AAF-8A7F-10F6AA84B027}.Debug|x64.ActiveCfg = Debug|x64
		{A4D7963B-DBEB-3AAF-8A7F-10F6AA84B027}.Debug|x64.Build.0 = Debug|x64
		{A4D7963B-DBEB-3AAF-8A7F-10F6AA84B027}.Release|x64.ActiveCfg = Release|x64
		{A4D7963B-DBEB-3AAF-8A7F-10F6AA84B027}.Release|x64.Build.0 = Release|x64
		{A4D7963B-DBEB-3AAF-8A7F-10F6AA84B027}.MinSizeRel|x64.ActiveCfg = MinSizeRel|x64
		{A4D7963B-DBEB-3AAF-8A7F-10F6AA84B027}.MinSizeRel|x64.Build.0 = MinSizeRel|x64
		{A4D7963B-DBEB-3AAF-8A7F-10F6AA84B027}.RelWithDebInfo|x64.ActiveCfg = RelWithDebInfo|x64
		{A4D7963B-DBEB-3AAF-8A7F-10F6AA84B027}.RelWithDebInfo|x64.Build.0 = RelWithDebInfo|x64
		{767CDF2D-5806-3A23-975F-7F1E7FF2008E}.Debug|x64.ActiveCfg = Debug|x64
		{767CDF2D-5806-3A23-975F-7F1E7FF2008E}.Debug|x64.Build.0 = Debug|x64
		{767CDF2D-5806-3A23-975F-7F1E7FF2008E}.Release|x64.ActiveCfg = Release|x64
		{767CDF2D-5806-3A23-975F-7F1E7FF2008E}.Release|x64.Build.0 = Release|x64
		{767CDF2D-5806-3A23-975F-7F1E7FF2008E}.MinSizeRel|x64.ActiveCfg = MinSizeRel|x64
		{767CDF2D-5806-3A23-975F-7F1E7FF2008E}.MinSizeRel|x64.Build.0 = MinSizeRel|x64
		{767CDF2D-5806-3A23-975F-7F1E7FF2008E}.RelWithDebInfo|x64.ActiveCfg = RelWithDebInfo|x64
		{767CDF2D-5806-3A23-975F-7F1E7FF2008E}.RelWithDebInfo|x64.Build.0 = RelWithDebInfo|x64
		{C3C4A567-FF12-30F0-9814-FC732420B9DA}.Debug|x64.ActiveCfg = Debug|x64
		{C3C4A567-FF12-30F0-9814-FC732420B9DA}.Debug|x64.Build.0 = Debug|x64
		{C3C4A567-FF12-30F0-9814-FC732420B9DA}.Release|x64.ActiveCfg = Release|x64
		{C3C4A567-FF12-30F0-9814-FC732420B9DA}.Release|x64.Build.0 = Release|x64
		{C3C4A567-FF12-30F0-9814-FC732420B9DA}.MinSizeRel|x64.ActiveCfg = MinSizeRel|x64
		{C3C4A567-FF12-30F0-9814-FC732420B9DA}.MinSizeRel|x64.Build.0 = MinSizeRel|x64
		{C3C4A567-FF12-30F0-9814-FC732420B9DA}.RelWithDebInfo|x64.ActiveCfg = RelWithDebInfo|x64
		{C3C4A567-FF12-30F0-9814-FC732420B9DA}.RelWithDebInfo|x64.Build.0 = RelWithDebInfo|x64
		{19BB40F1-2D3D-31DA-8688-A58650DFCE09}.Debug|x64.ActiveCfg = Debug|x64
		{19BB40F1-2D3D-31DA-8688-A58650DFCE09}.Debug|x64.Build.0 = Debug|x64
		{19BB40F1-2D3D-31DA-8688-A58650DFCE09}.Release|x64.ActiveCfg = Release|x64
		{19BB40F1-2D3D-31DA-8688-A58650DFCE09}.Release|x64.Build.0 = Release|x64
		{19BB40F1-2D3D-31DA-8688-A58650DFCE09}.MinSizeRel|x64.ActiveCfg = MinSizeRel|x64
		{19BB40F1-2D3D-31DA-8688-A58650DFCE09}.MinSizeRel|x64.Build.0 = MinSizeRel|x64
		{19BB40F1-2D3D-31DA-8688-A58650DFCE09}.RelWithDebInfo|x64.ActiveCfg = RelWithDebInfo|x64
		{19BB40F1-2D3D-31DA-8688-A58650DFCE09}.RelWithDebInfo|x64.Build.0 = RelWithDebInfo|x64
		{ECD934AF-8E28-32F6-8D86-76437EC09E4D}.Debug|x64.ActiveCfg = Debug|x64
		{ECD934AF-8E28-32F6-8D86-76437EC09E4D}.Debug|x64.Build.0 = Debug|x64
		{ECD934AF-8E28-32F6-8D86-76437EC09E4D}.Release|x64.ActiveCfg = Release|x64
		{ECD934AF-8E28-32F6-8D86-76437EC09E4D}.Release|x64.Build.0 = Release|x64
		{ECD934AF-8E28-32F6-8D86-76437EC09E4D}.MinSizeRel|x64.ActiveCfg = MinSizeRel|x64
		{ECD934AF-8E28-32F6-8D86-76437EC09E4D}.MinSizeRel|x64.Build.0 = MinSizeRel|x64
		{ECD934AF-8E28-32F6-8D86-76437EC09E4D}.RelWithDebInfo|x64.ActiveCfg = RelWithDebInfo|x64
		{ECD934AF-8E28-32F6-8D86-76437EC09E4D}.RelWithDebInfo|x64.Build.0 = RelWithDebInfo|x64
		{C9BB4D5E-9C2C-3F72-A21B-76D22116DA14}.Debug|x64.ActiveCfg = Debug|x64
		{C9BB4D5E-9C2C-3F72-A21B-76D22116DA14}.Debug|x64.Build.0 = Debug|x64
		{C9BB4D5E-9C2C-3F72-A21B-76D22116DA14}.Release|x64.ActiveCfg = Release|x64
		{C9BB4D5E-9C2C-3F72-A21B-76D22116DA14}.Release|x64.Build.0 = Release|x64
		{C9BB4D5E-9C2C-3F72-A21B-76D22116DA14}.MinSizeRel|x64.ActiveCfg = MinSizeRel|x64
		{C9BB4D5E-9C2C-3F72-A21B-76D22116DA14}.MinSizeRel|x64.Build.0 = MinSizeRel|x64
		{C9BB4D5E-9C2C-3F72-A21B-76D22116DA14}.RelWithDebInfo|x64.ActiveCfg = RelWithDebInfo|x64
		{C9BB4D5E-9C2C-3F72-A21B-76D22116DA14}.RelWithDebInfo|x64.Build.0 = RelWithDebInfo|x64
		{47A189E0-239C-3E93-AD37-7F82A3F0BA52}.Debug|x64.ActiveCfg = Debug|x64
		{47A189E0-239C-3E93-AD37-7F82A3F0BA52}.Debug|x64.Build.0 = Debug|x64
		{47A189E0-239C-3E93-AD37-7F82A3F0BA52}.Release|x64.ActiveCfg = Release|x64
		{47A189E0-239C-3E93-AD37-7F82A3F0BA52}.Release|x64.Build.0 = Release|x64
		{47A189E0-239C-3E93-AD37-7F82A3F0BA52}.MinSizeRel|x64.ActiveCfg = MinSizeRel|x64
		{47A189E0-239C-3E93-AD37-7F82A3F0BA52}.MinSizeRel|x64.Build.0 = MinSizeRel|x64
		{47A189E0-239C-3E93-AD37-7F82A3F0BA52}.RelWithDebInfo|x64.ActiveCfg = RelWithDebInfo|x64
		{47A189E0-239C-3E93-AD37-7F82A3F0BA52}.RelWithDebInfo|x64.Build.0 = RelWithDebInfo|x64
		{0639244A-DF9B-3751-BAEB-453B579241ED}.Debug|x64.ActiveCfg = Debug|x64
		{0639244A-DF9B-3751-BAEB-453B579241ED}.Debug|x64.Build.0 = Debug|x64
		{0639244A-DF9B-3751-BAEB-453B579241ED}.Release|x64.ActiveCfg = Release|x64
		{0639244A-DF9B-3751-BAEB-453B579241ED}.Release|x64.Build.0 = Release|x64
		{0639244A-DF9B-3751-BAEB-453B579241ED}.MinSizeRel|x64.ActiveCfg = MinSizeRel|x64
		{0639244A-DF9B-3751-BAEB-453B579241ED}.MinSizeRel|x64.Build.0 = MinSizeRel|x64
		{0639244A-DF9B-3751-BAEB-453B579241ED}.RelWithDebInfo|x64.ActiveCfg = RelWithDebInfo|x64
		{0639244A-DF9B-3751-BAEB-453B579241ED}.RelWithDebInfo|x64.Build.0 = RelWithDebInfo|x64
		{8F6E60F2-E6CF-3DCE-B891-BA8815DE407D}.Debug|x64.ActiveCfg = Debug|x64
		{8F6E60F2-E6CF-3DCE-B891-BA8815DE407D}.Debug|x64.Build.0 = Debug|x64
		{8F6E60F2-E6CF-3DCE-B891-BA8815DE407D}.Release|x64.ActiveCfg = Release|x64
		{8F6E60F2-E6CF-3DCE-B891-BA8815DE407D}.Release|x64.Build.0 = Release|x64
		{8F6E60F2-E6CF-3DCE-B891-BA8815DE407D}.MinSizeRel|x64.ActiveCfg = MinSizeRel|x64
		{8F6E60F2-E6CF-3DCE-B891-BA8815DE407D}.MinSizeRel|x64.Build.0 = MinSizeRel|x64
		{8F6E60F2-E6CF-3DCE-B891-BA8815DE407D}.RelWithDebInfo|x64.ActiveCfg = RelWithDebInfo|x64
		{8F6E60F2-E6CF-3DCE-B891-BA8815DE407D}.RelWithDebInfo|x64.Build.0 = RelWithDebInfo|x64
		{877EF5F6-9B4B-38FF-A394-2AAC5E63F194}.Debug|x64.ActiveCfg = Debug|x64
		{877EF5F6-9B4B-38FF-A394-2AAC5E63F194}.Debug|x64.Build.0 = Debug|x64
		{877EF5F6-9B4B-38FF-A394-2AAC5E63F194}.Release|x64.ActiveCfg = Release|x64
		{877EF5F6-9B4B-38FF-A394-2AAC5E63F194}.Release|x64.Build.0 = Release|x64
		{877EF5F6-9B4B-38FF-A394-2AAC5E63F194}.MinSizeRel|x64.ActiveCfg = MinSizeRel|x64
		{877EF5F6-9B4B-38FF-A394-2AAC5E63F194}.MinSizeRel|x64.Build.0 = MinSizeRel|x64
		{877EF5F6-9B4B-38FF-A394-2AAC5E63F194}.RelWithDebInfo|x64.ActiveCfg = RelWithDebInfo|x64
		{877EF5F6-9B4B-38FF-A394-2AAC5E63F194}.RelWithDebInfo|x64.Build.0 = RelWithDebInfo|x64
		{D3C56FB0-94D7-3E9C-ADAA-327BA770D511}.Debug|x64.ActiveCfg = Debug|x64
		{D3C56FB0-94D7-3E9C-ADAA-327BA770D511}.Debug|x64.Build.0 = Debug|x64
		{D3C56FB0-94D7-3E9C-ADAA-327BA770D511}.Release|x64.ActiveCfg = Release|x64
		{D3C56FB0-94D7-3E9C-ADAA-327BA770D511}.Release|x64.Build.0 = Release|x64
		{D3C56FB0-94D7-3E9C-ADAA-327BA770D511}.MinSizeRel|x64.ActiveCfg = MinSizeRel|x64
		{D3C56FB0-94D7-3E9C-ADAA-327BA770D511}.MinSizeRel|x64.Build.0 = MinSizeRel|x64
		{D3C56FB0-94D7-3E9C-ADAA-327BA770D511}.RelWithDebInfo|x64.ActiveCfg = RelWithDebInfo|x64
		{D3C56FB0-94D7-3E9C-ADAA-327BA770D511}.RelWithDebInfo|x64.Build.0 = RelWithDebInfo|x64
		{FDD846A0-FB54-3521-97A3-F8174AD9C02E}.Debug|x64.ActiveCfg = Debug|x64
		{FDD846A0-FB54-3521-97A3-F8174AD9C02E}.Debug|x64.Build.0 = Debug|x64
		{FDD846A0-FB54-3521-97A3-F8174AD9C02E}.Release|x64.ActiveCfg = Release|x64
		{FDD846A0-FB54-3521-97A3-F8174AD9C02E}.Release|x64.Build.0 = Release|x64
		{FDD846A0-FB54-3521-97A3-F8174AD9C02E}.MinSizeRel|x64.ActiveCfg = MinSizeRel|x64
		{FDD846A0-FB54-3521-97A3-F8174AD9C02E}.MinSizeRel|x64.Build.0 = MinSizeRel|x64
		{FDD846A0-FB54-3521-97A3-F8174AD9C02E}.RelWithDebInfo|x64.ActiveCfg = RelWithDebInfo|x64
		{FDD846A0-FB54-3521-97A3-F8174AD9C02E}.RelWithDebInfo|x64.Build.0 = RelWithDebInfo|x64
		{B9FB2483-0AB4-3E32-AA38-D04C4882B2D6}.Debug|x64.ActiveCfg = Debug|x64
		{B9FB2483-0AB4-3E32-AA38-D04C4882B2D6}.Debug|x64.Build.0 = Debug|x64
		{B9FB2483-0AB4-3E32-AA38-D04C4882B2D6}.Release|x64.ActiveCfg = Release|x64
		{B9FB2483-0AB4-3E32-AA38-D04C4882B2D6}.Release|x64.Build.0 = Release|x64
		{B9FB2483-0AB4-3E32-AA38-D04C4882B2D6}.MinSizeRel|x64.ActiveCfg = MinSizeRel|x64
		{B9FB2483-0AB4-3E32-AA38-D04C4882B2D6}.MinSizeRel|x64.Build.0 = MinSizeRel|x64
		{B9FB2483-0AB4-3E32-AA38-D04C4882B2D6}.RelWithDebInfo|x64.ActiveCfg = RelWithDebInfo|x64
		{B9FB2483-0AB4-3E32-AA38-D04C4882B2D6}.RelWithDebInfo|x64.Build.0 = RelWithDebInfo|x64
		{C3C5518F-CFAA-3B5A-AD66-9209152EA562}.Debug|x64.ActiveCfg = Debug|x64
		{C3C5518F-CFAA-3B5A-AD66-9209152EA562}.Debug|x64.Build.0 = Debug|x64
		{C3C5518F-CFAA-3B5A-AD66-9209152EA562}.Release|x64.ActiveCfg = Release|x64
		{C3C5518F-CFAA-3B5A-AD66-9209152EA562}.Release|x64.Build.0 = Release|x64
		{C3C5518F-CFAA-3B5A-AD66-9209152EA562}.MinSizeRel|x64.ActiveCfg = MinSizeRel|x64
		{C3C5518F-CFAA-3B5A-AD66-9209152EA562}.MinSizeRel|x64.Build.0 = MinSizeRel|x64
		{C3C5518F-CFAA-3B5A-AD66-9209152EA562}.RelWithDebInfo|x64.ActiveCfg = RelWithDebInfo|x64
		{C3C5518F-CFAA-3B5A-AD66-9209152EA562}.RelWithDebInfo|x64.Build.0 = RelWithDebInfo|x64
		{9CCB3783-7EC9-30E6-BFAE-7340AFBF4722}.Debug|x64.ActiveCfg = Debug|x64
		{9CCB3783-7EC9-30E6-BFAE-7340AFBF4722}.Debug|x64.Build.0 = Debug|x64
		{9CCB3783-7EC9-30E6-BFAE-7340AFBF4722}.Release|x64.ActiveCfg = Release|x64
		{9CCB3783-7EC9-30E6-BFAE-7340AFBF4722}.Release|x64.Build.0 = Release|x64
		{9CCB3783-7EC9-30E6-BFAE-7340AFBF4722}.MinSizeRel|x64.ActiveCfg = MinSizeRel|x64
		{9CCB3783-7EC9-30E6-BFAE-7340AFBF4722}.MinSizeRel|x64.Build.0 = MinSizeRel|x64
		{9CCB3783-7EC9-30E6-BFAE-7340AFBF4722}.RelWithDebInfo|x64.ActiveCfg = RelWithDebInfo|x64
		{9CCB3783-7EC9-30E6-BFAE-7340AFBF4722}.RelWithDebInfo|x64.Build.0 = RelWithDebInfo|x64
		{A2F50EF9-B999-3548-A38A-D85D50EC119F}.Debug|x64.ActiveCfg = Debug|x64
		{A2F50EF9-B999-3548-A38A-D85D50EC119F}.Debug|x64.Build.0 = Debug|x64
		{A2F50EF9-B999-3548-A38A-D85D50EC119F}.Release|x64.ActiveCfg = Release|x64
		{A2F50EF9-B999-3548-A38A-D85D50EC119F}.Release|x64.Build.0 = Release|x64
		{A2F50EF9-B999-3548-A38A-D85D50EC119F}.MinSizeRel|x64.ActiveCfg = MinSizeRel|x64
		{A2F50EF9-B999-3548-A38A-D85D50EC119F}.MinSizeRel|x64.Build.0 = MinSizeRel|x64
		{A2F50EF9-B999-3548-A38A-D85D50EC119F}.RelWithDebInfo|x64.ActiveCfg = RelWithDebInfo|x64
		{A2F50EF9-B999-3548-A38A-D85D50EC119F}.RelWithDebInfo|x64.Build.0 = RelWithDebInfo|x64
		{6631249E-928E-3253-9F63-2544EA51D89B}.Debug|x64.ActiveCfg = Debug|x64
		{6631249E-928E-3253-9F63-2544EA51D89B}.Debug|x64.Build.0 = Debug|x64
		{6631249E-928E-3253-9F63-2544EA51D89B}.Release|x64.ActiveCfg = Release|x64
		{6631249E-928E-3253-9F63-2544EA51D89B}.Release|x64.Build.0 = Release|x64
		{6631249E-928E-3253-9F63-2544EA51D89B}.MinSizeRel|x64.ActiveCfg = MinSizeRel|x64
		{6631249E-928E-3253-9F63-2544EA51D89B}.MinSizeRel|x64.Build.0 = MinSizeRel|x64
		{6631249E-928E-3253-9F63-2544EA51D89B}.RelWithDebInfo|x64.ActiveCfg = RelWithDebInfo|x64
		{6631249E-928E-3253-9F63-2544EA51D89B}.RelWithDebInfo|x64.Build.0 = RelWithDebInfo|x64
		{4E078694-033F-3B0F-952F-6056618711E3}.Debug|x64.ActiveCfg = Debug|x64
		{4E078694-033F-3B0F-952F-6056618711E3}.Debug|x64.Build.0 = Debug|x64
		{4E078694-033F-3B0F-952F-6056618711E3}.Release|x64.ActiveCfg = Release|x64
		{4E078694-033F-3B0F-952F-6056618711E3}.Release|x64.Build.0 = Release|x64
		{4E078694-033F-3B0F-952F-6056618711E3}.MinSizeRel|x64.ActiveCfg = MinSizeRel|x64
		{4E078694-033F-3B0F-952F-6056618711E3}.MinSizeRel|x64.Build.0 = MinSizeRel|x64
		{4E078694-033F-3B0F-952F-6056618711E3}.RelWithDebInfo|x64.ActiveCfg = RelWithDebInfo|x64
		{4E078694-033F-3B0F-952F-6056618711E3}.RelWithDebInfo|x64.Build.0 = RelWithDebInfo|x64
		{26D6551A-0DE5-31AA-95E8-001C84E2BDC0}.Debug|x64.ActiveCfg = Debug|x64
		{26D6551A-0DE5-31AA-95E8-001C84E2BDC0}.Debug|x64.Build.0 = Debug|x64
		{26D6551A-0DE5-31AA-95E8-001C84E2BDC0}.Release|x64.ActiveCfg = Release|x64
		{26D6551A-0DE5-31AA-95E8-001C84E2BDC0}.Release|x64.Build.0 = Release|x64
		{26D6551A-0DE5-31AA-95E8-001C84E2BDC0}.MinSizeRel|x64.ActiveCfg = MinSizeRel|x64
		{26D6551A-0DE5-31AA-95E8-001C84E2BDC0}.MinSizeRel|x64.Build.0 = MinSizeRel|x64
		{26D6551A-0DE5-31AA-95E8-001C84E2BDC0}.RelWithDebInfo|x64.ActiveCfg = RelWithDebInfo|x64
		{26D6551A-0DE5-31AA-95E8-001C84E2BDC0}.RelWithDebInfo|x64.Build.0 = RelWithDebInfo|x64
		{3CCBA9B2-3798-35AA-843E-4593938FF1BC}.Debug|x64.ActiveCfg = Debug|x64
		{3CCBA9B2-3798-35AA-843E-4593938FF1BC}.Debug|x64.Build.0 = Debug|x64
		{3CCBA9B2-3798-35AA-843E-4593938FF1BC}.Release|x64.ActiveCfg = Release|x64
		{3CCBA9B2-3798-35AA-843E-4593938FF1BC}.Release|x64.Build.0 = Release|x64
		{3CCBA9B2-3798-35AA-843E-4593938FF1BC}.MinSizeRel|x64.ActiveCfg = MinSizeRel|x64
		{3CCBA9B2-3798-35AA-843E-4593938FF1BC}.MinSizeRel|x64.Build.0 = MinSizeRel|x64
		{3CCBA9B2-3798-35AA-843E-4593938FF1BC}.RelWithDebInfo|x64.ActiveCfg = RelWithDebInfo|x64
		{3CCBA9B2-3798-35AA-843E-4593938FF1BC}.RelWithDebInfo|x64.Build.0 = RelWithDebInfo|x64
		{220C4934-0787-37E4-853A-40DA8C6C34EB}.Debug|x64.ActiveCfg = Debug|x64
		{220C4934-0787-37E4-853A-40DA8C6C34EB}.Debug|x64.Build.0 = Debug|x64
		{220C4934-0787-37E4-853A-40DA8C6C34EB}.Release|x64.ActiveCfg = Release|x64
		{220C4934-0787-37E4-853A-40DA8C6C34EB}.Release|x64.Build.0 = Release|x64
		{220C4934-0787-37E4-853A-40DA8C6C34EB}.MinSizeRel|x64.ActiveCfg = MinSizeRel|x64
		{220C4934-0787-37E4-853A-40DA8C6C34EB}.MinSizeRel|x64.Build.0 = MinSizeRel|x64
		{220C4934-0787-37E4-853A-40DA8C6C34EB}.RelWithDebInfo|x64.ActiveCfg = RelWithDebInfo|x64
		{220C4934-0787-37E4-853A-40DA8C6C34EB}.RelWithDebInfo|x64.Build.0 = RelWithDebInfo|x64
		{CB13C892-29DA-394D-91FE-679084C857F0}.Debug|x64.ActiveCfg = Debug|x64
		{CB13C892-29DA-394D-91FE-679084C857F0}.Debug|x64.Build.0 = Debug|x64
		{CB13C892-29DA-394D-91FE-679084C857F0}.Release|x64.ActiveCfg = Release|x64
		{CB13C892-29DA-394D-91FE-679084C857F0}.Release|x64.Build.0 = Release|x64
		{CB13C892-29DA-394D-91FE-679084C857F0}.MinSizeRel|x64.ActiveCfg = MinSizeRel|x64
		{CB13C892-29DA-394D-91FE-679084C857F0}.MinSizeRel|x64.Build.0 = MinSizeRel|x64
		{CB13C892-29DA-394D-91FE-679084C857F0}.RelWithDebInfo|x64.ActiveCfg = RelWithDebInfo|x64
		{CB13C892-29DA-394D-91FE-679084C857F0}.RelWithDebInfo|x64.Build.0 = RelWithDebInfo|x64
		{272B91C5-6EBC-3EDD-9171-9D1B09EC2CFB}.Debug|x64.ActiveCfg = Debug|x64
		{272B91C5-6EBC-3EDD-9171-9D1B09EC2CFB}.Debug|x64.Build.0 = Debug|x64
		{272B91C5-6EBC-3EDD-9171-9D1B09EC2CFB}.Release|x64.ActiveCfg = Release|x64
		{272B91C5-6EBC-3EDD-9171-9D1B09EC2CFB}.Release|x64.Build.0 = Release|x64
		{272B91C5-6EBC-3EDD-9171-9D1B09EC2CFB}.MinSizeRel|x64.ActiveCfg = MinSizeRel|x64
		{272B91C5-6EBC-3EDD-9171-9D1B09EC2CFB}.MinSizeRel|x64.Build.0 = MinSizeRel|x64
		{272B91C5-6EBC-3EDD-9171-9D1B09EC2CFB}.RelWithDebInfo|x64.ActiveCfg = RelWithDebInfo|x64
		{272B91C5-6EBC-3EDD-9171-9D1B09EC2CFB}.RelWithDebInfo|x64.Build.0 = RelWithDebInfo|x64
		{53423005-ABA9-3423-A76E-0186232FF827}.Debug|x64.ActiveCfg = Debug|x64
		{53423005-ABA9-3423-A76E-0186232FF827}.Release|x64.ActiveCfg = Release|x64
		{53423005-ABA9-3423-A76E-0186232FF827}.MinSizeRel|x64.ActiveCfg = MinSizeRel|x64
		{53423005-ABA9-3423-A76E-0186232FF827}.RelWithDebInfo|x64.ActiveCfg = RelWithDebInfo|x64
		{F865B2B0-4FC2-31CE-B575-4EC153E96290}.Debug|x64.ActiveCfg = Debug|x64
		{F865B2B0-4FC2-31CE-B575-4EC153E96290}.Debug|x64.Build.0 = Debug|x64
		{F865B2B0-4FC2-31CE-B575-4EC153E96290}.Release|x64.ActiveCfg = Release|x64
		{F865B2B0-4FC2-31CE-B575-4EC153E96290}.Release|x64.Build.0 = Release|x64
		{F865B2B0-4FC2-31CE-B575-4EC153E96290}.MinSizeRel|x64.ActiveCfg = MinSizeRel|x64
		{F865B2B0-4FC2-31CE-B575-4EC153E96290}.MinSizeRel|x64.Build.0 = MinSizeRel|x64
		{F865B2B0-4FC2-31CE-B575-4EC153E96290}.RelWithDebInfo|x64.ActiveCfg = RelWithDebInfo|x64
		{F865B2B0-4FC2-31CE-B575-4EC153E96290}.RelWithDebInfo|x64.Build.0 = RelWithDebInfo|x64
		{AE89641C-9B5C-3AE3-9D9D-319C6981FF23}.Debug|x64.ActiveCfg = Debug|x64
		{AE89641C-9B5C-3AE3-9D9D-319C6981FF23}.Debug|x64.Build.0 = Debug|x64
		{AE89641C-9B5C-3AE3-9D9D-319C6981FF23}.Release|x64.ActiveCfg = Release|x64
		{AE89641C-9B5C-3AE3-9D9D-319C6981FF23}.Release|x64.Build.0 = Release|x64
		{AE89641C-9B5C-3AE3-9D9D-319C6981FF23}.MinSizeRel|x64.ActiveCfg = MinSizeRel|x64
		{AE89641C-9B5C-3AE3-9D9D-319C6981FF23}.MinSizeRel|x64.Build.0 = MinSizeRel|x64
		{AE89641C-9B5C-3AE3-9D9D-319C6981FF23}.RelWithDebInfo|x64.ActiveCfg = RelWithDebInfo|x64
		{AE89641C-9B5C-3AE3-9D9D-319C6981FF23}.RelWithDebInfo|x64.Build.0 = RelWithDebInfo|x64
	EndGlobalSection
	GlobalSection(NestedProjects) = preSolution
		{D2BE837B-26F4-3D63-A3B5-EBB517F84B16} = {3071D43D-F12E-3B52-BD44-56495EDDF499}
		{EF1D0A2D-AE50-3977-ADE3-D6EB7E897F46} = {3071D43D-F12E-3B52-BD44-56495EDDF499}
		{A690CEFA-F5FF-32CB-AC70-6987BA2F9973} = {C4213B66-D30D-31A2-B694-8CE236B73882}
		{F2642E16-6395-35C9-8272-FFE1DA7B8BAB} = {C4213B66-D30D-31A2-B694-8CE236B73882}
		{A4D7963B-DBEB-3AAF-8A7F-10F6AA84B027} = {C4213B66-D30D-31A2-B694-8CE236B73882}
		{53423005-ABA9-3423-A76E-0186232FF827} = {C4213B66-D30D-31A2-B694-8CE236B73882}
		{5534B1E0-B897-38DE-8318-EF5072CA9597} = {A690CEFA-F5FF-32CB-AC70-6987BA2F9973}
		{F5D674E6-DF5B-388F-9AA5-FBF49465C93C} = {A690CEFA-F5FF-32CB-AC70-6987BA2F9973}
		{ECD934AF-8E28-32F6-8D86-76437EC09E4D} = {A690CEFA-F5FF-32CB-AC70-6987BA2F9973}
		{FDD846A0-FB54-3521-97A3-F8174AD9C02E} = {A690CEFA-F5FF-32CB-AC70-6987BA2F9973}
		{C3C5518F-CFAA-3B5A-AD66-9209152EA562} = {A690CEFA-F5FF-32CB-AC70-6987BA2F9973}
		{A2F50EF9-B999-3548-A38A-D85D50EC119F} = {A690CEFA-F5FF-32CB-AC70-6987BA2F9973}
		{6631249E-928E-3253-9F63-2544EA51D89B} = {A690CEFA-F5FF-32CB-AC70-6987BA2F9973}
		{4E078694-033F-3B0F-952F-6056618711E3} = {A690CEFA-F5FF-32CB-AC70-6987BA2F9973}
		{F865B2B0-4FC2-31CE-B575-4EC153E96290} = {A690CEFA-F5FF-32CB-AC70-6987BA2F9973}
		{7228FE7B-6557-3F2E-9B4C-294064BC52F6} = {F2642E16-6395-35C9-8272-FFE1DA7B8BAB}
		{6B374E0F-2556-35DF-9579-52ABFD9CAA4A} = {F2642E16-6395-35C9-8272-FFE1DA7B8BAB}
		{E15ACC66-1D23-3362-9A26-6F976C966DC4} = {F2642E16-6395-35C9-8272-FFE1DA7B8BAB}
		{B76937B2-4499-30B1-8122-BA5D9B26D258} = {F2642E16-6395-35C9-8272-FFE1DA7B8BAB}
		{C6B6C342-8565-383D-B042-05D25F008BAA} = {F2642E16-6395-35C9-8272-FFE1DA7B8BAB}
		{767CDF2D-5806-3A23-975F-7F1E7FF2008E} = {F2642E16-6395-35C9-8272-FFE1DA7B8BAB}
		{C9BB4D5E-9C2C-3F72-A21B-76D22116DA14} = {F2642E16-6395-35C9-8272-FFE1DA7B8BAB}
		{47A189E0-239C-3E93-AD37-7F82A3F0BA52} = {F2642E16-6395-35C9-8272-FFE1DA7B8BAB}
		{0639244A-DF9B-3751-BAEB-453B579241ED} = {F2642E16-6395-35C9-8272-FFE1DA7B8BAB}
		{8F6E60F2-E6CF-3DCE-B891-BA8815DE407D} = {F2642E16-6395-35C9-8272-FFE1DA7B8BAB}
		{877EF5F6-9B4B-38FF-A394-2AAC5E63F194} = {F2642E16-6395-35C9-8272-FFE1DA7B8BAB}
		{D3C56FB0-94D7-3E9C-ADAA-327BA770D511} = {F2642E16-6395-35C9-8272-FFE1DA7B8BAB}
		{B9FB2483-0AB4-3E32-AA38-D04C4882B2D6} = {F2642E16-6395-35C9-8272-FFE1DA7B8BAB}
		{9CCB3783-7EC9-30E6-BFAE-7340AFBF4722} = {F2642E16-6395-35C9-8272-FFE1DA7B8BAB}
		{26D6551A-0DE5-31AA-95E8-001C84E2BDC0} = {F2642E16-6395-35C9-8272-FFE1DA7B8BAB}
		{3CCBA9B2-3798-35AA-843E-4593938FF1BC} = {F2642E16-6395-35C9-8272-FFE1DA7B8BAB}
		{220C4934-0787-37E4-853A-40DA8C6C34EB} = {F2642E16-6395-35C9-8272-FFE1DA7B8BAB}
		{CB13C892-29DA-394D-91FE-679084C857F0} = {F2642E16-6395-35C9-8272-FFE1DA7B8BAB}
		{272B91C5-6EBC-3EDD-9171-9D1B09EC2CFB} = {F2642E16-6395-35C9-8272-FFE1DA7B8BAB}
		{AE89641C-9B5C-3AE3-9D9D-319C6981FF23} = {F2642E16-6395-35C9-8272-FFE1DA7B8BAB}
	EndGlobalSection
	GlobalSection(ExtensibilityGlobals) = postSolution
		SolutionGuid = {CCEDB8D6-BBA9-30C4-8890-9A3DA4A8453D}
	EndGlobalSection
	GlobalSection(ExtensibilityAddIns) = postSolution
	EndGlobalSection
EndGlobal
