
Microsoft Visual Studio Solution File, Format Version 12.00
# Visual Studio Version 16
Project("{2150E333-8FDC-42A3-9474-1A3956D46DE8}") = "CMakePredefinedTargets", "CMakePredefinedTargets", "{06449C92-ED64-339C-8434-89D6B49BC390}"
EndProject
Project("{8BC9CEB8-8B4A-11D0-8D11-00A0C91BC942}") = "ALL_BUILD", "ALL_BUILD.vcxproj", "{6550AC95-E897-36B6-8F90-AA545BA72533}"
	ProjectSection(ProjectDependencies) = postProject
		{9A666E8F-F6F9-3CC4-9B42-C21634D29502} = {9A666E8F-F6F9-3CC4-9B42-C21634D29502}
		{AA158DF8-2BDA-36E6-8F46-2C4BDE2158E6} = {AA158DF8-2BDA-36E6-8F46-2C4BDE2158E6}
		{94C9071A-2A46-3AC8-9452-94577C4040D8} = {94C9071A-2A46-3AC8-9452-94577C4040D8}
	EndProjectSection
EndProject
Project("{8BC9CEB8-8B4A-11D0-8D11-00A0C91BC942}") = "INSTALL", "INSTALL.vcxproj", "{C433B640-A4A8-33ED-961C-07A8DF910CDC}"
	ProjectSection(ProjectDependencies) = postProject
		{6550AC95-E897-36B6-8F90-AA545BA72533} = {6550AC95-E897-36B6-8F90-AA545BA72533}
		{9A666E8F-F6F9-3CC4-9B42-C21634D29502} = {9A666E8F-F6F9-3CC4-9B42-C21634D29502}
	EndProjectSection
EndProject
Project("{8BC9CEB8-8B4A-11D0-8D11-00A0C91BC942}") = "ZERO_CHECK", "..\..\..\Build\ZERO_CHECK.vcxproj", "{9A666E8F-F6F9-3CC4-9B42-C21634D29502}"
	ProjectSection(ProjectDependencies) = postProject
	EndProjectSection
EndProject
Project("{8BC9CEB8-8B4A-11D0-8D11-00A0C91BC942}") = "gtest", "googletest\gtest.vcxproj", "{AA158DF8-2BDA-36E6-8F46-2C4BDE2158E6}"
	ProjectSection(ProjectDependencies) = postProject
		{9A666E8F-F6F9-3CC4-9B42-C21634D29502} = {9A666E8F-F6F9-3CC4-9B42-C21634D29502}
	EndProjectSection
EndProject
Project("{8BC9CEB8-8B4A-11D0-8D11-00A0C91BC942}") = "gtest_main", "googletest\gtest_main.vcxproj", "{94C9071A-2A46-3AC8-9452-94577C4040D8}"
	ProjectSection(ProjectDependencies) = postProject
		{9A666E8F-F6F9-3CC4-9B42-C21634D29502} = {9A666E8F-F6F9-3CC4-9B42-C21634D29502}
		{AA158DF8-2BDA-36E6-8F46-2C4BDE2158E6} = {AA158DF8-2BDA-36E6-8F46-2C4BDE2158E6}
	EndProjectSection
EndProject
Global
	GlobalSection(SolutionConfigurationPlatforms) = preSolution
		Debug|x64 = Debug|x64
		Release|x64 = Release|x64
		MinSizeRel|x64 = MinSizeRel|x64
		RelWithDebInfo|x64 = RelWithDebInfo|x64
	EndGlobalSection
	GlobalSection(ProjectConfigurationPlatforms) = postSolution
		{6550AC95-E897-36B6-8F90-AA545BA72533}.Debug|x64.ActiveCfg = Debug|x64
		{6550AC95-E897-36B6-8F90-AA545BA72533}.Debug|x64.Build.0 = Debug|x64
		{6550AC95-E897-36B6-8F90-AA545BA72533}.Release|x64.ActiveCfg = Release|x64
		{6550AC95-E897-36B6-8F90-AA545BA72533}.Release|x64.Build.0 = Release|x64
		{6550AC95-E897-36B6-8F90-AA545BA72533}.MinSizeRel|x64.ActiveCfg = MinSizeRel|x64
		{6550AC95-E897-36B6-8F90-AA545BA72533}.MinSizeRel|x64.Build.0 = MinSizeRel|x64
		{6550AC95-E897-36B6-8F90-AA545BA72533}.RelWithDebInfo|x64.ActiveCfg = RelWithDebInfo|x64
		{6550AC95-E897-36B6-8F90-AA545BA72533}.RelWithDebInfo|x64.Build.0 = RelWithDebInfo|x64
		{C433B640-A4A8-33ED-961C-07A8DF910CDC}.Debug|x64.ActiveCfg = Debug|x64
		{C433B640-A4A8-33ED-961C-07A8DF910CDC}.Release|x64.ActiveCfg = Release|x64
		{C433B640-A4A8-33ED-961C-07A8DF910CDC}.MinSizeRel|x64.ActiveCfg = MinSizeRel|x64
		{C433B640-A4A8-33ED-961C-07A8DF910CDC}.RelWithDebInfo|x64.ActiveCfg = RelWithDebInfo|x64
		{9A666E8F-F6F9-3CC4-9B42-C21634D29502}.Debug|x64.ActiveCfg = Debug|x64
		{9A666E8F-F6F9-3CC4-9B42-C21634D29502}.Debug|x64.Build.0 = Debug|x64
		{9A666E8F-F6F9-3CC4-9B42-C21634D29502}.Release|x64.ActiveCfg = Release|x64
		{9A666E8F-F6F9-3CC4-9B42-C21634D29502}.Release|x64.Build.0 = Release|x64
		{9A666E8F-F6F9-3CC4-9B42-C21634D29502}.MinSizeRel|x64.ActiveCfg = MinSizeRel|x64
		{9A666E8F-F6F9-3CC4-9B42-C21634D29502}.MinSizeRel|x64.Build.0 = MinSizeRel|x64
		{9A666E8F-F6F9-3CC4-9B42-C21634D29502}.RelWithDebInfo|x64.ActiveCfg = RelWithDebInfo|x64
		{9A666E8F-F6F9-3CC4-9B42-C21634D29502}.RelWithDebInfo|x64.Build.0 = RelWithDebInfo|x64
		{AA158DF8-2BDA-36E6-8F46-2C4BDE2158E6}.Debug|x64.ActiveCfg = Debug|x64
		{AA158DF8-2BDA-36E6-8F46-2C4BDE2158E6}.Debug|x64.Build.0 = Debug|x64
		{AA158DF8-2BDA-36E6-8F46-2C4BDE2158E6}.Release|x64.ActiveCfg = Release|x64
		{AA158DF8-2BDA-36E6-8F46-2C4BDE2158E6}.Release|x64.Build.0 = Release|x64
		{AA158DF8-2BDA-36E6-8F46-2C4BDE2158E6}.MinSizeRel|x64.ActiveCfg = MinSizeRel|x64
		{AA158DF8-2BDA-36E6-8F46-2C4BDE2158E6}.MinSizeRel|x64.Build.0 = MinSizeRel|x64
		{AA158DF8-2BDA-36E6-8F46-2C4BDE2158E6}.RelWithDebInfo|x64.ActiveCfg = RelWithDebInfo|x64
		{AA158DF8-2BDA-36E6-8F46-2C4BDE2158E6}.RelWithDebInfo|x64.Build.0 = RelWithDebInfo|x64
		{94C9071A-2A46-3AC8-9452-94577C4040D8}.Debug|x64.ActiveCfg = Debug|x64
		{94C9071A-2A46-3AC8-9452-94577C4040D8}.Debug|x64.Build.0 = Debug|x64
		{94C9071A-2A46-3AC8-9452-94577C4040D8}.Release|x64.ActiveCfg = Release|x64
		{94C9071A-2A46-3AC8-9452-94577C4040D8}.Release|x64.Build.0 = Release|x64
		{94C9071A-2A46-3AC8-9452-94577C4040D8}.MinSizeRel|x64.ActiveCfg = MinSizeRel|x64
		{94C9071A-2A46-3AC8-9452-94577C4040D8}.MinSizeRel|x64.Build.0 = MinSizeRel|x64
		{94C9071A-2A46-3AC8-9452-94577C4040D8}.RelWithDebInfo|x64.ActiveCfg = RelWithDebInfo|x64
		{94C9071A-2A46-3AC8-9452-94577C4040D8}.RelWithDebInfo|x64.Build.0 = RelWithDebInfo|x64
	EndGlobalSection
	GlobalSection(NestedProjects) = preSolution
		{6550AC95-E897-36B6-8F90-AA545BA72533} = {06449C92-ED64-339C-8434-89D6B49BC390}
		{C433B640-A4A8-33ED-961C-07A8DF910CDC} = {06449C92-ED64-339C-8434-89D6B49BC390}
		{9A666E8F-F6F9-3CC4-9B42-C21634D29502} = {06449C92-ED64-339C-8434-89D6B49BC390}
	EndGlobalSection
	GlobalSection(ExtensibilityGlobals) = postSolution
		SolutionGuid = {90A78273-2FDF-36DC-877D-A280C463EFA9}
	EndGlobalSection
	GlobalSection(ExtensibilityAddIns) = postSolution
	EndGlobalSection
EndGlobal
