<?xml version="1.0" encoding="utf-8"?>
<Project ToolsVersion="16.0" xmlns="http://schemas.microsoft.com/developer/msbuild/2003">
  <ItemGroup>
    <ClCompile Include="D:\Projects\SecondEngineProject\Engine\Source\Camera\Camera.cpp">
      <Filter>Engine\Source\Camera</Filter>
    </ClCompile>
    <ClCompile Include="D:\Projects\SecondEngineProject\Engine\Source\Controller\Controller.cpp">
      <Filter>Engine\Source\Controller</Filter>
    </ClCompile>
    <ClCompile Include="D:\Projects\SecondEngineProject\Engine\Source\Core\EASTLNew.cpp">
      <Filter>Engine\Source\Core</Filter>
    </ClCompile>
    <ClCompile Include="D:\Projects\SecondEngineProject\Engine\Source\Core\EngineCore.cpp">
      <Filter>Engine\Source\Core</Filter>
    </ClCompile>
    <ClCompile Include="D:\Projects\SecondEngineProject\Engine\Source\Core\GameModeBase.cpp">
      <Filter>Engine\Source\Core</Filter>
    </ClCompile>
    <ClCompile Include="D:\Projects\SecondEngineProject\Engine\Source\Core\WindowsPlatform.cpp">
      <Filter>Engine\Source\Core</Filter>
    </ClCompile>
    <ClCompile Include="D:\Projects\SecondEngineProject\Engine\Source\EntryPoint\EntryPoint.cpp">
      <Filter>Engine\Source\EntryPoint</Filter>
    </ClCompile>
    <ClCompile Include="D:\Projects\SecondEngineProject\Engine\Source\EventSystem\DelegateBase.cpp">
      <Filter>Engine\Source\EventSystem</Filter>
    </ClCompile>
    <ClCompile Include="D:\Projects\SecondEngineProject\Engine\Source\EventSystem\EventSystem.cpp">
      <Filter>Engine\Source\EventSystem</Filter>
    </ClCompile>
    <ClCompile Include="D:\Projects\SecondEngineProject\Engine\Source\InputSystem\GLFWInput\InputSystem.cpp">
      <Filter>Engine\Source\InputSystem\GLFWInput</Filter>
    </ClCompile>
    <ClCompile Include="D:\Projects\SecondEngineProject\Engine\Source\InputSystem\InputEventType.cpp">
      <Filter>Engine\Source\InputSystem</Filter>
    </ClCompile>
    <ClCompile Include="D:\Projects\SecondEngineProject\Engine\Source\Logger\Logger.cpp">
      <Filter>Engine\Source\Logger</Filter>
    </ClCompile>
    <ClCompile Include="D:\Projects\SecondEngineProject\Engine\Source\Math\Transform.cpp">
      <Filter>Engine\Source\Math</Filter>
    </ClCompile>
    <ClCompile Include="D:\Projects\SecondEngineProject\Engine\Source\Renderer\OpenGL\Buffer\BufferBase.cpp">
      <Filter>Engine\Source\Renderer\OpenGL\Buffer</Filter>
    </ClCompile>
    <ClCompile Include="D:\Projects\SecondEngineProject\Engine\Source\Renderer\OpenGL\Buffer\IndexBuffer.cpp">
      <Filter>Engine\Source\Renderer\OpenGL\Buffer</Filter>
    </ClCompile>
    <ClCompile Include="D:\Projects\SecondEngineProject\Engine\Source\Renderer\OpenGL\Buffer\VAO.cpp">
      <Filter>Engine\Source\Renderer\OpenGL\Buffer</Filter>
    </ClCompile>
    <ClCompile Include="D:\Projects\SecondEngineProject\Engine\Source\Renderer\OpenGL\Buffer\VertexBuffer.cpp">
      <Filter>Engine\Source\Renderer\OpenGL\Buffer</Filter>
    </ClCompile>
    <ClCompile Include="D:\Projects\SecondEngineProject\Engine\Source\Renderer\OpenGL\Buffer\VertexBufferLayout.cpp">
      <Filter>Engine\Source\Renderer\OpenGL\Buffer</Filter>
    </ClCompile>
    <ClCompile Include="D:\Projects\SecondEngineProject\Engine\Source\Renderer\OpenGL\OpenGLRenderer.cpp">
      <Filter>Engine\Source\Renderer\OpenGL</Filter>
    </ClCompile>
    <ClCompile Include="D:\Projects\SecondEngineProject\Engine\Source\Renderer\OpenGL\OpenGLShader.cpp">
      <Filter>Engine\Source\Renderer\OpenGL</Filter>
    </ClCompile>
    <ClCompile Include="D:\Projects\SecondEngineProject\Engine\Source\Renderer\OpenGL\OpenGLTexture.cpp">
      <Filter>Engine\Source\Renderer\OpenGL</Filter>
    </ClCompile>
    <ClCompile Include="D:\Projects\SecondEngineProject\Engine\Source\Renderer\OpenGL\OpenGLUtils.cpp">
      <Filter>Engine\Source\Renderer\OpenGL</Filter>
    </ClCompile>
    <ClCompile Include="D:\Projects\SecondEngineProject\Engine\Source\Renderer\ShapesUtils\BasicShapes.cpp">
      <Filter>Engine\Source\Renderer\ShapesUtils</Filter>
    </ClCompile>
    <ClCompile Include="D:\Projects\SecondEngineProject\Engine\Source\Renderer\ShapesUtils\BasicShapesData.cpp">
      <Filter>Engine\Source\Renderer\ShapesUtils</Filter>
    </ClCompile>
    <ClCompile Include="D:\Projects\SecondEngineProject\Engine\Source\Scene\Scene.cpp">
      <Filter>Engine\Source\Scene</Filter>
    </ClCompile>
    <ClCompile Include="D:\Projects\SecondEngineProject\Engine\Source\Scene\SceneManager.cpp">
      <Filter>Engine\Source\Scene</Filter>
    </ClCompile>
    <ClCompile Include="D:\Projects\SecondEngineProject\Engine\Source\Utils\IOUtils.cpp">
      <Filter>Engine\Source\Utils</Filter>
    </ClCompile>
    <ClCompile Include="D:\Projects\SecondEngineProject\Engine\Source\Utils\ImageLoading.cpp">
      <Filter>Engine\Source\Utils</Filter>
    </ClCompile>
    <ClCompile Include="D:\Projects\SecondEngineProject\Engine\Source\Utils\InlineAllocator.cpp">
      <Filter>Engine\Source\Utils</Filter>
    </ClCompile>
    <ClCompile Include="D:\Projects\SecondEngineProject\Engine\Source\Window\OpenGLWindow.cpp">
      <Filter>Engine\Source\Window</Filter>
    </ClCompile>
    <ClCompile Include="..\..\Engine\Source\Timer\LogicTimer.cpp">
      <Filter>Engine\Source\Timer</Filter>
    </ClCompile>
    <ClCompile Include="..\..\Engine\Source\Timer\TimerBase.cpp">
      <Filter>Engine\Source\Timer</Filter>
    </ClCompile>
    <ClCompile Include="..\..\Engine\Source\Timer\TimersManager.cpp">
      <Filter>Engine\Source\Timer</Filter>
    </ClCompile>
    <ClCompile Include="..\..\Engine\Source\Renderer\OpenGL\DrawableObject.cpp">
      <Filter>Engine\Source\Renderer\OpenGL</Filter>
    </ClCompile>
    <ClCompile Include="..\..\Engine\Source\Entity\TransformEntity.cpp">
      <Filter>Engine\Source\Entity</Filter>
    </ClCompile>
    <ClCompile Include="..\..\Engine\Source\Entity\Entity.cpp">
      <Filter>Engine\Source\Entity</Filter>
    </ClCompile>
    <ClCompile Include="..\..\Engine\Source\Math\MathUtils.cpp">
      <Filter>Engine\Source\Math</Filter>
    </ClCompile>
  </ItemGroup>
  <ItemGroup>
    <ClInclude Include="D:\Projects\SecondEngineProject\Engine\Source\Camera\Camera.h">
      <Filter>Engine\Source\Camera</Filter>
    </ClInclude>
    <ClInclude Include="D:\Projects\SecondEngineProject\Engine\Source\Controller\Controller.h">
      <Filter>Engine\Source\Controller</Filter>
    </ClInclude>
    <ClInclude Include="D:\Projects\SecondEngineProject\Engine\Source\Core\EngineCore.h">
      <Filter>Engine\Source\Core</Filter>
    </ClInclude>
    <ClInclude Include="D:\Projects\SecondEngineProject\Engine\Source\Core\EngineUtils.h">
      <Filter>Engine\Source\Core</Filter>
    </ClInclude>
    <ClInclude Include="D:\Projects\SecondEngineProject\Engine\Source\Core\GameModeBase.h">
      <Filter>Engine\Source\Core</Filter>
    </ClInclude>
    <ClInclude Include="D:\Projects\SecondEngineProject\Engine\Source\Core\WindowsPlatform.h">
      <Filter>Engine\Source\Core</Filter>
    </ClInclude>
    <ClInclude Include="D:\Projects\SecondEngineProject\Engine\Source\EntryPoint\EntryPoint.h">
      <Filter>Engine\Source\EntryPoint</Filter>
    </ClInclude>
    <ClInclude Include="D:\Projects\SecondEngineProject\Engine\Source\EventSystem\DelegateBase.h">
      <Filter>Engine\Source\EventSystem</Filter>
    </ClInclude>
    <ClInclude Include="D:\Projects\SecondEngineProject\Engine\Source\EventSystem\EventSystem.h">
      <Filter>Engine\Source\EventSystem</Filter>
    </ClInclude>
    <ClInclude Include="D:\Projects\SecondEngineProject\Engine\Source\EventSystem\IFunctionContainerBase.h">
      <Filter>Engine\Source\EventSystem</Filter>
    </ClInclude>
    <ClInclude Include="D:\Projects\SecondEngineProject\Engine\Source\InputSystem\GLFWInput\InputSystem.h">
      <Filter>Engine\Source\InputSystem\GLFWInput</Filter>
    </ClInclude>
    <ClInclude Include="D:\Projects\SecondEngineProject\Engine\Source\InputSystem\GLFWInput\WindowsInputKeys.h">
      <Filter>Engine\Source\InputSystem\GLFWInput</Filter>
    </ClInclude>
    <ClInclude Include="D:\Projects\SecondEngineProject\Engine\Source\InputSystem\InputEventType.h">
      <Filter>Engine\Source\InputSystem</Filter>
    </ClInclude>
    <ClInclude Include="D:\Projects\SecondEngineProject\Engine\Source\Logger\Logger.h">
      <Filter>Engine\Source\Logger</Filter>
    </ClInclude>
    <ClInclude Include="D:\Projects\SecondEngineProject\Engine\Source\Math\Transform.h">
      <Filter>Engine\Source\Math</Filter>
    </ClInclude>
    <ClInclude Include="D:\Projects\SecondEngineProject\Engine\Source\Renderer\OpenGL\Buffer\BufferBase.h">
      <Filter>Engine\Source\Renderer\OpenGL\Buffer</Filter>
    </ClInclude>
    <ClInclude Include="D:\Projects\SecondEngineProject\Engine\Source\Renderer\OpenGL\Buffer\IndexBuffer.h">
      <Filter>Engine\Source\Renderer\OpenGL\Buffer</Filter>
    </ClInclude>
    <ClInclude Include="D:\Projects\SecondEngineProject\Engine\Source\Renderer\OpenGL\Buffer\LayoutProperties.h">
      <Filter>Engine\Source\Renderer\OpenGL\Buffer</Filter>
    </ClInclude>
    <ClInclude Include="D:\Projects\SecondEngineProject\Engine\Source\Renderer\OpenGL\Buffer\VAO.h">
      <Filter>Engine\Source\Renderer\OpenGL\Buffer</Filter>
    </ClInclude>
    <ClInclude Include="D:\Projects\SecondEngineProject\Engine\Source\Renderer\OpenGL\Buffer\VertexBuffer.h">
      <Filter>Engine\Source\Renderer\OpenGL\Buffer</Filter>
    </ClInclude>
    <ClInclude Include="D:\Projects\SecondEngineProject\Engine\Source\Renderer\OpenGL\Buffer\VertexBufferLayout.h">
      <Filter>Engine\Source\Renderer\OpenGL\Buffer</Filter>
    </ClInclude>
    <ClInclude Include="D:\Projects\SecondEngineProject\Engine\Source\Renderer\OpenGL\OpenGLRenderer.h">
      <Filter>Engine\Source\Renderer\OpenGL</Filter>
    </ClInclude>
    <ClInclude Include="D:\Projects\SecondEngineProject\Engine\Source\Renderer\OpenGL\OpenGLShader.h">
      <Filter>Engine\Source\Renderer\OpenGL</Filter>
    </ClInclude>
    <ClInclude Include="D:\Projects\SecondEngineProject\Engine\Source\Renderer\OpenGL\OpenGLTexture.h">
      <Filter>Engine\Source\Renderer\OpenGL</Filter>
    </ClInclude>
    <ClInclude Include="D:\Projects\SecondEngineProject\Engine\Source\Renderer\OpenGL\OpenGLUtils.h">
      <Filter>Engine\Source\Renderer\OpenGL</Filter>
    </ClInclude>
    <ClInclude Include="D:\Projects\SecondEngineProject\Engine\Source\Renderer\ShapesUtils\BasicShapes.h">
      <Filter>Engine\Source\Renderer\ShapesUtils</Filter>
    </ClInclude>
    <ClInclude Include="D:\Projects\SecondEngineProject\Engine\Source\Renderer\ShapesUtils\BasicShapesData.h">
      <Filter>Engine\Source\Renderer\ShapesUtils</Filter>
    </ClInclude>
    <ClInclude Include="D:\Projects\SecondEngineProject\Engine\Source\Scene\Scene.h">
      <Filter>Engine\Source\Scene</Filter>
    </ClInclude>
    <ClInclude Include="D:\Projects\SecondEngineProject\Engine\Source\Scene\SceneManager.h">
      <Filter>Engine\Source\Scene</Filter>
    </ClInclude>
    <ClInclude Include="D:\Projects\SecondEngineProject\Engine\Source\Utils\IOUtils.h">
      <Filter>Engine\Source\Utils</Filter>
    </ClInclude>
    <ClInclude Include="D:\Projects\SecondEngineProject\Engine\Source\Utils\ImageLoading.h">
      <Filter>Engine\Source\Utils</Filter>
    </ClInclude>
    <ClInclude Include="D:\Projects\SecondEngineProject\Engine\Source\Utils\InlineAllocator.h">
      <Filter>Engine\Source\Utils</Filter>
    </ClInclude>
    <ClInclude Include="D:\Projects\SecondEngineProject\Engine\Source\Window\OpenGLWindow.h">
      <Filter>Engine\Source\Window</Filter>
    </ClInclude>
    <ClInclude Include="D:\Projects\SecondEngineProject\Engine\Source\Window\WindowProperties.h">
      <Filter>Engine\Source\Window</Filter>
    </ClInclude>
    <ClInclude Include="..\..\Engine\Source\Timer\LogicTimer.h">
      <Filter>Engine\Source\Timer</Filter>
    </ClInclude>
    <ClInclude Include="..\..\Engine\Source\Timer\TimerBase.h">
      <Filter>Engine\Source\Timer</Filter>
    </ClInclude>
    <ClInclude Include="..\..\Engine\Source\Timer\TimersManager.h">
      <Filter>Engine\Source\Timer</Filter>
    </ClInclude>
    <ClInclude Include="..\..\Engine\Source\Renderer\OpenGL\DrawableObject.h">
      <Filter>Engine\Source\Renderer\OpenGL</Filter>
    </ClInclude>
    <ClInclude Include="..\..\Engine\Source\Entity\TransformEntity.h">
      <Filter>Engine\Source\Entity</Filter>
    </ClInclude>
    <ClInclude Include="..\..\Engine\Source\Entity\Entity.h">
      <Filter>Engine\Source\Entity</Filter>
    </ClInclude>
    <ClInclude Include="..\..\Engine\Source\Math\MathUtils.h">
      <Filter>Engine\Source\Math</Filter>
    </ClInclude>
  </ItemGroup>
  <ItemGroup>
    <Filter Include="Engine">
      <UniqueIdentifier>{9BF37421-462D-3BBD-B86D-5FA9F24B5AEF}</UniqueIdentifier>
    </Filter>
    <Filter Include="Engine\Source">
      <UniqueIdentifier>{ECE56E30-05DD-32F8-973C-BB404C9C1EB6}</UniqueIdentifier>
    </Filter>
    <Filter Include="Engine\Source\Camera">
      <UniqueIdentifier>{90B72154-5256-32F3-BFEC-789B990D7E04}</UniqueIdentifier>
    </Filter>
    <Filter Include="Engine\Source\Controller">
      <UniqueIdentifier>{2AEF12FF-13B6-33CC-91CC-1836E168C933}</UniqueIdentifier>
    </Filter>
    <Filter Include="Engine\Source\Core">
      <UniqueIdentifier>{64DD948E-FA1C-35CE-A2B2-E8D016EEAAE8}</UniqueIdentifier>
    </Filter>
    <Filter Include="Engine\Source\EntryPoint">
      <UniqueIdentifier>{9FE1B1E1-3B36-32BF-B1C3-404C14517C01}</UniqueIdentifier>
    </Filter>
    <Filter Include="Engine\Source\EventSystem">
      <UniqueIdentifier>{8286B3F6-2A30-3552-876C-B965A6F61007}</UniqueIdentifier>
    </Filter>
    <Filter Include="Engine\Source\InputSystem">
      <UniqueIdentifier>{1C00553D-1DB1-375C-8AFE-571D5AD3E2B3}</UniqueIdentifier>
    </Filter>
    <Filter Include="Engine\Source\InputSystem\GLFWInput">
      <UniqueIdentifier>{1F355CC3-BEFC-337B-A0FB-91A4361795D6}</UniqueIdentifier>
    </Filter>
    <Filter Include="Engine\Source\Logger">
      <UniqueIdentifier>{290C33F4-BF87-3E41-80A8-366425EBF360}</UniqueIdentifier>
    </Filter>
    <Filter Include="Engine\Source\Math">
      <UniqueIdentifier>{A97F6D5F-DD6D-3633-B7F9-EF314770E9A6}</UniqueIdentifier>
    </Filter>
    <Filter Include="Engine\Source\Renderer">
      <UniqueIdentifier>{6AC4CCE2-CDB0-38C6-B782-E1150C64DCD6}</UniqueIdentifier>
    </Filter>
    <Filter Include="Engine\Source\Renderer\OpenGL">
      <UniqueIdentifier>{363F78CA-847E-364F-8FFC-A9323D94AD16}</UniqueIdentifier>
    </Filter>
    <Filter Include="Engine\Source\Renderer\OpenGL\Buffer">
      <UniqueIdentifier>{D94CBCA6-295F-3E5B-874A-EB71D9189B5D}</UniqueIdentifier>
    </Filter>
    <Filter Include="Engine\Source\Renderer\ShapesUtils">
      <UniqueIdentifier>{5C3CA10F-F35E-39C3-8DDF-D98E1E21B962}</UniqueIdentifier>
    </Filter>
    <Filter Include="Engine\Source\Scene">
      <UniqueIdentifier>{FBA79CF2-C982-337B-8133-007F43391A03}</UniqueIdentifier>
    </Filter>
    <Filter Include="Engine\Source\Utils">
      <UniqueIdentifier>{1FA2AC27-9A72-3973-A149-0AF80FC34404}</UniqueIdentifier>
    </Filter>
    <Filter Include="Engine\Source\Window">
      <UniqueIdentifier>{0DDF4BF2-1562-3E7A-AA7A-6C06EB1BD5FE}</UniqueIdentifier>
    </Filter>
    <Filter Include="Engine\Source\Timer">
      <UniqueIdentifier>{c9e5e692-a86d-410d-85fd-7ac0a494b27a}</UniqueIdentifier>
    </Filter>
    <Filter Include="Engine\Source\Entity">
      <UniqueIdentifier>{37659bad-878e-4e90-a549-795c00af8801}</UniqueIdentifier>
    </Filter>
  </ItemGroup>
</Project>