
Microsoft Visual Studio Solution File, Format Version 12.00
# Visual Studio Version 16
Project("{2150E333-8FDC-42A3-9474-1A3956D46DE8}") = "CMakePredefinedTargets", "CMakePredefinedTargets", "{06449C92-ED64-339C-8434-89D6B49BC390}"
EndProject
Project("{2150E333-8FDC-42A3-9474-1A3956D46DE8}") = "GLFW3", "GLFW3", "{0CE5DAE1-61AF-3C82-ADE9-99864748B32D}"
EndProject
Project("{2150E333-8FDC-42A3-9474-1A3956D46DE8}") = "Examples", "GLFW3\Examples", "{04C04B10-620C-3136-812D-C60102612399}"
EndProject
Project("{2150E333-8FDC-42A3-9474-1A3956D46DE8}") = "Tests", "GLFW3\Tests", "{DA7C2D00-B105-3017-89D2-F3AC4604A216}"
EndProject
Project("{8BC9CEB8-8B4A-11D0-8D11-00A0C91BC942}") = "ALL_BUILD", "ALL_BUILD.vcxproj", "{6550AC95-E897-36B6-8F90-AA545BA72533}"
	ProjectSection(ProjectDependencies) = postProject
		{B71319F2-3A30-38FF-BCAA-F9F94C36A947} = {B71319F2-3A30-38FF-BCAA-F9F94C36A947}
		{48CE36BE-F581-37F1-87CB-55B6AC553133} = {48CE36BE-F581-37F1-87CB-55B6AC553133}
		{7759E6EB-7DAA-3E50-BCDF-F7025E2A4141} = {7759E6EB-7DAA-3E50-BCDF-F7025E2A4141}
		{8D75EC9C-F200-3659-AF42-660027B80696} = {8D75EC9C-F200-3659-AF42-660027B80696}
		{F8F33946-6B36-30F6-A793-67D08BD9960F} = {F8F33946-6B36-30F6-A793-67D08BD9960F}
		{1AF870B6-A6AD-314B-83F2-A727DF495004} = {1AF870B6-A6AD-314B-83F2-A727DF495004}
		{DC49423A-FF24-3F23-9DE2-266FAB1EB8EB} = {DC49423A-FF24-3F23-9DE2-266FAB1EB8EB}
		{3CF17645-69BA-34C2-9B89-6B94C923A569} = {3CF17645-69BA-34C2-9B89-6B94C923A569}
		{C3506359-5B4A-328F-BDC3-C595D13C728B} = {C3506359-5B4A-328F-BDC3-C595D13C728B}
		{1F9D6836-D28A-3402-A65D-92B67BF45885} = {1F9D6836-D28A-3402-A65D-92B67BF45885}
		{2AC87A11-1B8D-3641-976F-CB5CA83E3DCC} = {2AC87A11-1B8D-3641-976F-CB5CA83E3DCC}
		{3DB8BD64-2CC9-3A55-BE0A-193D447465B0} = {3DB8BD64-2CC9-3A55-BE0A-193D447465B0}
		{69C436F4-7E68-3E27-B09F-B8A8F58CF727} = {69C436F4-7E68-3E27-B09F-B8A8F58CF727}
		{AA158DF8-2BDA-36E6-8F46-2C4BDE2158E6} = {AA158DF8-2BDA-36E6-8F46-2C4BDE2158E6}
		{94C9071A-2A46-3AC8-9452-94577C4040D8} = {94C9071A-2A46-3AC8-9452-94577C4040D8}
		{1F3BF2B5-D4F3-3A82-9DBC-11E645EAFB6B} = {1F3BF2B5-D4F3-3A82-9DBC-11E645EAFB6B}
		{2E66A16C-F15E-32E3-9610-C88D28BC84CF} = {2E66A16C-F15E-32E3-9610-C88D28BC84CF}
		{4323C261-A176-319C-8113-D008406DAF8E} = {4323C261-A176-319C-8113-D008406DAF8E}
		{9EA1B880-7E12-3E69-A83F-77A8EEE312FF} = {9EA1B880-7E12-3E69-A83F-77A8EEE312FF}
		{AC90147A-01AC-3F41-8FD5-1CB7B2356C24} = {AC90147A-01AC-3F41-8FD5-1CB7B2356C24}
		{84272D55-4C1C-3118-85D5-6AF1162F810C} = {84272D55-4C1C-3118-85D5-6AF1162F810C}
		{84BFDF0C-E6DA-3AA0-8EAB-91FBA9DF4AD7} = {84BFDF0C-E6DA-3AA0-8EAB-91FBA9DF4AD7}
		{26A12BE5-48C9-3CA0-A72B-4AB30ADB1960} = {26A12BE5-48C9-3CA0-A72B-4AB30ADB1960}
		{73D7FA8A-AC16-3E31-BFD0-34BBEC053BF9} = {73D7FA8A-AC16-3E31-BFD0-34BBEC053BF9}
		{3DD37F89-E1A5-39E7-A4A5-249434820998} = {3DD37F89-E1A5-39E7-A4A5-249434820998}
		{67FAAD35-113C-392C-B9C2-E1216AAFC409} = {67FAAD35-113C-392C-B9C2-E1216AAFC409}
		{0BE1F84B-327F-3A76-96AA-CF6E057BDAD1} = {0BE1F84B-327F-3A76-96AA-CF6E057BDAD1}
		{F4C2DCC5-DB20-305D-BFBB-3D4730B11D0C} = {F4C2DCC5-DB20-305D-BFBB-3D4730B11D0C}
		{6B807184-93BE-3A71-AEAE-A0E727963790} = {6B807184-93BE-3A71-AEAE-A0E727963790}
		{56E08A0E-FA41-3D50-9FF0-F2B9A7CE6A52} = {56E08A0E-FA41-3D50-9FF0-F2B9A7CE6A52}
		{2524E191-E2C1-3BAF-9ACC-9295680A0E69} = {2524E191-E2C1-3BAF-9ACC-9295680A0E69}
		{83385798-5544-37C8-BDD5-CA2E31BA19CA} = {83385798-5544-37C8-BDD5-CA2E31BA19CA}
		{068B5135-E137-3390-BC60-1A5F28547E19} = {068B5135-E137-3390-BC60-1A5F28547E19}
		{EF8FD055-B6F0-3B27-A29F-900BD80EFA74} = {EF8FD055-B6F0-3B27-A29F-900BD80EFA74}
		{C97D0BB6-86D0-3320-9759-596358D7B9AD} = {C97D0BB6-86D0-3320-9759-596358D7B9AD}
		{6234ED11-85EE-3175-A00F-BCD0DF942126} = {6234ED11-85EE-3175-A00F-BCD0DF942126}
	EndProjectSection
EndProject
Project("{8BC9CEB8-8B4A-11D0-8D11-00A0C91BC942}") = "EASTL", "Plugins\EASTL\EASTL.vcxproj", "{B71319F2-3A30-38FF-BCAA-F9F94C36A947}"
	ProjectSection(ProjectDependencies) = postProject
	EndProjectSection
EndProject
Project("{8BC9CEB8-8B4A-11D0-8D11-00A0C91BC942}") = "EngineTests", "EngineTests.vcxproj", "{48CE36BE-F581-37F1-87CB-55B6AC553133}"
	ProjectSection(ProjectDependencies) = postProject
		{B71319F2-3A30-38FF-BCAA-F9F94C36A947} = {B71319F2-3A30-38FF-BCAA-F9F94C36A947}
		{2AC87A11-1B8D-3641-976F-CB5CA83E3DCC} = {2AC87A11-1B8D-3641-976F-CB5CA83E3DCC}
		{3DB8BD64-2CC9-3A55-BE0A-193D447465B0} = {3DB8BD64-2CC9-3A55-BE0A-193D447465B0}
		{AA158DF8-2BDA-36E6-8F46-2C4BDE2158E6} = {AA158DF8-2BDA-36E6-8F46-2C4BDE2158E6}
		{94C9071A-2A46-3AC8-9452-94577C4040D8} = {94C9071A-2A46-3AC8-9452-94577C4040D8}
	EndProjectSection
EndProject
Project("{8BC9CEB8-8B4A-11D0-8D11-00A0C91BC942}") = "INSTALL", "INSTALL.vcxproj", "{C433B640-A4A8-33ED-961C-07A8DF910CDC}"
	ProjectSection(ProjectDependencies) = postProject
		{6550AC95-E897-36B6-8F90-AA545BA72533} = {6550AC95-E897-36B6-8F90-AA545BA72533}
	EndProjectSection
EndProject
Project("{8BC9CEB8-8B4A-11D0-8D11-00A0C91BC942}") = "SecondEngineProject", "SecondEngineProject.vcxproj", "{7759E6EB-7DAA-3E50-BCDF-F7025E2A4141}"
	ProjectSection(ProjectDependencies) = postProject
		{B71319F2-3A30-38FF-BCAA-F9F94C36A947} = {B71319F2-3A30-38FF-BCAA-F9F94C36A947}
		{2AC87A11-1B8D-3641-976F-CB5CA83E3DCC} = {2AC87A11-1B8D-3641-976F-CB5CA83E3DCC}
		{3DB8BD64-2CC9-3A55-BE0A-193D447465B0} = {3DB8BD64-2CC9-3A55-BE0A-193D447465B0}
	EndProjectSection
EndProject
Project("{8BC9CEB8-8B4A-11D0-8D11-00A0C91BC942}") = "boing", "Plugins\glfw-3.3.4\examples\boing.vcxproj", "{8D75EC9C-F200-3659-AF42-660027B80696}"
	ProjectSection(ProjectDependencies) = postProject
		{3DB8BD64-2CC9-3A55-BE0A-193D447465B0} = {3DB8BD64-2CC9-3A55-BE0A-193D447465B0}
	EndProjectSection
EndProject
Project("{8BC9CEB8-8B4A-11D0-8D11-00A0C91BC942}") = "clipboard", "Plugins\glfw-3.3.4\tests\clipboard.vcxproj", "{F8F33946-6B36-30F6-A793-67D08BD9960F}"
	ProjectSection(ProjectDependencies) = postProject
		{3DB8BD64-2CC9-3A55-BE0A-193D447465B0} = {3DB8BD64-2CC9-3A55-BE0A-193D447465B0}
	EndProjectSection
EndProject
Project("{8BC9CEB8-8B4A-11D0-8D11-00A0C91BC942}") = "cursor", "Plugins\glfw-3.3.4\tests\cursor.vcxproj", "{1AF870B6-A6AD-314B-83F2-A727DF495004}"
	ProjectSection(ProjectDependencies) = postProject
		{3DB8BD64-2CC9-3A55-BE0A-193D447465B0} = {3DB8BD64-2CC9-3A55-BE0A-193D447465B0}
	EndProjectSection
EndProject
Project("{8BC9CEB8-8B4A-11D0-8D11-00A0C91BC942}") = "empty", "Plugins\glfw-3.3.4\tests\empty.vcxproj", "{DC49423A-FF24-3F23-9DE2-266FAB1EB8EB}"
	ProjectSection(ProjectDependencies) = postProject
		{3DB8BD64-2CC9-3A55-BE0A-193D447465B0} = {3DB8BD64-2CC9-3A55-BE0A-193D447465B0}
	EndProjectSection
EndProject
Project("{8BC9CEB8-8B4A-11D0-8D11-00A0C91BC942}") = "events", "Plugins\glfw-3.3.4\tests\events.vcxproj", "{3CF17645-69BA-34C2-9B89-6B94C923A569}"
	ProjectSection(ProjectDependencies) = postProject
		{3DB8BD64-2CC9-3A55-BE0A-193D447465B0} = {3DB8BD64-2CC9-3A55-BE0A-193D447465B0}
	EndProjectSection
EndProject
Project("{8BC9CEB8-8B4A-11D0-8D11-00A0C91BC942}") = "gamma", "Plugins\glfw-3.3.4\tests\gamma.vcxproj", "{C3506359-5B4A-328F-BDC3-C595D13C728B}"
	ProjectSection(ProjectDependencies) = postProject
		{3DB8BD64-2CC9-3A55-BE0A-193D447465B0} = {3DB8BD64-2CC9-3A55-BE0A-193D447465B0}
	EndProjectSection
EndProject
Project("{8BC9CEB8-8B4A-11D0-8D11-00A0C91BC942}") = "gears", "Plugins\glfw-3.3.4\examples\gears.vcxproj", "{1F9D6836-D28A-3402-A65D-92B67BF45885}"
	ProjectSection(ProjectDependencies) = postProject
		{3DB8BD64-2CC9-3A55-BE0A-193D447465B0} = {3DB8BD64-2CC9-3A55-BE0A-193D447465B0}
	EndProjectSection
EndProject
Project("{8BC9CEB8-8B4A-11D0-8D11-00A0C91BC942}") = "glad", "Plugins\glad\glad.vcxproj", "{2AC87A11-1B8D-3641-976F-CB5CA83E3DCC}"
	ProjectSection(ProjectDependencies) = postProject
	EndProjectSection
EndProject
Project("{8BC9CEB8-8B4A-11D0-8D11-00A0C91BC942}") = "glfw", "Plugins\glfw-3.3.4\src\glfw.vcxproj", "{3DB8BD64-2CC9-3A55-BE0A-193D447465B0}"
	ProjectSection(ProjectDependencies) = postProject
	EndProjectSection
EndProject
Project("{8BC9CEB8-8B4A-11D0-8D11-00A0C91BC942}") = "glfwinfo", "Plugins\glfw-3.3.4\tests\glfwinfo.vcxproj", "{69C436F4-7E68-3E27-B09F-B8A8F58CF727}"
	ProjectSection(ProjectDependencies) = postProject
		{3DB8BD64-2CC9-3A55-BE0A-193D447465B0} = {3DB8BD64-2CC9-3A55-BE0A-193D447465B0}
	EndProjectSection
EndProject
Project("{8BC9CEB8-8B4A-11D0-8D11-00A0C91BC942}") = "gtest", "Plugins\googletest-main\googletest\gtest.vcxproj", "{AA158DF8-2BDA-36E6-8F46-2C4BDE2158E6}"
	ProjectSection(ProjectDependencies) = postProject
	EndProjectSection
EndProject
Project("{8BC9CEB8-8B4A-11D0-8D11-00A0C91BC942}") = "gtest_main", "Plugins\googletest-main\googletest\gtest_main.vcxproj", "{94C9071A-2A46-3AC8-9452-94577C4040D8}"
	ProjectSection(ProjectDependencies) = postProject
		{AA158DF8-2BDA-36E6-8F46-2C4BDE2158E6} = {AA158DF8-2BDA-36E6-8F46-2C4BDE2158E6}
	EndProjectSection
EndProject
Project("{8BC9CEB8-8B4A-11D0-8D11-00A0C91BC942}") = "heightmap", "Plugins\glfw-3.3.4\examples\heightmap.vcxproj", "{1F3BF2B5-D4F3-3A82-9DBC-11E645EAFB6B}"
	ProjectSection(ProjectDependencies) = postProject
		{3DB8BD64-2CC9-3A55-BE0A-193D447465B0} = {3DB8BD64-2CC9-3A55-BE0A-193D447465B0}
	EndProjectSection
EndProject
Project("{8BC9CEB8-8B4A-11D0-8D11-00A0C91BC942}") = "icon", "Plugins\glfw-3.3.4\tests\icon.vcxproj", "{2E66A16C-F15E-32E3-9610-C88D28BC84CF}"
	ProjectSection(ProjectDependencies) = postProject
		{3DB8BD64-2CC9-3A55-BE0A-193D447465B0} = {3DB8BD64-2CC9-3A55-BE0A-193D447465B0}
	EndProjectSection
EndProject
Project("{8BC9CEB8-8B4A-11D0-8D11-00A0C91BC942}") = "iconify", "Plugins\glfw-3.3.4\tests\iconify.vcxproj", "{4323C261-A176-319C-8113-D008406DAF8E}"
	ProjectSection(ProjectDependencies) = postProject
		{3DB8BD64-2CC9-3A55-BE0A-193D447465B0} = {3DB8BD64-2CC9-3A55-BE0A-193D447465B0}
	EndProjectSection
EndProject
Project("{8BC9CEB8-8B4A-11D0-8D11-00A0C91BC942}") = "inputlag", "Plugins\glfw-3.3.4\tests\inputlag.vcxproj", "{9EA1B880-7E12-3E69-A83F-77A8EEE312FF}"
	ProjectSection(ProjectDependencies) = postProject
		{3DB8BD64-2CC9-3A55-BE0A-193D447465B0} = {3DB8BD64-2CC9-3A55-BE0A-193D447465B0}
	EndProjectSection
EndProject
Project("{8BC9CEB8-8B4A-11D0-8D11-00A0C91BC942}") = "joysticks", "Plugins\glfw-3.3.4\tests\joysticks.vcxproj", "{AC90147A-01AC-3F41-8FD5-1CB7B2356C24}"
	ProjectSection(ProjectDependencies) = postProject
		{3DB8BD64-2CC9-3A55-BE0A-193D447465B0} = {3DB8BD64-2CC9-3A55-BE0A-193D447465B0}
	EndProjectSection
EndProject
Project("{8BC9CEB8-8B4A-11D0-8D11-00A0C91BC942}") = "monitors", "Plugins\glfw-3.3.4\tests\monitors.vcxproj", "{84272D55-4C1C-3118-85D5-6AF1162F810C}"
	ProjectSection(ProjectDependencies) = postProject
		{3DB8BD64-2CC9-3A55-BE0A-193D447465B0} = {3DB8BD64-2CC9-3A55-BE0A-193D447465B0}
	EndProjectSection
EndProject
Project("{8BC9CEB8-8B4A-11D0-8D11-00A0C91BC942}") = "msaa", "Plugins\glfw-3.3.4\tests\msaa.vcxproj", "{84BFDF0C-E6DA-3AA0-8EAB-91FBA9DF4AD7}"
	ProjectSection(ProjectDependencies) = postProject
		{3DB8BD64-2CC9-3A55-BE0A-193D447465B0} = {3DB8BD64-2CC9-3A55-BE0A-193D447465B0}
	EndProjectSection
EndProject
Project("{8BC9CEB8-8B4A-11D0-8D11-00A0C91BC942}") = "offscreen", "Plugins\glfw-3.3.4\examples\offscreen.vcxproj", "{26A12BE5-48C9-3CA0-A72B-4AB30ADB1960}"
	ProjectSection(ProjectDependencies) = postProject
		{3DB8BD64-2CC9-3A55-BE0A-193D447465B0} = {3DB8BD64-2CC9-3A55-BE0A-193D447465B0}
	EndProjectSection
EndProject
Project("{8BC9CEB8-8B4A-11D0-8D11-00A0C91BC942}") = "opacity", "Plugins\glfw-3.3.4\tests\opacity.vcxproj", "{73D7FA8A-AC16-3E31-BFD0-34BBEC053BF9}"
	ProjectSection(ProjectDependencies) = postProject
		{3DB8BD64-2CC9-3A55-BE0A-193D447465B0} = {3DB8BD64-2CC9-3A55-BE0A-193D447465B0}
	EndProjectSection
EndProject
Project("{8BC9CEB8-8B4A-11D0-8D11-00A0C91BC942}") = "particles", "Plugins\glfw-3.3.4\examples\particles.vcxproj", "{3DD37F89-E1A5-39E7-A4A5-249434820998}"
	ProjectSection(ProjectDependencies) = postProject
		{3DB8BD64-2CC9-3A55-BE0A-193D447465B0} = {3DB8BD64-2CC9-3A55-BE0A-193D447465B0}
	EndProjectSection
EndProject
Project("{8BC9CEB8-8B4A-11D0-8D11-00A0C91BC942}") = "reopen", "Plugins\glfw-3.3.4\tests\reopen.vcxproj", "{67FAAD35-113C-392C-B9C2-E1216AAFC409}"
	ProjectSection(ProjectDependencies) = postProject
		{3DB8BD64-2CC9-3A55-BE0A-193D447465B0} = {3DB8BD64-2CC9-3A55-BE0A-193D447465B0}
	EndProjectSection
EndProject
Project("{8BC9CEB8-8B4A-11D0-8D11-00A0C91BC942}") = "sharing", "Plugins\glfw-3.3.4\examples\sharing.vcxproj", "{0BE1F84B-327F-3A76-96AA-CF6E057BDAD1}"
	ProjectSection(ProjectDependencies) = postProject
		{3DB8BD64-2CC9-3A55-BE0A-193D447465B0} = {3DB8BD64-2CC9-3A55-BE0A-193D447465B0}
	EndProjectSection
EndProject
Project("{8BC9CEB8-8B4A-11D0-8D11-00A0C91BC942}") = "simple", "Plugins\glfw-3.3.4\examples\simple.vcxproj", "{F4C2DCC5-DB20-305D-BFBB-3D4730B11D0C}"
	ProjectSection(ProjectDependencies) = postProject
		{3DB8BD64-2CC9-3A55-BE0A-193D447465B0} = {3DB8BD64-2CC9-3A55-BE0A-193D447465B0}
	EndProjectSection
EndProject
Project("{8BC9CEB8-8B4A-11D0-8D11-00A0C91BC942}") = "splitview", "Plugins\glfw-3.3.4\examples\splitview.vcxproj", "{6B807184-93BE-3A71-AEAE-A0E727963790}"
	ProjectSection(ProjectDependencies) = postProject
		{3DB8BD64-2CC9-3A55-BE0A-193D447465B0} = {3DB8BD64-2CC9-3A55-BE0A-193D447465B0}
	EndProjectSection
EndProject
Project("{8BC9CEB8-8B4A-11D0-8D11-00A0C91BC942}") = "tearing", "Plugins\glfw-3.3.4\tests\tearing.vcxproj", "{56E08A0E-FA41-3D50-9FF0-F2B9A7CE6A52}"
	ProjectSection(ProjectDependencies) = postProject
		{3DB8BD64-2CC9-3A55-BE0A-193D447465B0} = {3DB8BD64-2CC9-3A55-BE0A-193D447465B0}
	EndProjectSection
EndProject
Project("{8BC9CEB8-8B4A-11D0-8D11-00A0C91BC942}") = "threads", "Plugins\glfw-3.3.4\tests\threads.vcxproj", "{2524E191-E2C1-3BAF-9ACC-9295680A0E69}"
	ProjectSection(ProjectDependencies) = postProject
		{3DB8BD64-2CC9-3A55-BE0A-193D447465B0} = {3DB8BD64-2CC9-3A55-BE0A-193D447465B0}
	EndProjectSection
EndProject
Project("{8BC9CEB8-8B4A-11D0-8D11-00A0C91BC942}") = "timeout", "Plugins\glfw-3.3.4\tests\timeout.vcxproj", "{83385798-5544-37C8-BDD5-CA2E31BA19CA}"
	ProjectSection(ProjectDependencies) = postProject
		{3DB8BD64-2CC9-3A55-BE0A-193D447465B0} = {3DB8BD64-2CC9-3A55-BE0A-193D447465B0}
	EndProjectSection
EndProject
Project("{8BC9CEB8-8B4A-11D0-8D11-00A0C91BC942}") = "title", "Plugins\glfw-3.3.4\tests\title.vcxproj", "{068B5135-E137-3390-BC60-1A5F28547E19}"
	ProjectSection(ProjectDependencies) = postProject
		{3DB8BD64-2CC9-3A55-BE0A-193D447465B0} = {3DB8BD64-2CC9-3A55-BE0A-193D447465B0}
	EndProjectSection
EndProject
Project("{8BC9CEB8-8B4A-11D0-8D11-00A0C91BC942}") = "triangle-vulkan", "Plugins\glfw-3.3.4\tests\triangle-vulkan.vcxproj", "{EF8FD055-B6F0-3B27-A29F-900BD80EFA74}"
	ProjectSection(ProjectDependencies) = postProject
		{3DB8BD64-2CC9-3A55-BE0A-193D447465B0} = {3DB8BD64-2CC9-3A55-BE0A-193D447465B0}
	EndProjectSection
EndProject
Project("{8BC9CEB8-8B4A-11D0-8D11-00A0C91BC942}") = "uninstall", "Plugins\glfw-3.3.4\uninstall.vcxproj", "{A04D87D4-98C0-3BDE-845C-065724FCFBF3}"
	ProjectSection(ProjectDependencies) = postProject
	EndProjectSection
EndProject
Project("{8BC9CEB8-8B4A-11D0-8D11-00A0C91BC942}") = "wave", "Plugins\glfw-3.3.4\examples\wave.vcxproj", "{C97D0BB6-86D0-3320-9759-596358D7B9AD}"
	ProjectSection(ProjectDependencies) = postProject
		{3DB8BD64-2CC9-3A55-BE0A-193D447465B0} = {3DB8BD64-2CC9-3A55-BE0A-193D447465B0}
	EndProjectSection
EndProject
Project("{8BC9CEB8-8B4A-11D0-8D11-00A0C91BC942}") = "windows", "Plugins\glfw-3.3.4\tests\windows.vcxproj", "{6234ED11-85EE-3175-A00F-BCD0DF942126}"
	ProjectSection(ProjectDependencies) = postProject
		{3DB8BD64-2CC9-3A55-BE0A-193D447465B0} = {3DB8BD64-2CC9-3A55-BE0A-193D447465B0}
	EndProjectSection
EndProject
Global
	GlobalSection(SolutionConfigurationPlatforms) = preSolution
		Debug|x64 = Debug|x64
		Release|x64 = Release|x64
		MinSizeRel|x64 = MinSizeRel|x64
		RelWithDebInfo|x64 = RelWithDebInfo|x64
	EndGlobalSection
	GlobalSection(ProjectConfigurationPlatforms) = postSolution
		{6550AC95-E897-36B6-8F90-AA545BA72533}.Debug|x64.ActiveCfg = Debug|x64
		{6550AC95-E897-36B6-8F90-AA545BA72533}.Debug|x64.Build.0 = Debug|x64
		{6550AC95-E897-36B6-8F90-AA545BA72533}.Release|x64.ActiveCfg = Release|x64
		{6550AC95-E897-36B6-8F90-AA545BA72533}.Release|x64.Build.0 = Release|x64
		{6550AC95-E897-36B6-8F90-AA545BA72533}.MinSizeRel|x64.ActiveCfg = MinSizeRel|x64
		{6550AC95-E897-36B6-8F90-AA545BA72533}.MinSizeRel|x64.Build.0 = MinSizeRel|x64
		{6550AC95-E897-36B6-8F90-AA545BA72533}.RelWithDebInfo|x64.ActiveCfg = RelWithDebInfo|x64
		{6550AC95-E897-36B6-8F90-AA545BA72533}.RelWithDebInfo|x64.Build.0 = RelWithDebInfo|x64
		{B71319F2-3A30-38FF-BCAA-F9F94C36A947}.Debug|x64.ActiveCfg = Debug|x64
		{B71319F2-3A30-38FF-BCAA-F9F94C36A947}.Debug|x64.Build.0 = Debug|x64
		{B71319F2-3A30-38FF-BCAA-F9F94C36A947}.Release|x64.ActiveCfg = Release|x64
		{B71319F2-3A30-38FF-BCAA-F9F94C36A947}.Release|x64.Build.0 = Release|x64
		{B71319F2-3A30-38FF-BCAA-F9F94C36A947}.MinSizeRel|x64.ActiveCfg = MinSizeRel|x64
		{B71319F2-3A30-38FF-BCAA-F9F94C36A947}.MinSizeRel|x64.Build.0 = MinSizeRel|x64
		{B71319F2-3A30-38FF-BCAA-F9F94C36A947}.RelWithDebInfo|x64.ActiveCfg = RelWithDebInfo|x64
		{B71319F2-3A30-38FF-BCAA-F9F94C36A947}.RelWithDebInfo|x64.Build.0 = RelWithDebInfo|x64
		{48CE36BE-F581-37F1-87CB-55B6AC553133}.Debug|x64.ActiveCfg = Debug|x64
		{48CE36BE-F581-37F1-87CB-55B6AC553133}.Debug|x64.Build.0 = Debug|x64
		{48CE36BE-F581-37F1-87CB-55B6AC553133}.Release|x64.ActiveCfg = Release|x64
		{48CE36BE-F581-37F1-87CB-55B6AC553133}.Release|x64.Build.0 = Release|x64
		{48CE36BE-F581-37F1-87CB-55B6AC553133}.MinSizeRel|x64.ActiveCfg = MinSizeRel|x64
		{48CE36BE-F581-37F1-87CB-55B6AC553133}.MinSizeRel|x64.Build.0 = MinSizeRel|x64
		{48CE36BE-F581-37F1-87CB-55B6AC553133}.RelWithDebInfo|x64.ActiveCfg = RelWithDebInfo|x64
		{48CE36BE-F581-37F1-87CB-55B6AC553133}.RelWithDebInfo|x64.Build.0 = RelWithDebInfo|x64
		{C433B640-A4A8-33ED-961C-07A8DF910CDC}.Debug|x64.ActiveCfg = Debug|x64
		{C433B640-A4A8-33ED-961C-07A8DF910CDC}.Release|x64.ActiveCfg = Release|x64
		{C433B640-A4A8-33ED-961C-07A8DF910CDC}.MinSizeRel|x64.ActiveCfg = MinSizeRel|x64
		{C433B640-A4A8-33ED-961C-07A8DF910CDC}.RelWithDebInfo|x64.ActiveCfg = RelWithDebInfo|x64
		{7759E6EB-7DAA-3E50-BCDF-F7025E2A4141}.Debug|x64.ActiveCfg = Debug|x64
		{7759E6EB-7DAA-3E50-BCDF-F7025E2A4141}.Debug|x64.Build.0 = Debug|x64
		{7759E6EB-7DAA-3E50-BCDF-F7025E2A4141}.Release|x64.ActiveCfg = Release|x64
		{7759E6EB-7DAA-3E50-BCDF-F7025E2A4141}.Release|x64.Build.0 = Release|x64
		{7759E6EB-7DAA-3E50-BCDF-F7025E2A4141}.MinSizeRel|x64.ActiveCfg = MinSizeRel|x64
		{7759E6EB-7DAA-3E50-BCDF-F7025E2A4141}.MinSizeRel|x64.Build.0 = MinSizeRel|x64
		{7759E6EB-7DAA-3E50-BCDF-F7025E2A4141}.RelWithDebInfo|x64.ActiveCfg = RelWithDebInfo|x64
		{7759E6EB-7DAA-3E50-BCDF-F7025E2A4141}.RelWithDebInfo|x64.Build.0 = RelWithDebInfo|x64
		{8D75EC9C-F200-3659-AF42-660027B80696}.Debug|x64.ActiveCfg = Debug|x64
		{8D75EC9C-F200-3659-AF42-660027B80696}.Debug|x64.Build.0 = Debug|x64
		{8D75EC9C-F200-3659-AF42-660027B80696}.Release|x64.ActiveCfg = Release|x64
		{8D75EC9C-F200-3659-AF42-660027B80696}.Release|x64.Build.0 = Release|x64
		{8D75EC9C-F200-3659-AF42-660027B80696}.MinSizeRel|x64.ActiveCfg = MinSizeRel|x64
		{8D75EC9C-F200-3659-AF42-660027B80696}.MinSizeRel|x64.Build.0 = MinSizeRel|x64
		{8D75EC9C-F200-3659-AF42-660027B80696}.RelWithDebInfo|x64.ActiveCfg = RelWithDebInfo|x64
		{8D75EC9C-F200-3659-AF42-660027B80696}.RelWithDebInfo|x64.Build.0 = RelWithDebInfo|x64
		{F8F33946-6B36-30F6-A793-67D08BD9960F}.Debug|x64.ActiveCfg = Debug|x64
		{F8F33946-6B36-30F6-A793-67D08BD9960F}.Debug|x64.Build.0 = Debug|x64
		{F8F33946-6B36-30F6-A793-67D08BD9960F}.Release|x64.ActiveCfg = Release|x64
		{F8F33946-6B36-30F6-A793-67D08BD9960F}.Release|x64.Build.0 = Release|x64
		{F8F33946-6B36-30F6-A793-67D08BD9960F}.MinSizeRel|x64.ActiveCfg = MinSizeRel|x64
		{F8F33946-6B36-30F6-A793-67D08BD9960F}.MinSizeRel|x64.Build.0 = MinSizeRel|x64
		{F8F33946-6B36-30F6-A793-67D08BD9960F}.RelWithDebInfo|x64.ActiveCfg = RelWithDebInfo|x64
		{F8F33946-6B36-30F6-A793-67D08BD9960F}.RelWithDebInfo|x64.Build.0 = RelWithDebInfo|x64
		{1AF870B6-A6AD-314B-83F2-A727DF495004}.Debug|x64.ActiveCfg = Debug|x64
		{1AF870B6-A6AD-314B-83F2-A727DF495004}.Debug|x64.Build.0 = Debug|x64
		{1AF870B6-A6AD-314B-83F2-A727DF495004}.Release|x64.ActiveCfg = Release|x64
		{1AF870B6-A6AD-314B-83F2-A727DF495004}.Release|x64.Build.0 = Release|x64
		{1AF870B6-A6AD-314B-83F2-A727DF495004}.MinSizeRel|x64.ActiveCfg = MinSizeRel|x64
		{1AF870B6-A6AD-314B-83F2-A727DF495004}.MinSizeRel|x64.Build.0 = MinSizeRel|x64
		{1AF870B6-A6AD-314B-83F2-A727DF495004}.RelWithDebInfo|x64.ActiveCfg = RelWithDebInfo|x64
		{1AF870B6-A6AD-314B-83F2-A727DF495004}.RelWithDebInfo|x64.Build.0 = RelWithDebInfo|x64
		{DC49423A-FF24-3F23-9DE2-266FAB1EB8EB}.Debug|x64.ActiveCfg = Debug|x64
		{DC49423A-FF24-3F23-9DE2-266FAB1EB8EB}.Debug|x64.Build.0 = Debug|x64
		{DC49423A-FF24-3F23-9DE2-266FAB1EB8EB}.Release|x64.ActiveCfg = Release|x64
		{DC49423A-FF24-3F23-9DE2-266FAB1EB8EB}.Release|x64.Build.0 = Release|x64
		{DC49423A-FF24-3F23-9DE2-266FAB1EB8EB}.MinSizeRel|x64.ActiveCfg = MinSizeRel|x64
		{DC49423A-FF24-3F23-9DE2-266FAB1EB8EB}.MinSizeRel|x64.Build.0 = MinSizeRel|x64
		{DC49423A-FF24-3F23-9DE2-266FAB1EB8EB}.RelWithDebInfo|x64.ActiveCfg = RelWithDebInfo|x64
		{DC49423A-FF24-3F23-9DE2-266FAB1EB8EB}.RelWithDebInfo|x64.Build.0 = RelWithDebInfo|x64
		{3CF17645-69BA-34C2-9B89-6B94C923A569}.Debug|x64.ActiveCfg = Debug|x64
		{3CF17645-69BA-34C2-9B89-6B94C923A569}.Debug|x64.Build.0 = Debug|x64
		{3CF17645-69BA-34C2-9B89-6B94C923A569}.Release|x64.ActiveCfg = Release|x64
		{3CF17645-69BA-34C2-9B89-6B94C923A569}.Release|x64.Build.0 = Release|x64
		{3CF17645-69BA-34C2-9B89-6B94C923A569}.MinSizeRel|x64.ActiveCfg = MinSizeRel|x64
		{3CF17645-69BA-34C2-9B89-6B94C923A569}.MinSizeRel|x64.Build.0 = MinSizeRel|x64
		{3CF17645-69BA-34C2-9B89-6B94C923A569}.RelWithDebInfo|x64.ActiveCfg = RelWithDebInfo|x64
		{3CF17645-69BA-34C2-9B89-6B94C923A569}.RelWithDebInfo|x64.Build.0 = RelWithDebInfo|x64
		{C3506359-5B4A-328F-BDC3-C595D13C728B}.Debug|x64.ActiveCfg = Debug|x64
		{C3506359-5B4A-328F-BDC3-C595D13C728B}.Debug|x64.Build.0 = Debug|x64
		{C3506359-5B4A-328F-BDC3-C595D13C728B}.Release|x64.ActiveCfg = Release|x64
		{C3506359-5B4A-328F-BDC3-C595D13C728B}.Release|x64.Build.0 = Release|x64
		{C3506359-5B4A-328F-BDC3-C595D13C728B}.MinSizeRel|x64.ActiveCfg = MinSizeRel|x64
		{C3506359-5B4A-328F-BDC3-C595D13C728B}.MinSizeRel|x64.Build.0 = MinSizeRel|x64
		{C3506359-5B4A-328F-BDC3-C595D13C728B}.RelWithDebInfo|x64.ActiveCfg = RelWithDebInfo|x64
		{C3506359-5B4A-328F-BDC3-C595D13C728B}.RelWithDebInfo|x64.Build.0 = RelWithDebInfo|x64
		{1F9D6836-D28A-3402-A65D-92B67BF45885}.Debug|x64.ActiveCfg = Debug|x64
		{1F9D6836-D28A-3402-A65D-92B67BF45885}.Debug|x64.Build.0 = Debug|x64
		{1F9D6836-D28A-3402-A65D-92B67BF45885}.Release|x64.ActiveCfg = Release|x64
		{1F9D6836-D28A-3402-A65D-92B67BF45885}.Release|x64.Build.0 = Release|x64
		{1F9D6836-D28A-3402-A65D-92B67BF45885}.MinSizeRel|x64.ActiveCfg = MinSizeRel|x64
		{1F9D6836-D28A-3402-A65D-92B67BF45885}.MinSizeRel|x64.Build.0 = MinSizeRel|x64
		{1F9D6836-D28A-3402-A65D-92B67BF45885}.RelWithDebInfo|x64.ActiveCfg = RelWithDebInfo|x64
		{1F9D6836-D28A-3402-A65D-92B67BF45885}.RelWithDebInfo|x64.Build.0 = RelWithDebInfo|x64
		{2AC87A11-1B8D-3641-976F-CB5CA83E3DCC}.Debug|x64.ActiveCfg = Debug|x64
		{2AC87A11-1B8D-3641-976F-CB5CA83E3DCC}.Debug|x64.Build.0 = Debug|x64
		{2AC87A11-1B8D-3641-976F-CB5CA83E3DCC}.Release|x64.ActiveCfg = Release|x64
		{2AC87A11-1B8D-3641-976F-CB5CA83E3DCC}.Release|x64.Build.0 = Release|x64
		{2AC87A11-1B8D-3641-976F-CB5CA83E3DCC}.MinSizeRel|x64.ActiveCfg = MinSizeRel|x64
		{2AC87A11-1B8D-3641-976F-CB5CA83E3DCC}.MinSizeRel|x64.Build.0 = MinSizeRel|x64
		{2AC87A11-1B8D-3641-976F-CB5CA83E3DCC}.RelWithDebInfo|x64.ActiveCfg = RelWithDebInfo|x64
		{2AC87A11-1B8D-3641-976F-CB5CA83E3DCC}.RelWithDebInfo|x64.Build.0 = RelWithDebInfo|x64
		{3DB8BD64-2CC9-3A55-BE0A-193D447465B0}.Debug|x64.ActiveCfg = Debug|x64
		{3DB8BD64-2CC9-3A55-BE0A-193D447465B0}.Debug|x64.Build.0 = Debug|x64
		{3DB8BD64-2CC9-3A55-BE0A-193D447465B0}.Release|x64.ActiveCfg = Release|x64
		{3DB8BD64-2CC9-3A55-BE0A-193D447465B0}.Release|x64.Build.0 = Release|x64
		{3DB8BD64-2CC9-3A55-BE0A-193D447465B0}.MinSizeRel|x64.ActiveCfg = MinSizeRel|x64
		{3DB8BD64-2CC9-3A55-BE0A-193D447465B0}.MinSizeRel|x64.Build.0 = MinSizeRel|x64
		{3DB8BD64-2CC9-3A55-BE0A-193D447465B0}.RelWithDebInfo|x64.ActiveCfg = RelWithDebInfo|x64
		{3DB8BD64-2CC9-3A55-BE0A-193D447465B0}.RelWithDebInfo|x64.Build.0 = RelWithDebInfo|x64
		{69C436F4-7E68-3E27-B09F-B8A8F58CF727}.Debug|x64.ActiveCfg = Debug|x64
		{69C436F4-7E68-3E27-B09F-B8A8F58CF727}.Debug|x64.Build.0 = Debug|x64
		{69C436F4-7E68-3E27-B09F-B8A8F58CF727}.Release|x64.ActiveCfg = Release|x64
		{69C436F4-7E68-3E27-B09F-B8A8F58CF727}.Release|x64.Build.0 = Release|x64
		{69C436F4-7E68-3E27-B09F-B8A8F58CF727}.MinSizeRel|x64.ActiveCfg = MinSizeRel|x64
		{69C436F4-7E68-3E27-B09F-B8A8F58CF727}.MinSizeRel|x64.Build.0 = MinSizeRel|x64
		{69C436F4-7E68-3E27-B09F-B8A8F58CF727}.RelWithDebInfo|x64.ActiveCfg = RelWithDebInfo|x64
		{69C436F4-7E68-3E27-B09F-B8A8F58CF727}.RelWithDebInfo|x64.Build.0 = RelWithDebInfo|x64
		{AA158DF8-2BDA-36E6-8F46-2C4BDE2158E6}.Debug|x64.ActiveCfg = Debug|x64
		{AA158DF8-2BDA-36E6-8F46-2C4BDE2158E6}.Debug|x64.Build.0 = Debug|x64
		{AA158DF8-2BDA-36E6-8F46-2C4BDE2158E6}.Release|x64.ActiveCfg = Release|x64
		{AA158DF8-2BDA-36E6-8F46-2C4BDE2158E6}.Release|x64.Build.0 = Release|x64
		{AA158DF8-2BDA-36E6-8F46-2C4BDE2158E6}.MinSizeRel|x64.ActiveCfg = MinSizeRel|x64
		{AA158DF8-2BDA-36E6-8F46-2C4BDE2158E6}.MinSizeRel|x64.Build.0 = MinSizeRel|x64
		{AA158DF8-2BDA-36E6-8F46-2C4BDE2158E6}.RelWithDebInfo|x64.ActiveCfg = RelWithDebInfo|x64
		{AA158DF8-2BDA-36E6-8F46-2C4BDE2158E6}.RelWithDebInfo|x64.Build.0 = RelWithDebInfo|x64
		{94C9071A-2A46-3AC8-9452-94577C4040D8}.Debug|x64.ActiveCfg = Debug|x64
		{94C9071A-2A46-3AC8-9452-94577C4040D8}.Debug|x64.Build.0 = Debug|x64
		{94C9071A-2A46-3AC8-9452-94577C4040D8}.Release|x64.ActiveCfg = Release|x64
		{94C9071A-2A46-3AC8-9452-94577C4040D8}.Release|x64.Build.0 = Release|x64
		{94C9071A-2A46-3AC8-9452-94577C4040D8}.MinSizeRel|x64.ActiveCfg = MinSizeRel|x64
		{94C9071A-2A46-3AC8-9452-94577C4040D8}.MinSizeRel|x64.Build.0 = MinSizeRel|x64
		{94C9071A-2A46-3AC8-9452-94577C4040D8}.RelWithDebInfo|x64.ActiveCfg = RelWithDebInfo|x64
		{94C9071A-2A46-3AC8-9452-94577C4040D8}.RelWithDebInfo|x64.Build.0 = RelWithDebInfo|x64
		{1F3BF2B5-D4F3-3A82-9DBC-11E645EAFB6B}.Debug|x64.ActiveCfg = Debug|x64
		{1F3BF2B5-D4F3-3A82-9DBC-11E645EAFB6B}.Debug|x64.Build.0 = Debug|x64
		{1F3BF2B5-D4F3-3A82-9DBC-11E645EAFB6B}.Release|x64.ActiveCfg = Release|x64
		{1F3BF2B5-D4F3-3A82-9DBC-11E645EAFB6B}.Release|x64.Build.0 = Release|x64
		{1F3BF2B5-D4F3-3A82-9DBC-11E645EAFB6B}.MinSizeRel|x64.ActiveCfg = MinSizeRel|x64
		{1F3BF2B5-D4F3-3A82-9DBC-11E645EAFB6B}.MinSizeRel|x64.Build.0 = MinSizeRel|x64
		{1F3BF2B5-D4F3-3A82-9DBC-11E645EAFB6B}.RelWithDebInfo|x64.ActiveCfg = RelWithDebInfo|x64
		{1F3BF2B5-D4F3-3A82-9DBC-11E645EAFB6B}.RelWithDebInfo|x64.Build.0 = RelWithDebInfo|x64
		{2E66A16C-F15E-32E3-9610-C88D28BC84CF}.Debug|x64.ActiveCfg = Debug|x64
		{2E66A16C-F15E-32E3-9610-C88D28BC84CF}.Debug|x64.Build.0 = Debug|x64
		{2E66A16C-F15E-32E3-9610-C88D28BC84CF}.Release|x64.ActiveCfg = Release|x64
		{2E66A16C-F15E-32E3-9610-C88D28BC84CF}.Release|x64.Build.0 = Release|x64
		{2E66A16C-F15E-32E3-9610-C88D28BC84CF}.MinSizeRel|x64.ActiveCfg = MinSizeRel|x64
		{2E66A16C-F15E-32E3-9610-C88D28BC84CF}.MinSizeRel|x64.Build.0 = MinSizeRel|x64
		{2E66A16C-F15E-32E3-9610-C88D28BC84CF}.RelWithDebInfo|x64.ActiveCfg = RelWithDebInfo|x64
		{2E66A16C-F15E-32E3-9610-C88D28BC84CF}.RelWithDebInfo|x64.Build.0 = RelWithDebInfo|x64
		{4323C261-A176-319C-8113-D008406DAF8E}.Debug|x64.ActiveCfg = Debug|x64
		{4323C261-A176-319C-8113-D008406DAF8E}.Debug|x64.Build.0 = Debug|x64
		{4323C261-A176-319C-8113-D008406DAF8E}.Release|x64.ActiveCfg = Release|x64
		{4323C261-A176-319C-8113-D008406DAF8E}.Release|x64.Build.0 = Release|x64
		{4323C261-A176-319C-8113-D008406DAF8E}.MinSizeRel|x64.ActiveCfg = MinSizeRel|x64
		{4323C261-A176-319C-8113-D008406DAF8E}.MinSizeRel|x64.Build.0 = MinSizeRel|x64
		{4323C261-A176-319C-8113-D008406DAF8E}.RelWithDebInfo|x64.ActiveCfg = RelWithDebInfo|x64
		{4323C261-A176-319C-8113-D008406DAF8E}.RelWithDebInfo|x64.Build.0 = RelWithDebInfo|x64
		{9EA1B880-7E12-3E69-A83F-77A8EEE312FF}.Debug|x64.ActiveCfg = Debug|x64
		{9EA1B880-7E12-3E69-A83F-77A8EEE312FF}.Debug|x64.Build.0 = Debug|x64
		{9EA1B880-7E12-3E69-A83F-77A8EEE312FF}.Release|x64.ActiveCfg = Release|x64
		{9EA1B880-7E12-3E69-A83F-77A8EEE312FF}.Release|x64.Build.0 = Release|x64
		{9EA1B880-7E12-3E69-A83F-77A8EEE312FF}.MinSizeRel|x64.ActiveCfg = MinSizeRel|x64
		{9EA1B880-7E12-3E69-A83F-77A8EEE312FF}.MinSizeRel|x64.Build.0 = MinSizeRel|x64
		{9EA1B880-7E12-3E69-A83F-77A8EEE312FF}.RelWithDebInfo|x64.ActiveCfg = RelWithDebInfo|x64
		{9EA1B880-7E12-3E69-A83F-77A8EEE312FF}.RelWithDebInfo|x64.Build.0 = RelWithDebInfo|x64
		{AC90147A-01AC-3F41-8FD5-1CB7B2356C24}.Debug|x64.ActiveCfg = Debug|x64
		{AC90147A-01AC-3F41-8FD5-1CB7B2356C24}.Debug|x64.Build.0 = Debug|x64
		{AC90147A-01AC-3F41-8FD5-1CB7B2356C24}.Release|x64.ActiveCfg = Release|x64
		{AC90147A-01AC-3F41-8FD5-1CB7B2356C24}.Release|x64.Build.0 = Release|x64
		{AC90147A-01AC-3F41-8FD5-1CB7B2356C24}.MinSizeRel|x64.ActiveCfg = MinSizeRel|x64
		{AC90147A-01AC-3F41-8FD5-1CB7B2356C24}.MinSizeRel|x64.Build.0 = MinSizeRel|x64
		{AC90147A-01AC-3F41-8FD5-1CB7B2356C24}.RelWithDebInfo|x64.ActiveCfg = RelWithDebInfo|x64
		{AC90147A-01AC-3F41-8FD5-1CB7B2356C24}.RelWithDebInfo|x64.Build.0 = RelWithDebInfo|x64
		{84272D55-4C1C-3118-85D5-6AF1162F810C}.Debug|x64.ActiveCfg = Debug|x64
		{84272D55-4C1C-3118-85D5-6AF1162F810C}.Debug|x64.Build.0 = Debug|x64
		{84272D55-4C1C-3118-85D5-6AF1162F810C}.Release|x64.ActiveCfg = Release|x64
		{84272D55-4C1C-3118-85D5-6AF1162F810C}.Release|x64.Build.0 = Release|x64
		{84272D55-4C1C-3118-85D5-6AF1162F810C}.MinSizeRel|x64.ActiveCfg = MinSizeRel|x64
		{84272D55-4C1C-3118-85D5-6AF1162F810C}.MinSizeRel|x64.Build.0 = MinSizeRel|x64
		{84272D55-4C1C-3118-85D5-6AF1162F810C}.RelWithDebInfo|x64.ActiveCfg = RelWithDebInfo|x64
		{84272D55-4C1C-3118-85D5-6AF1162F810C}.RelWithDebInfo|x64.Build.0 = RelWithDebInfo|x64
		{84BFDF0C-E6DA-3AA0-8EAB-91FBA9DF4AD7}.Debug|x64.ActiveCfg = Debug|x64
		{84BFDF0C-E6DA-3AA0-8EAB-91FBA9DF4AD7}.Debug|x64.Build.0 = Debug|x64
		{84BFDF0C-E6DA-3AA0-8EAB-91FBA9DF4AD7}.Release|x64.ActiveCfg = Release|x64
		{84BFDF0C-E6DA-3AA0-8EAB-91FBA9DF4AD7}.Release|x64.Build.0 = Release|x64
		{84BFDF0C-E6DA-3AA0-8EAB-91FBA9DF4AD7}.MinSizeRel|x64.ActiveCfg = MinSizeRel|x64
		{84BFDF0C-E6DA-3AA0-8EAB-91FBA9DF4AD7}.MinSizeRel|x64.Build.0 = MinSizeRel|x64
		{84BFDF0C-E6DA-3AA0-8EAB-91FBA9DF4AD7}.RelWithDebInfo|x64.ActiveCfg = RelWithDebInfo|x64
		{84BFDF0C-E6DA-3AA0-8EAB-91FBA9DF4AD7}.RelWithDebInfo|x64.Build.0 = RelWithDebInfo|x64
		{26A12BE5-48C9-3CA0-A72B-4AB30ADB1960}.Debug|x64.ActiveCfg = Debug|x64
		{26A12BE5-48C9-3CA0-A72B-4AB30ADB1960}.Debug|x64.Build.0 = Debug|x64
		{26A12BE5-48C9-3CA0-A72B-4AB30ADB1960}.Release|x64.ActiveCfg = Release|x64
		{26A12BE5-48C9-3CA0-A72B-4AB30ADB1960}.Release|x64.Build.0 = Release|x64
		{26A12BE5-48C9-3CA0-A72B-4AB30ADB1960}.MinSizeRel|x64.ActiveCfg = MinSizeRel|x64
		{26A12BE5-48C9-3CA0-A72B-4AB30ADB1960}.MinSizeRel|x64.Build.0 = MinSizeRel|x64
		{26A12BE5-48C9-3CA0-A72B-4AB30ADB1960}.RelWithDebInfo|x64.ActiveCfg = RelWithDebInfo|x64
		{26A12BE5-48C9-3CA0-A72B-4AB30ADB1960}.RelWithDebInfo|x64.Build.0 = RelWithDebInfo|x64
		{73D7FA8A-AC16-3E31-BFD0-34BBEC053BF9}.Debug|x64.ActiveCfg = Debug|x64
		{73D7FA8A-AC16-3E31-BFD0-34BBEC053BF9}.Debug|x64.Build.0 = Debug|x64
		{73D7FA8A-AC16-3E31-BFD0-34BBEC053BF9}.Release|x64.ActiveCfg = Release|x64
		{73D7FA8A-AC16-3E31-BFD0-34BBEC053BF9}.Release|x64.Build.0 = Release|x64
		{73D7FA8A-AC16-3E31-BFD0-34BBEC053BF9}.MinSizeRel|x64.ActiveCfg = MinSizeRel|x64
		{73D7FA8A-AC16-3E31-BFD0-34BBEC053BF9}.MinSizeRel|x64.Build.0 = MinSizeRel|x64
		{73D7FA8A-AC16-3E31-BFD0-34BBEC053BF9}.RelWithDebInfo|x64.ActiveCfg = RelWithDebInfo|x64
		{73D7FA8A-AC16-3E31-BFD0-34BBEC053BF9}.RelWithDebInfo|x64.Build.0 = RelWithDebInfo|x64
		{3DD37F89-E1A5-39E7-A4A5-249434820998}.Debug|x64.ActiveCfg = Debug|x64
		{3DD37F89-E1A5-39E7-A4A5-249434820998}.Debug|x64.Build.0 = Debug|x64
		{3DD37F89-E1A5-39E7-A4A5-249434820998}.Release|x64.ActiveCfg = Release|x64
		{3DD37F89-E1A5-39E7-A4A5-249434820998}.Release|x64.Build.0 = Release|x64
		{3DD37F89-E1A5-39E7-A4A5-249434820998}.MinSizeRel|x64.ActiveCfg = MinSizeRel|x64
		{3DD37F89-E1A5-39E7-A4A5-249434820998}.MinSizeRel|x64.Build.0 = MinSizeRel|x64
		{3DD37F89-E1A5-39E7-A4A5-249434820998}.RelWithDebInfo|x64.ActiveCfg = RelWithDebInfo|x64
		{3DD37F89-E1A5-39E7-A4A5-249434820998}.RelWithDebInfo|x64.Build.0 = RelWithDebInfo|x64
		{67FAAD35-113C-392C-B9C2-E1216AAFC409}.Debug|x64.ActiveCfg = Debug|x64
		{67FAAD35-113C-392C-B9C2-E1216AAFC409}.Debug|x64.Build.0 = Debug|x64
		{67FAAD35-113C-392C-B9C2-E1216AAFC409}.Release|x64.ActiveCfg = Release|x64
		{67FAAD35-113C-392C-B9C2-E1216AAFC409}.Release|x64.Build.0 = Release|x64
		{67FAAD35-113C-392C-B9C2-E1216AAFC409}.MinSizeRel|x64.ActiveCfg = MinSizeRel|x64
		{67FAAD35-113C-392C-B9C2-E1216AAFC409}.MinSizeRel|x64.Build.0 = MinSizeRel|x64
		{67FAAD35-113C-392C-B9C2-E1216AAFC409}.RelWithDebInfo|x64.ActiveCfg = RelWithDebInfo|x64
		{67FAAD35-113C-392C-B9C2-E1216AAFC409}.RelWithDebInfo|x64.Build.0 = RelWithDebInfo|x64
		{0BE1F84B-327F-3A76-96AA-CF6E057BDAD1}.Debug|x64.ActiveCfg = Debug|x64
		{0BE1F84B-327F-3A76-96AA-CF6E057BDAD1}.Debug|x64.Build.0 = Debug|x64
		{0BE1F84B-327F-3A76-96AA-CF6E057BDAD1}.Release|x64.ActiveCfg = Release|x64
		{0BE1F84B-327F-3A76-96AA-CF6E057BDAD1}.Release|x64.Build.0 = Release|x64
		{0BE1F84B-327F-3A76-96AA-CF6E057BDAD1}.MinSizeRel|x64.ActiveCfg = MinSizeRel|x64
		{0BE1F84B-327F-3A76-96AA-CF6E057BDAD1}.MinSizeRel|x64.Build.0 = MinSizeRel|x64
		{0BE1F84B-327F-3A76-96AA-CF6E057BDAD1}.RelWithDebInfo|x64.ActiveCfg = RelWithDebInfo|x64
		{0BE1F84B-327F-3A76-96AA-CF6E057BDAD1}.RelWithDebInfo|x64.Build.0 = RelWithDebInfo|x64
		{F4C2DCC5-DB20-305D-BFBB-3D4730B11D0C}.Debug|x64.ActiveCfg = Debug|x64
		{F4C2DCC5-DB20-305D-BFBB-3D4730B11D0C}.Debug|x64.Build.0 = Debug|x64
		{F4C2DCC5-DB20-305D-BFBB-3D4730B11D0C}.Release|x64.ActiveCfg = Release|x64
		{F4C2DCC5-DB20-305D-BFBB-3D4730B11D0C}.Release|x64.Build.0 = Release|x64
		{F4C2DCC5-DB20-305D-BFBB-3D4730B11D0C}.MinSizeRel|x64.ActiveCfg = MinSizeRel|x64
		{F4C2DCC5-DB20-305D-BFBB-3D4730B11D0C}.MinSizeRel|x64.Build.0 = MinSizeRel|x64
		{F4C2DCC5-DB20-305D-BFBB-3D4730B11D0C}.RelWithDebInfo|x64.ActiveCfg = RelWithDebInfo|x64
		{F4C2DCC5-DB20-305D-BFBB-3D4730B11D0C}.RelWithDebInfo|x64.Build.0 = RelWithDebInfo|x64
		{6B807184-93BE-3A71-AEAE-A0E727963790}.Debug|x64.ActiveCfg = Debug|x64
		{6B807184-93BE-3A71-AEAE-A0E727963790}.Debug|x64.Build.0 = Debug|x64
		{6B807184-93BE-3A71-AEAE-A0E727963790}.Release|x64.ActiveCfg = Release|x64
		{6B807184-93BE-3A71-AEAE-A0E727963790}.Release|x64.Build.0 = Release|x64
		{6B807184-93BE-3A71-AEAE-A0E727963790}.MinSizeRel|x64.ActiveCfg = MinSizeRel|x64
		{6B807184-93BE-3A71-AEAE-A0E727963790}.MinSizeRel|x64.Build.0 = MinSizeRel|x64
		{6B807184-93BE-3A71-AEAE-A0E727963790}.RelWithDebInfo|x64.ActiveCfg = RelWithDebInfo|x64
		{6B807184-93BE-3A71-AEAE-A0E727963790}.RelWithDebInfo|x64.Build.0 = RelWithDebInfo|x64
		{56E08A0E-FA41-3D50-9FF0-F2B9A7CE6A52}.Debug|x64.ActiveCfg = Debug|x64
		{56E08A0E-FA41-3D50-9FF0-F2B9A7CE6A52}.Debug|x64.Build.0 = Debug|x64
		{56E08A0E-FA41-3D50-9FF0-F2B9A7CE6A52}.Release|x64.ActiveCfg = Release|x64
		{56E08A0E-FA41-3D50-9FF0-F2B9A7CE6A52}.Release|x64.Build.0 = Release|x64
		{56E08A0E-FA41-3D50-9FF0-F2B9A7CE6A52}.MinSizeRel|x64.ActiveCfg = MinSizeRel|x64
		{56E08A0E-FA41-3D50-9FF0-F2B9A7CE6A52}.MinSizeRel|x64.Build.0 = MinSizeRel|x64
		{56E08A0E-FA41-3D50-9FF0-F2B9A7CE6A52}.RelWithDebInfo|x64.ActiveCfg = RelWithDebInfo|x64
		{56E08A0E-FA41-3D50-9FF0-F2B9A7CE6A52}.RelWithDebInfo|x64.Build.0 = RelWithDebInfo|x64
		{2524E191-E2C1-3BAF-9ACC-9295680A0E69}.Debug|x64.ActiveCfg = Debug|x64
		{2524E191-E2C1-3BAF-9ACC-9295680A0E69}.Debug|x64.Build.0 = Debug|x64
		{2524E191-E2C1-3BAF-9ACC-9295680A0E69}.Release|x64.ActiveCfg = Release|x64
		{2524E191-E2C1-3BAF-9ACC-9295680A0E69}.Release|x64.Build.0 = Release|x64
		{2524E191-E2C1-3BAF-9ACC-9295680A0E69}.MinSizeRel|x64.ActiveCfg = MinSizeRel|x64
		{2524E191-E2C1-3BAF-9ACC-9295680A0E69}.MinSizeRel|x64.Build.0 = MinSizeRel|x64
		{2524E191-E2C1-3BAF-9ACC-9295680A0E69}.RelWithDebInfo|x64.ActiveCfg = RelWithDebInfo|x64
		{2524E191-E2C1-3BAF-9ACC-9295680A0E69}.RelWithDebInfo|x64.Build.0 = RelWithDebInfo|x64
		{83385798-5544-37C8-BDD5-CA2E31BA19CA}.Debug|x64.ActiveCfg = Debug|x64
		{83385798-5544-37C8-BDD5-CA2E31BA19CA}.Debug|x64.Build.0 = Debug|x64
		{83385798-5544-37C8-BDD5-CA2E31BA19CA}.Release|x64.ActiveCfg = Release|x64
		{83385798-5544-37C8-BDD5-CA2E31BA19CA}.Release|x64.Build.0 = Release|x64
		{83385798-5544-37C8-BDD5-CA2E31BA19CA}.MinSizeRel|x64.ActiveCfg = MinSizeRel|x64
		{83385798-5544-37C8-BDD5-CA2E31BA19CA}.MinSizeRel|x64.Build.0 = MinSizeRel|x64
		{83385798-5544-37C8-BDD5-CA2E31BA19CA}.RelWithDebInfo|x64.ActiveCfg = RelWithDebInfo|x64
		{83385798-5544-37C8-BDD5-CA2E31BA19CA}.RelWithDebInfo|x64.Build.0 = RelWithDebInfo|x64
		{068B5135-E137-3390-BC60-1A5F28547E19}.Debug|x64.ActiveCfg = Debug|x64
		{068B5135-E137-3390-BC60-1A5F28547E19}.Debug|x64.Build.0 = Debug|x64
		{068B5135-E137-3390-BC60-1A5F28547E19}.Release|x64.ActiveCfg = Release|x64
		{068B5135-E137-3390-BC60-1A5F28547E19}.Release|x64.Build.0 = Release|x64
		{068B5135-E137-3390-BC60-1A5F28547E19}.MinSizeRel|x64.ActiveCfg = MinSizeRel|x64
		{068B5135-E137-3390-BC60-1A5F28547E19}.MinSizeRel|x64.Build.0 = MinSizeRel|x64
		{068B5135-E137-3390-BC60-1A5F28547E19}.RelWithDebInfo|x64.ActiveCfg = RelWithDebInfo|x64
		{068B5135-E137-3390-BC60-1A5F28547E19}.RelWithDebInfo|x64.Build.0 = RelWithDebInfo|x64
		{EF8FD055-B6F0-3B27-A29F-900BD80EFA74}.Debug|x64.ActiveCfg = Debug|x64
		{EF8FD055-B6F0-3B27-A29F-900BD80EFA74}.Debug|x64.Build.0 = Debug|x64
		{EF8FD055-B6F0-3B27-A29F-900BD80EFA74}.Release|x64.ActiveCfg = Release|x64
		{EF8FD055-B6F0-3B27-A29F-900BD80EFA74}.Release|x64.Build.0 = Release|x64
		{EF8FD055-B6F0-3B27-A29F-900BD80EFA74}.MinSizeRel|x64.ActiveCfg = MinSizeRel|x64
		{EF8FD055-B6F0-3B27-A29F-900BD80EFA74}.MinSizeRel|x64.Build.0 = MinSizeRel|x64
		{EF8FD055-B6F0-3B27-A29F-900BD80EFA74}.RelWithDebInfo|x64.ActiveCfg = RelWithDebInfo|x64
		{EF8FD055-B6F0-3B27-A29F-900BD80EFA74}.RelWithDebInfo|x64.Build.0 = RelWithDebInfo|x64
		{A04D87D4-98C0-3BDE-845C-065724FCFBF3}.Debug|x64.ActiveCfg = Debug|x64
		{A04D87D4-98C0-3BDE-845C-065724FCFBF3}.Release|x64.ActiveCfg = Release|x64
		{A04D87D4-98C0-3BDE-845C-065724FCFBF3}.MinSizeRel|x64.ActiveCfg = MinSizeRel|x64
		{A04D87D4-98C0-3BDE-845C-065724FCFBF3}.RelWithDebInfo|x64.ActiveCfg = RelWithDebInfo|x64
		{C97D0BB6-86D0-3320-9759-596358D7B9AD}.Debug|x64.ActiveCfg = Debug|x64
		{C97D0BB6-86D0-3320-9759-596358D7B9AD}.Debug|x64.Build.0 = Debug|x64
		{C97D0BB6-86D0-3320-9759-596358D7B9AD}.Release|x64.ActiveCfg = Release|x64
		{C97D0BB6-86D0-3320-9759-596358D7B9AD}.Release|x64.Build.0 = Release|x64
		{C97D0BB6-86D0-3320-9759-596358D7B9AD}.MinSizeRel|x64.ActiveCfg = MinSizeRel|x64
		{C97D0BB6-86D0-3320-9759-596358D7B9AD}.MinSizeRel|x64.Build.0 = MinSizeRel|x64
		{C97D0BB6-86D0-3320-9759-596358D7B9AD}.RelWithDebInfo|x64.ActiveCfg = RelWithDebInfo|x64
		{C97D0BB6-86D0-3320-9759-596358D7B9AD}.RelWithDebInfo|x64.Build.0 = RelWithDebInfo|x64
		{6234ED11-85EE-3175-A00F-BCD0DF942126}.Debug|x64.ActiveCfg = Debug|x64
		{6234ED11-85EE-3175-A00F-BCD0DF942126}.Debug|x64.Build.0 = Debug|x64
		{6234ED11-85EE-3175-A00F-BCD0DF942126}.Release|x64.ActiveCfg = Release|x64
		{6234ED11-85EE-3175-A00F-BCD0DF942126}.Release|x64.Build.0 = Release|x64
		{6234ED11-85EE-3175-A00F-BCD0DF942126}.MinSizeRel|x64.ActiveCfg = MinSizeRel|x64
		{6234ED11-85EE-3175-A00F-BCD0DF942126}.MinSizeRel|x64.Build.0 = MinSizeRel|x64
		{6234ED11-85EE-3175-A00F-BCD0DF942126}.RelWithDebInfo|x64.ActiveCfg = RelWithDebInfo|x64
		{6234ED11-85EE-3175-A00F-BCD0DF942126}.RelWithDebInfo|x64.Build.0 = RelWithDebInfo|x64
	EndGlobalSection
	GlobalSection(NestedProjects) = preSolution
		{6550AC95-E897-36B6-8F90-AA545BA72533} = {06449C92-ED64-339C-8434-89D6B49BC390}
		{C433B640-A4A8-33ED-961C-07A8DF910CDC} = {06449C92-ED64-339C-8434-89D6B49BC390}
		{04C04B10-620C-3136-812D-C60102612399} = {0CE5DAE1-61AF-3C82-ADE9-99864748B32D}
		{DA7C2D00-B105-3017-89D2-F3AC4604A216} = {0CE5DAE1-61AF-3C82-ADE9-99864748B32D}
		{3DB8BD64-2CC9-3A55-BE0A-193D447465B0} = {0CE5DAE1-61AF-3C82-ADE9-99864748B32D}
		{A04D87D4-98C0-3BDE-845C-065724FCFBF3} = {0CE5DAE1-61AF-3C82-ADE9-99864748B32D}
		{8D75EC9C-F200-3659-AF42-660027B80696} = {04C04B10-620C-3136-812D-C60102612399}
		{1F9D6836-D28A-3402-A65D-92B67BF45885} = {04C04B10-620C-3136-812D-C60102612399}
		{1F3BF2B5-D4F3-3A82-9DBC-11E645EAFB6B} = {04C04B10-620C-3136-812D-C60102612399}
		{26A12BE5-48C9-3CA0-A72B-4AB30ADB1960} = {04C04B10-620C-3136-812D-C60102612399}
		{3DD37F89-E1A5-39E7-A4A5-249434820998} = {04C04B10-620C-3136-812D-C60102612399}
		{0BE1F84B-327F-3A76-96AA-CF6E057BDAD1} = {04C04B10-620C-3136-812D-C60102612399}
		{F4C2DCC5-DB20-305D-BFBB-3D4730B11D0C} = {04C04B10-620C-3136-812D-C60102612399}
		{6B807184-93BE-3A71-AEAE-A0E727963790} = {04C04B10-620C-3136-812D-C60102612399}
		{C97D0BB6-86D0-3320-9759-596358D7B9AD} = {04C04B10-620C-3136-812D-C60102612399}
		{F8F33946-6B36-30F6-A793-67D08BD9960F} = {DA7C2D00-B105-3017-89D2-F3AC4604A216}
		{1AF870B6-A6AD-314B-83F2-A727DF495004} = {DA7C2D00-B105-3017-89D2-F3AC4604A216}
		{DC49423A-FF24-3F23-9DE2-266FAB1EB8EB} = {DA7C2D00-B105-3017-89D2-F3AC4604A216}
		{3CF17645-69BA-34C2-9B89-6B94C923A569} = {DA7C2D00-B105-3017-89D2-F3AC4604A216}
		{C3506359-5B4A-328F-BDC3-C595D13C728B} = {DA7C2D00-B105-3017-89D2-F3AC4604A216}
		{69C436F4-7E68-3E27-B09F-B8A8F58CF727} = {DA7C2D00-B105-3017-89D2-F3AC4604A216}
		{2E66A16C-F15E-32E3-9610-C88D28BC84CF} = {DA7C2D00-B105-3017-89D2-F3AC4604A216}
		{4323C261-A176-319C-8113-D008406DAF8E} = {DA7C2D00-B105-3017-89D2-F3AC4604A216}
		{9EA1B880-7E12-3E69-A83F-77A8EEE312FF} = {DA7C2D00-B105-3017-89D2-F3AC4604A216}
		{AC90147A-01AC-3F41-8FD5-1CB7B2356C24} = {DA7C2D00-B105-3017-89D2-F3AC4604A216}
		{84272D55-4C1C-3118-85D5-6AF1162F810C} = {DA7C2D00-B105-3017-89D2-F3AC4604A216}
		{84BFDF0C-E6DA-3AA0-8EAB-91FBA9DF4AD7} = {DA7C2D00-B105-3017-89D2-F3AC4604A216}
		{73D7FA8A-AC16-3E31-BFD0-34BBEC053BF9} = {DA7C2D00-B105-3017-89D2-F3AC4604A216}
		{67FAAD35-113C-392C-B9C2-E1216AAFC409} = {DA7C2D00-B105-3017-89D2-F3AC4604A216}
		{56E08A0E-FA41-3D50-9FF0-F2B9A7CE6A52} = {DA7C2D00-B105-3017-89D2-F3AC4604A216}
		{2524E191-E2C1-3BAF-9ACC-9295680A0E69} = {DA7C2D00-B105-3017-89D2-F3AC4604A216}
		{83385798-5544-37C8-BDD5-CA2E31BA19CA} = {DA7C2D00-B105-3017-89D2-F3AC4604A216}
		{068B5135-E137-3390-BC60-1A5F28547E19} = {DA7C2D00-B105-3017-89D2-F3AC4604A216}
		{EF8FD055-B6F0-3B27-A29F-900BD80EFA74} = {DA7C2D00-B105-3017-89D2-F3AC4604A216}
		{6234ED11-85EE-3175-A00F-BCD0DF942126} = {DA7C2D00-B105-3017-89D2-F3AC4604A216}
	EndGlobalSection
	GlobalSection(ExtensibilityGlobals) = postSolution
		SolutionGuid = {DCCE970A-43A3-3EC5-AF73-BB1D24EDBCB5}
	EndGlobalSection
	GlobalSection(ExtensibilityAddIns) = postSolution
	EndGlobalSection
EndGlobal
