
Microsoft Visual Studio Solution File, Format Version 12.00
# Visual Studio Version 16
Project("{2150E333-8FDC-42A3-9474-1A3956D46DE8}") = "CMakePredefinedTargets", "CMakePredefinedTargets", "{1D0B827C-F725-3128-A4B1-30BEE47DDA07}"
EndProject
Project("{2150E333-8FDC-42A3-9474-1A3956D46DE8}") = "GLFW3", "GLFW3", "{63DCC48F-6C73-39A8-A168-5589EA400FE1}"
EndProject
Project("{2150E333-8FDC-42A3-9474-1A3956D46DE8}") = "Examples", "GLFW3\Examples", "{0D2D8CB2-F895-3ED5-AFB3-BD064E1AA398}"
EndProject
Project("{2150E333-8FDC-42A3-9474-1A3956D46DE8}") = "Tests", "GLFW3\Tests", "{165CD98F-67C1-37C6-90BC-547485A3B41D}"
EndProject
Project("{8BC9CEB8-8B4A-11D0-8D11-00A0C91BC942}") = "ALL_BUILD", "ALL_BUILD.vcxproj", "{67490F99-08E8-3742-B282-F45F80C1FB8A}"
	ProjectSection(ProjectDependencies) = postProject
		{AB6A95DA-38CF-3F27-9F8E-B8CFFC00F72E} = {AB6A95DA-38CF-3F27-9F8E-B8CFFC00F72E}
		{84CAEC0E-3678-3E20-82C5-5DCE946F9F2F} = {84CAEC0E-3678-3E20-82C5-5DCE946F9F2F}
		{EBB676CC-4448-3820-8D11-7AEF55377587} = {EBB676CC-4448-3820-8D11-7AEF55377587}
		{A2EE3A39-210D-3BCA-A58A-43F153A1BC1D} = {A2EE3A39-210D-3BCA-A58A-43F153A1BC1D}
		{AE05BEBD-867F-3559-AFA2-1504ADC87987} = {AE05BEBD-867F-3559-AFA2-1504ADC87987}
		{C9DB73E7-21F4-3B4E-A9DF-5F03B7920C01} = {C9DB73E7-21F4-3B4E-A9DF-5F03B7920C01}
		{33FFF0D7-081E-3E6B-BE03-1938CC1C33D2} = {33FFF0D7-081E-3E6B-BE03-1938CC1C33D2}
		{478FF4E0-88D4-31FC-A292-EC0F22192D16} = {478FF4E0-88D4-31FC-A292-EC0F22192D16}
		{C996F83E-CFE8-3137-8766-C7343748E90F} = {C996F83E-CFE8-3137-8766-C7343748E90F}
		{841BC6AA-EC2D-3ED8-954B-CB3ED45150D2} = {841BC6AA-EC2D-3ED8-954B-CB3ED45150D2}
		{9D30F649-CC1A-3B30-8BBE-DF40B5943CB6} = {9D30F649-CC1A-3B30-8BBE-DF40B5943CB6}
		{5D62E7CA-3C06-3B9A-BC06-95BDC7FEC0AD} = {5D62E7CA-3C06-3B9A-BC06-95BDC7FEC0AD}
		{58790EE1-55AE-3BB9-9A3F-92EEB7851C22} = {58790EE1-55AE-3BB9-9A3F-92EEB7851C22}
		{752725CC-1540-3B4B-ABE6-0709EA178E6F} = {752725CC-1540-3B4B-ABE6-0709EA178E6F}
		{9EC0FAA1-1F34-31EB-B982-208435BABFB5} = {9EC0FAA1-1F34-31EB-B982-208435BABFB5}
		{540977E2-261B-32CE-A867-2DDE00AE7A9F} = {540977E2-261B-32CE-A867-2DDE00AE7A9F}
		{779C9C35-C325-3FB9-B543-738F1BC594E2} = {779C9C35-C325-3FB9-B543-738F1BC594E2}
		{DEE8F2EE-85A3-317A-A369-496E96D5675E} = {DEE8F2EE-85A3-317A-A369-496E96D5675E}
		{23E7930A-11B1-30E7-8912-30CA6F4B6DA9} = {23E7930A-11B1-30E7-8912-30CA6F4B6DA9}
		{88662E9F-692E-36C1-A04A-547024B11C72} = {88662E9F-692E-36C1-A04A-547024B11C72}
		{09E88D2D-3B84-3096-AE98-44218E35A52C} = {09E88D2D-3B84-3096-AE98-44218E35A52C}
		{85F15B35-CF16-37DD-8841-D6CCF0867285} = {85F15B35-CF16-37DD-8841-D6CCF0867285}
		{03AD8AB0-611F-34CA-8A88-865CA9146156} = {03AD8AB0-611F-34CA-8A88-865CA9146156}
		{7F157FEB-B338-3EDB-8D2C-ADC9C4ACD1B6} = {7F157FEB-B338-3EDB-8D2C-ADC9C4ACD1B6}
		{8EFB356B-EDF0-302D-B4FE-A1C881A8AA65} = {8EFB356B-EDF0-302D-B4FE-A1C881A8AA65}
		{9CD68035-B4D1-3CC0-9703-5671D7D21D61} = {9CD68035-B4D1-3CC0-9703-5671D7D21D61}
		{E3EBA45C-819E-3B3F-9379-AFF8C72E3960} = {E3EBA45C-819E-3B3F-9379-AFF8C72E3960}
		{D924002C-0267-3F14-8A37-167CA37A4F12} = {D924002C-0267-3F14-8A37-167CA37A4F12}
		{F37CA5E8-8CDC-3407-88B0-35AC8929CBC7} = {F37CA5E8-8CDC-3407-88B0-35AC8929CBC7}
		{BF3AC593-19DF-33F7-AC66-BA8BC268D57F} = {BF3AC593-19DF-33F7-AC66-BA8BC268D57F}
		{421F57E4-8846-39A2-BC2A-A9B40A2648D7} = {421F57E4-8846-39A2-BC2A-A9B40A2648D7}
		{F3526930-6B02-3D59-A0FD-30EB5FBC83F7} = {F3526930-6B02-3D59-A0FD-30EB5FBC83F7}
		{BB05C222-E7F4-3C5B-809D-B8BEEC64EC15} = {BB05C222-E7F4-3C5B-809D-B8BEEC64EC15}
		{29B2BD24-D65F-31F7-A168-36C2E4EE2781} = {29B2BD24-D65F-31F7-A168-36C2E4EE2781}
		{FDBD1359-2A9C-3CCC-8A52-59D97DBB89AF} = {FDBD1359-2A9C-3CCC-8A52-59D97DBB89AF}
		{9AD81CC5-087C-321D-AAC8-16128ADB3436} = {9AD81CC5-087C-321D-AAC8-16128ADB3436}
	EndProjectSection
EndProject
Project("{8BC9CEB8-8B4A-11D0-8D11-00A0C91BC942}") = "EASTL", "Plugins\EASTL\EASTL.vcxproj", "{AB6A95DA-38CF-3F27-9F8E-B8CFFC00F72E}"
	ProjectSection(ProjectDependencies) = postProject
	EndProjectSection
EndProject
Project("{8BC9CEB8-8B4A-11D0-8D11-00A0C91BC942}") = "EngineTests", "EngineTests.vcxproj", "{84CAEC0E-3678-3E20-82C5-5DCE946F9F2F}"
	ProjectSection(ProjectDependencies) = postProject
		{AB6A95DA-38CF-3F27-9F8E-B8CFFC00F72E} = {AB6A95DA-38CF-3F27-9F8E-B8CFFC00F72E}
		{9D30F649-CC1A-3B30-8BBE-DF40B5943CB6} = {9D30F649-CC1A-3B30-8BBE-DF40B5943CB6}
		{5D62E7CA-3C06-3B9A-BC06-95BDC7FEC0AD} = {5D62E7CA-3C06-3B9A-BC06-95BDC7FEC0AD}
		{752725CC-1540-3B4B-ABE6-0709EA178E6F} = {752725CC-1540-3B4B-ABE6-0709EA178E6F}
		{9EC0FAA1-1F34-31EB-B982-208435BABFB5} = {9EC0FAA1-1F34-31EB-B982-208435BABFB5}
	EndProjectSection
EndProject
Project("{8BC9CEB8-8B4A-11D0-8D11-00A0C91BC942}") = "INSTALL", "INSTALL.vcxproj", "{5E51371E-EAB6-30CA-AA23-5DBD386955B8}"
	ProjectSection(ProjectDependencies) = postProject
		{67490F99-08E8-3742-B282-F45F80C1FB8A} = {67490F99-08E8-3742-B282-F45F80C1FB8A}
	EndProjectSection
EndProject
Project("{8BC9CEB8-8B4A-11D0-8D11-00A0C91BC942}") = "SecondEngineProject", "SecondEngineProject.vcxproj", "{EBB676CC-4448-3820-8D11-7AEF55377587}"
	ProjectSection(ProjectDependencies) = postProject
		{AB6A95DA-38CF-3F27-9F8E-B8CFFC00F72E} = {AB6A95DA-38CF-3F27-9F8E-B8CFFC00F72E}
		{9D30F649-CC1A-3B30-8BBE-DF40B5943CB6} = {9D30F649-CC1A-3B30-8BBE-DF40B5943CB6}
		{5D62E7CA-3C06-3B9A-BC06-95BDC7FEC0AD} = {5D62E7CA-3C06-3B9A-BC06-95BDC7FEC0AD}
	EndProjectSection
EndProject
Project("{8BC9CEB8-8B4A-11D0-8D11-00A0C91BC942}") = "boing", "Plugins\glfw-3.3.4\examples\boing.vcxproj", "{A2EE3A39-210D-3BCA-A58A-43F153A1BC1D}"
	ProjectSection(ProjectDependencies) = postProject
		{5D62E7CA-3C06-3B9A-BC06-95BDC7FEC0AD} = {5D62E7CA-3C06-3B9A-BC06-95BDC7FEC0AD}
	EndProjectSection
EndProject
Project("{8BC9CEB8-8B4A-11D0-8D11-00A0C91BC942}") = "clipboard", "Plugins\glfw-3.3.4\tests\clipboard.vcxproj", "{AE05BEBD-867F-3559-AFA2-1504ADC87987}"
	ProjectSection(ProjectDependencies) = postProject
		{5D62E7CA-3C06-3B9A-BC06-95BDC7FEC0AD} = {5D62E7CA-3C06-3B9A-BC06-95BDC7FEC0AD}
	EndProjectSection
EndProject
Project("{8BC9CEB8-8B4A-11D0-8D11-00A0C91BC942}") = "cursor", "Plugins\glfw-3.3.4\tests\cursor.vcxproj", "{C9DB73E7-21F4-3B4E-A9DF-5F03B7920C01}"
	ProjectSection(ProjectDependencies) = postProject
		{5D62E7CA-3C06-3B9A-BC06-95BDC7FEC0AD} = {5D62E7CA-3C06-3B9A-BC06-95BDC7FEC0AD}
	EndProjectSection
EndProject
Project("{8BC9CEB8-8B4A-11D0-8D11-00A0C91BC942}") = "empty", "Plugins\glfw-3.3.4\tests\empty.vcxproj", "{33FFF0D7-081E-3E6B-BE03-1938CC1C33D2}"
	ProjectSection(ProjectDependencies) = postProject
		{5D62E7CA-3C06-3B9A-BC06-95BDC7FEC0AD} = {5D62E7CA-3C06-3B9A-BC06-95BDC7FEC0AD}
	EndProjectSection
EndProject
Project("{8BC9CEB8-8B4A-11D0-8D11-00A0C91BC942}") = "events", "Plugins\glfw-3.3.4\tests\events.vcxproj", "{478FF4E0-88D4-31FC-A292-EC0F22192D16}"
	ProjectSection(ProjectDependencies) = postProject
		{5D62E7CA-3C06-3B9A-BC06-95BDC7FEC0AD} = {5D62E7CA-3C06-3B9A-BC06-95BDC7FEC0AD}
	EndProjectSection
EndProject
Project("{8BC9CEB8-8B4A-11D0-8D11-00A0C91BC942}") = "gamma", "Plugins\glfw-3.3.4\tests\gamma.vcxproj", "{C996F83E-CFE8-3137-8766-C7343748E90F}"
	ProjectSection(ProjectDependencies) = postProject
		{5D62E7CA-3C06-3B9A-BC06-95BDC7FEC0AD} = {5D62E7CA-3C06-3B9A-BC06-95BDC7FEC0AD}
	EndProjectSection
EndProject
Project("{8BC9CEB8-8B4A-11D0-8D11-00A0C91BC942}") = "gears", "Plugins\glfw-3.3.4\examples\gears.vcxproj", "{841BC6AA-EC2D-3ED8-954B-CB3ED45150D2}"
	ProjectSection(ProjectDependencies) = postProject
		{5D62E7CA-3C06-3B9A-BC06-95BDC7FEC0AD} = {5D62E7CA-3C06-3B9A-BC06-95BDC7FEC0AD}
	EndProjectSection
EndProject
Project("{8BC9CEB8-8B4A-11D0-8D11-00A0C91BC942}") = "glad", "Plugins\glad\glad.vcxproj", "{9D30F649-CC1A-3B30-8BBE-DF40B5943CB6}"
	ProjectSection(ProjectDependencies) = postProject
	EndProjectSection
EndProject
Project("{8BC9CEB8-8B4A-11D0-8D11-00A0C91BC942}") = "glfw", "Plugins\glfw-3.3.4\src\glfw.vcxproj", "{5D62E7CA-3C06-3B9A-BC06-95BDC7FEC0AD}"
	ProjectSection(ProjectDependencies) = postProject
	EndProjectSection
EndProject
Project("{8BC9CEB8-8B4A-11D0-8D11-00A0C91BC942}") = "glfwinfo", "Plugins\glfw-3.3.4\tests\glfwinfo.vcxproj", "{58790EE1-55AE-3BB9-9A3F-92EEB7851C22}"
	ProjectSection(ProjectDependencies) = postProject
		{5D62E7CA-3C06-3B9A-BC06-95BDC7FEC0AD} = {5D62E7CA-3C06-3B9A-BC06-95BDC7FEC0AD}
	EndProjectSection
EndProject
Project("{8BC9CEB8-8B4A-11D0-8D11-00A0C91BC942}") = "gtest", "Plugins\googletest-main\googletest\gtest.vcxproj", "{752725CC-1540-3B4B-ABE6-0709EA178E6F}"
	ProjectSection(ProjectDependencies) = postProject
	EndProjectSection
EndProject
Project("{8BC9CEB8-8B4A-11D0-8D11-00A0C91BC942}") = "gtest_main", "Plugins\googletest-main\googletest\gtest_main.vcxproj", "{9EC0FAA1-1F34-31EB-B982-208435BABFB5}"
	ProjectSection(ProjectDependencies) = postProject
		{752725CC-1540-3B4B-ABE6-0709EA178E6F} = {752725CC-1540-3B4B-ABE6-0709EA178E6F}
	EndProjectSection
EndProject
Project("{8BC9CEB8-8B4A-11D0-8D11-00A0C91BC942}") = "heightmap", "Plugins\glfw-3.3.4\examples\heightmap.vcxproj", "{540977E2-261B-32CE-A867-2DDE00AE7A9F}"
	ProjectSection(ProjectDependencies) = postProject
		{5D62E7CA-3C06-3B9A-BC06-95BDC7FEC0AD} = {5D62E7CA-3C06-3B9A-BC06-95BDC7FEC0AD}
	EndProjectSection
EndProject
Project("{8BC9CEB8-8B4A-11D0-8D11-00A0C91BC942}") = "icon", "Plugins\glfw-3.3.4\tests\icon.vcxproj", "{779C9C35-C325-3FB9-B543-738F1BC594E2}"
	ProjectSection(ProjectDependencies) = postProject
		{5D62E7CA-3C06-3B9A-BC06-95BDC7FEC0AD} = {5D62E7CA-3C06-3B9A-BC06-95BDC7FEC0AD}
	EndProjectSection
EndProject
Project("{8BC9CEB8-8B4A-11D0-8D11-00A0C91BC942}") = "iconify", "Plugins\glfw-3.3.4\tests\iconify.vcxproj", "{DEE8F2EE-85A3-317A-A369-496E96D5675E}"
	ProjectSection(ProjectDependencies) = postProject
		{5D62E7CA-3C06-3B9A-BC06-95BDC7FEC0AD} = {5D62E7CA-3C06-3B9A-BC06-95BDC7FEC0AD}
	EndProjectSection
EndProject
Project("{8BC9CEB8-8B4A-11D0-8D11-00A0C91BC942}") = "inputlag", "Plugins\glfw-3.3.4\tests\inputlag.vcxproj", "{23E7930A-11B1-30E7-8912-30CA6F4B6DA9}"
	ProjectSection(ProjectDependencies) = postProject
		{5D62E7CA-3C06-3B9A-BC06-95BDC7FEC0AD} = {5D62E7CA-3C06-3B9A-BC06-95BDC7FEC0AD}
	EndProjectSection
EndProject
Project("{8BC9CEB8-8B4A-11D0-8D11-00A0C91BC942}") = "joysticks", "Plugins\glfw-3.3.4\tests\joysticks.vcxproj", "{88662E9F-692E-36C1-A04A-547024B11C72}"
	ProjectSection(ProjectDependencies) = postProject
		{5D62E7CA-3C06-3B9A-BC06-95BDC7FEC0AD} = {5D62E7CA-3C06-3B9A-BC06-95BDC7FEC0AD}
	EndProjectSection
EndProject
Project("{8BC9CEB8-8B4A-11D0-8D11-00A0C91BC942}") = "monitors", "Plugins\glfw-3.3.4\tests\monitors.vcxproj", "{09E88D2D-3B84-3096-AE98-44218E35A52C}"
	ProjectSection(ProjectDependencies) = postProject
		{5D62E7CA-3C06-3B9A-BC06-95BDC7FEC0AD} = {5D62E7CA-3C06-3B9A-BC06-95BDC7FEC0AD}
	EndProjectSection
EndProject
Project("{8BC9CEB8-8B4A-11D0-8D11-00A0C91BC942}") = "msaa", "Plugins\glfw-3.3.4\tests\msaa.vcxproj", "{85F15B35-CF16-37DD-8841-D6CCF0867285}"
	ProjectSection(ProjectDependencies) = postProject
		{5D62E7CA-3C06-3B9A-BC06-95BDC7FEC0AD} = {5D62E7CA-3C06-3B9A-BC06-95BDC7FEC0AD}
	EndProjectSection
EndProject
Project("{8BC9CEB8-8B4A-11D0-8D11-00A0C91BC942}") = "offscreen", "Plugins\glfw-3.3.4\examples\offscreen.vcxproj", "{03AD8AB0-611F-34CA-8A88-865CA9146156}"
	ProjectSection(ProjectDependencies) = postProject
		{5D62E7CA-3C06-3B9A-BC06-95BDC7FEC0AD} = {5D62E7CA-3C06-3B9A-BC06-95BDC7FEC0AD}
	EndProjectSection
EndProject
Project("{8BC9CEB8-8B4A-11D0-8D11-00A0C91BC942}") = "opacity", "Plugins\glfw-3.3.4\tests\opacity.vcxproj", "{7F157FEB-B338-3EDB-8D2C-ADC9C4ACD1B6}"
	ProjectSection(ProjectDependencies) = postProject
		{5D62E7CA-3C06-3B9A-BC06-95BDC7FEC0AD} = {5D62E7CA-3C06-3B9A-BC06-95BDC7FEC0AD}
	EndProjectSection
EndProject
Project("{8BC9CEB8-8B4A-11D0-8D11-00A0C91BC942}") = "particles", "Plugins\glfw-3.3.4\examples\particles.vcxproj", "{8EFB356B-EDF0-302D-B4FE-A1C881A8AA65}"
	ProjectSection(ProjectDependencies) = postProject
		{5D62E7CA-3C06-3B9A-BC06-95BDC7FEC0AD} = {5D62E7CA-3C06-3B9A-BC06-95BDC7FEC0AD}
	EndProjectSection
EndProject
Project("{8BC9CEB8-8B4A-11D0-8D11-00A0C91BC942}") = "reopen", "Plugins\glfw-3.3.4\tests\reopen.vcxproj", "{9CD68035-B4D1-3CC0-9703-5671D7D21D61}"
	ProjectSection(ProjectDependencies) = postProject
		{5D62E7CA-3C06-3B9A-BC06-95BDC7FEC0AD} = {5D62E7CA-3C06-3B9A-BC06-95BDC7FEC0AD}
	EndProjectSection
EndProject
Project("{8BC9CEB8-8B4A-11D0-8D11-00A0C91BC942}") = "sharing", "Plugins\glfw-3.3.4\examples\sharing.vcxproj", "{E3EBA45C-819E-3B3F-9379-AFF8C72E3960}"
	ProjectSection(ProjectDependencies) = postProject
		{5D62E7CA-3C06-3B9A-BC06-95BDC7FEC0AD} = {5D62E7CA-3C06-3B9A-BC06-95BDC7FEC0AD}
	EndProjectSection
EndProject
Project("{8BC9CEB8-8B4A-11D0-8D11-00A0C91BC942}") = "simple", "Plugins\glfw-3.3.4\examples\simple.vcxproj", "{D924002C-0267-3F14-8A37-167CA37A4F12}"
	ProjectSection(ProjectDependencies) = postProject
		{5D62E7CA-3C06-3B9A-BC06-95BDC7FEC0AD} = {5D62E7CA-3C06-3B9A-BC06-95BDC7FEC0AD}
	EndProjectSection
EndProject
Project("{8BC9CEB8-8B4A-11D0-8D11-00A0C91BC942}") = "splitview", "Plugins\glfw-3.3.4\examples\splitview.vcxproj", "{F37CA5E8-8CDC-3407-88B0-35AC8929CBC7}"
	ProjectSection(ProjectDependencies) = postProject
		{5D62E7CA-3C06-3B9A-BC06-95BDC7FEC0AD} = {5D62E7CA-3C06-3B9A-BC06-95BDC7FEC0AD}
	EndProjectSection
EndProject
Project("{8BC9CEB8-8B4A-11D0-8D11-00A0C91BC942}") = "tearing", "Plugins\glfw-3.3.4\tests\tearing.vcxproj", "{BF3AC593-19DF-33F7-AC66-BA8BC268D57F}"
	ProjectSection(ProjectDependencies) = postProject
		{5D62E7CA-3C06-3B9A-BC06-95BDC7FEC0AD} = {5D62E7CA-3C06-3B9A-BC06-95BDC7FEC0AD}
	EndProjectSection
EndProject
Project("{8BC9CEB8-8B4A-11D0-8D11-00A0C91BC942}") = "threads", "Plugins\glfw-3.3.4\tests\threads.vcxproj", "{421F57E4-8846-39A2-BC2A-A9B40A2648D7}"
	ProjectSection(ProjectDependencies) = postProject
		{5D62E7CA-3C06-3B9A-BC06-95BDC7FEC0AD} = {5D62E7CA-3C06-3B9A-BC06-95BDC7FEC0AD}
	EndProjectSection
EndProject
Project("{8BC9CEB8-8B4A-11D0-8D11-00A0C91BC942}") = "timeout", "Plugins\glfw-3.3.4\tests\timeout.vcxproj", "{F3526930-6B02-3D59-A0FD-30EB5FBC83F7}"
	ProjectSection(ProjectDependencies) = postProject
		{5D62E7CA-3C06-3B9A-BC06-95BDC7FEC0AD} = {5D62E7CA-3C06-3B9A-BC06-95BDC7FEC0AD}
	EndProjectSection
EndProject
Project("{8BC9CEB8-8B4A-11D0-8D11-00A0C91BC942}") = "title", "Plugins\glfw-3.3.4\tests\title.vcxproj", "{BB05C222-E7F4-3C5B-809D-B8BEEC64EC15}"
	ProjectSection(ProjectDependencies) = postProject
		{5D62E7CA-3C06-3B9A-BC06-95BDC7FEC0AD} = {5D62E7CA-3C06-3B9A-BC06-95BDC7FEC0AD}
	EndProjectSection
EndProject
Project("{8BC9CEB8-8B4A-11D0-8D11-00A0C91BC942}") = "triangle-vulkan", "Plugins\glfw-3.3.4\tests\triangle-vulkan.vcxproj", "{29B2BD24-D65F-31F7-A168-36C2E4EE2781}"
	ProjectSection(ProjectDependencies) = postProject
		{5D62E7CA-3C06-3B9A-BC06-95BDC7FEC0AD} = {5D62E7CA-3C06-3B9A-BC06-95BDC7FEC0AD}
	EndProjectSection
EndProject
Project("{8BC9CEB8-8B4A-11D0-8D11-00A0C91BC942}") = "uninstall", "Plugins\glfw-3.3.4\uninstall.vcxproj", "{9340C812-78C3-32BB-91A5-F8D905C03886}"
	ProjectSection(ProjectDependencies) = postProject
	EndProjectSection
EndProject
Project("{8BC9CEB8-8B4A-11D0-8D11-00A0C91BC942}") = "wave", "Plugins\glfw-3.3.4\examples\wave.vcxproj", "{FDBD1359-2A9C-3CCC-8A52-59D97DBB89AF}"
	ProjectSection(ProjectDependencies) = postProject
		{5D62E7CA-3C06-3B9A-BC06-95BDC7FEC0AD} = {5D62E7CA-3C06-3B9A-BC06-95BDC7FEC0AD}
	EndProjectSection
EndProject
Project("{8BC9CEB8-8B4A-11D0-8D11-00A0C91BC942}") = "windows", "Plugins\glfw-3.3.4\tests\windows.vcxproj", "{9AD81CC5-087C-321D-AAC8-16128ADB3436}"
	ProjectSection(ProjectDependencies) = postProject
		{5D62E7CA-3C06-3B9A-BC06-95BDC7FEC0AD} = {5D62E7CA-3C06-3B9A-BC06-95BDC7FEC0AD}
	EndProjectSection
EndProject
Global
	GlobalSection(SolutionConfigurationPlatforms) = preSolution
		Debug|x64 = Debug|x64
		Release|x64 = Release|x64
		MinSizeRel|x64 = MinSizeRel|x64
		RelWithDebInfo|x64 = RelWithDebInfo|x64
	EndGlobalSection
	GlobalSection(ProjectConfigurationPlatforms) = postSolution
		{67490F99-08E8-3742-B282-F45F80C1FB8A}.Debug|x64.ActiveCfg = Debug|x64
		{67490F99-08E8-3742-B282-F45F80C1FB8A}.Debug|x64.Build.0 = Debug|x64
		{67490F99-08E8-3742-B282-F45F80C1FB8A}.Release|x64.ActiveCfg = Release|x64
		{67490F99-08E8-3742-B282-F45F80C1FB8A}.Release|x64.Build.0 = Release|x64
		{67490F99-08E8-3742-B282-F45F80C1FB8A}.MinSizeRel|x64.ActiveCfg = MinSizeRel|x64
		{67490F99-08E8-3742-B282-F45F80C1FB8A}.MinSizeRel|x64.Build.0 = MinSizeRel|x64
		{67490F99-08E8-3742-B282-F45F80C1FB8A}.RelWithDebInfo|x64.ActiveCfg = RelWithDebInfo|x64
		{67490F99-08E8-3742-B282-F45F80C1FB8A}.RelWithDebInfo|x64.Build.0 = RelWithDebInfo|x64
		{AB6A95DA-38CF-3F27-9F8E-B8CFFC00F72E}.Debug|x64.ActiveCfg = Debug|x64
		{AB6A95DA-38CF-3F27-9F8E-B8CFFC00F72E}.Debug|x64.Build.0 = Debug|x64
		{AB6A95DA-38CF-3F27-9F8E-B8CFFC00F72E}.Release|x64.ActiveCfg = Release|x64
		{AB6A95DA-38CF-3F27-9F8E-B8CFFC00F72E}.Release|x64.Build.0 = Release|x64
		{AB6A95DA-38CF-3F27-9F8E-B8CFFC00F72E}.MinSizeRel|x64.ActiveCfg = MinSizeRel|x64
		{AB6A95DA-38CF-3F27-9F8E-B8CFFC00F72E}.MinSizeRel|x64.Build.0 = MinSizeRel|x64
		{AB6A95DA-38CF-3F27-9F8E-B8CFFC00F72E}.RelWithDebInfo|x64.ActiveCfg = RelWithDebInfo|x64
		{AB6A95DA-38CF-3F27-9F8E-B8CFFC00F72E}.RelWithDebInfo|x64.Build.0 = RelWithDebInfo|x64
		{84CAEC0E-3678-3E20-82C5-5DCE946F9F2F}.Debug|x64.ActiveCfg = Debug|x64
		{84CAEC0E-3678-3E20-82C5-5DCE946F9F2F}.Debug|x64.Build.0 = Debug|x64
		{84CAEC0E-3678-3E20-82C5-5DCE946F9F2F}.Release|x64.ActiveCfg = Release|x64
		{84CAEC0E-3678-3E20-82C5-5DCE946F9F2F}.Release|x64.Build.0 = Release|x64
		{84CAEC0E-3678-3E20-82C5-5DCE946F9F2F}.MinSizeRel|x64.ActiveCfg = MinSizeRel|x64
		{84CAEC0E-3678-3E20-82C5-5DCE946F9F2F}.MinSizeRel|x64.Build.0 = MinSizeRel|x64
		{84CAEC0E-3678-3E20-82C5-5DCE946F9F2F}.RelWithDebInfo|x64.ActiveCfg = RelWithDebInfo|x64
		{84CAEC0E-3678-3E20-82C5-5DCE946F9F2F}.RelWithDebInfo|x64.Build.0 = RelWithDebInfo|x64
		{5E51371E-EAB6-30CA-AA23-5DBD386955B8}.Debug|x64.ActiveCfg = Debug|x64
		{5E51371E-EAB6-30CA-AA23-5DBD386955B8}.Release|x64.ActiveCfg = Release|x64
		{5E51371E-EAB6-30CA-AA23-5DBD386955B8}.MinSizeRel|x64.ActiveCfg = MinSizeRel|x64
		{5E51371E-EAB6-30CA-AA23-5DBD386955B8}.RelWithDebInfo|x64.ActiveCfg = RelWithDebInfo|x64
		{EBB676CC-4448-3820-8D11-7AEF55377587}.Debug|x64.ActiveCfg = Debug|x64
		{EBB676CC-4448-3820-8D11-7AEF55377587}.Debug|x64.Build.0 = Debug|x64
		{EBB676CC-4448-3820-8D11-7AEF55377587}.Release|x64.ActiveCfg = Release|x64
		{EBB676CC-4448-3820-8D11-7AEF55377587}.Release|x64.Build.0 = Release|x64
		{EBB676CC-4448-3820-8D11-7AEF55377587}.MinSizeRel|x64.ActiveCfg = MinSizeRel|x64
		{EBB676CC-4448-3820-8D11-7AEF55377587}.MinSizeRel|x64.Build.0 = MinSizeRel|x64
		{EBB676CC-4448-3820-8D11-7AEF55377587}.RelWithDebInfo|x64.ActiveCfg = RelWithDebInfo|x64
		{EBB676CC-4448-3820-8D11-7AEF55377587}.RelWithDebInfo|x64.Build.0 = RelWithDebInfo|x64
		{A2EE3A39-210D-3BCA-A58A-43F153A1BC1D}.Debug|x64.ActiveCfg = Debug|x64
		{A2EE3A39-210D-3BCA-A58A-43F153A1BC1D}.Debug|x64.Build.0 = Debug|x64
		{A2EE3A39-210D-3BCA-A58A-43F153A1BC1D}.Release|x64.ActiveCfg = Release|x64
		{A2EE3A39-210D-3BCA-A58A-43F153A1BC1D}.Release|x64.Build.0 = Release|x64
		{A2EE3A39-210D-3BCA-A58A-43F153A1BC1D}.MinSizeRel|x64.ActiveCfg = MinSizeRel|x64
		{A2EE3A39-210D-3BCA-A58A-43F153A1BC1D}.MinSizeRel|x64.Build.0 = MinSizeRel|x64
		{A2EE3A39-210D-3BCA-A58A-43F153A1BC1D}.RelWithDebInfo|x64.ActiveCfg = RelWithDebInfo|x64
		{A2EE3A39-210D-3BCA-A58A-43F153A1BC1D}.RelWithDebInfo|x64.Build.0 = RelWithDebInfo|x64
		{AE05BEBD-867F-3559-AFA2-1504ADC87987}.Debug|x64.ActiveCfg = Debug|x64
		{AE05BEBD-867F-3559-AFA2-1504ADC87987}.Debug|x64.Build.0 = Debug|x64
		{AE05BEBD-867F-3559-AFA2-1504ADC87987}.Release|x64.ActiveCfg = Release|x64
		{AE05BEBD-867F-3559-AFA2-1504ADC87987}.Release|x64.Build.0 = Release|x64
		{AE05BEBD-867F-3559-AFA2-1504ADC87987}.MinSizeRel|x64.ActiveCfg = MinSizeRel|x64
		{AE05BEBD-867F-3559-AFA2-1504ADC87987}.MinSizeRel|x64.Build.0 = MinSizeRel|x64
		{AE05BEBD-867F-3559-AFA2-1504ADC87987}.RelWithDebInfo|x64.ActiveCfg = RelWithDebInfo|x64
		{AE05BEBD-867F-3559-AFA2-1504ADC87987}.RelWithDebInfo|x64.Build.0 = RelWithDebInfo|x64
		{C9DB73E7-21F4-3B4E-A9DF-5F03B7920C01}.Debug|x64.ActiveCfg = Debug|x64
		{C9DB73E7-21F4-3B4E-A9DF-5F03B7920C01}.Debug|x64.Build.0 = Debug|x64
		{C9DB73E7-21F4-3B4E-A9DF-5F03B7920C01}.Release|x64.ActiveCfg = Release|x64
		{C9DB73E7-21F4-3B4E-A9DF-5F03B7920C01}.Release|x64.Build.0 = Release|x64
		{C9DB73E7-21F4-3B4E-A9DF-5F03B7920C01}.MinSizeRel|x64.ActiveCfg = MinSizeRel|x64
		{C9DB73E7-21F4-3B4E-A9DF-5F03B7920C01}.MinSizeRel|x64.Build.0 = MinSizeRel|x64
		{C9DB73E7-21F4-3B4E-A9DF-5F03B7920C01}.RelWithDebInfo|x64.ActiveCfg = RelWithDebInfo|x64
		{C9DB73E7-21F4-3B4E-A9DF-5F03B7920C01}.RelWithDebInfo|x64.Build.0 = RelWithDebInfo|x64
		{33FFF0D7-081E-3E6B-BE03-1938CC1C33D2}.Debug|x64.ActiveCfg = Debug|x64
		{33FFF0D7-081E-3E6B-BE03-1938CC1C33D2}.Debug|x64.Build.0 = Debug|x64
		{33FFF0D7-081E-3E6B-BE03-1938CC1C33D2}.Release|x64.ActiveCfg = Release|x64
		{33FFF0D7-081E-3E6B-BE03-1938CC1C33D2}.Release|x64.Build.0 = Release|x64
		{33FFF0D7-081E-3E6B-BE03-1938CC1C33D2}.MinSizeRel|x64.ActiveCfg = MinSizeRel|x64
		{33FFF0D7-081E-3E6B-BE03-1938CC1C33D2}.MinSizeRel|x64.Build.0 = MinSizeRel|x64
		{33FFF0D7-081E-3E6B-BE03-1938CC1C33D2}.RelWithDebInfo|x64.ActiveCfg = RelWithDebInfo|x64
		{33FFF0D7-081E-3E6B-BE03-1938CC1C33D2}.RelWithDebInfo|x64.Build.0 = RelWithDebInfo|x64
		{478FF4E0-88D4-31FC-A292-EC0F22192D16}.Debug|x64.ActiveCfg = Debug|x64
		{478FF4E0-88D4-31FC-A292-EC0F22192D16}.Debug|x64.Build.0 = Debug|x64
		{478FF4E0-88D4-31FC-A292-EC0F22192D16}.Release|x64.ActiveCfg = Release|x64
		{478FF4E0-88D4-31FC-A292-EC0F22192D16}.Release|x64.Build.0 = Release|x64
		{478FF4E0-88D4-31FC-A292-EC0F22192D16}.MinSizeRel|x64.ActiveCfg = MinSizeRel|x64
		{478FF4E0-88D4-31FC-A292-EC0F22192D16}.MinSizeRel|x64.Build.0 = MinSizeRel|x64
		{478FF4E0-88D4-31FC-A292-EC0F22192D16}.RelWithDebInfo|x64.ActiveCfg = RelWithDebInfo|x64
		{478FF4E0-88D4-31FC-A292-EC0F22192D16}.RelWithDebInfo|x64.Build.0 = RelWithDebInfo|x64
		{C996F83E-CFE8-3137-8766-C7343748E90F}.Debug|x64.ActiveCfg = Debug|x64
		{C996F83E-CFE8-3137-8766-C7343748E90F}.Debug|x64.Build.0 = Debug|x64
		{C996F83E-CFE8-3137-8766-C7343748E90F}.Release|x64.ActiveCfg = Release|x64
		{C996F83E-CFE8-3137-8766-C7343748E90F}.Release|x64.Build.0 = Release|x64
		{C996F83E-CFE8-3137-8766-C7343748E90F}.MinSizeRel|x64.ActiveCfg = MinSizeRel|x64
		{C996F83E-CFE8-3137-8766-C7343748E90F}.MinSizeRel|x64.Build.0 = MinSizeRel|x64
		{C996F83E-CFE8-3137-8766-C7343748E90F}.RelWithDebInfo|x64.ActiveCfg = RelWithDebInfo|x64
		{C996F83E-CFE8-3137-8766-C7343748E90F}.RelWithDebInfo|x64.Build.0 = RelWithDebInfo|x64
		{841BC6AA-EC2D-3ED8-954B-CB3ED45150D2}.Debug|x64.ActiveCfg = Debug|x64
		{841BC6AA-EC2D-3ED8-954B-CB3ED45150D2}.Debug|x64.Build.0 = Debug|x64
		{841BC6AA-EC2D-3ED8-954B-CB3ED45150D2}.Release|x64.ActiveCfg = Release|x64
		{841BC6AA-EC2D-3ED8-954B-CB3ED45150D2}.Release|x64.Build.0 = Release|x64
		{841BC6AA-EC2D-3ED8-954B-CB3ED45150D2}.MinSizeRel|x64.ActiveCfg = MinSizeRel|x64
		{841BC6AA-EC2D-3ED8-954B-CB3ED45150D2}.MinSizeRel|x64.Build.0 = MinSizeRel|x64
		{841BC6AA-EC2D-3ED8-954B-CB3ED45150D2}.RelWithDebInfo|x64.ActiveCfg = RelWithDebInfo|x64
		{841BC6AA-EC2D-3ED8-954B-CB3ED45150D2}.RelWithDebInfo|x64.Build.0 = RelWithDebInfo|x64
		{9D30F649-CC1A-3B30-8BBE-DF40B5943CB6}.Debug|x64.ActiveCfg = Debug|x64
		{9D30F649-CC1A-3B30-8BBE-DF40B5943CB6}.Debug|x64.Build.0 = Debug|x64
		{9D30F649-CC1A-3B30-8BBE-DF40B5943CB6}.Release|x64.ActiveCfg = Release|x64
		{9D30F649-CC1A-3B30-8BBE-DF40B5943CB6}.Release|x64.Build.0 = Release|x64
		{9D30F649-CC1A-3B30-8BBE-DF40B5943CB6}.MinSizeRel|x64.ActiveCfg = MinSizeRel|x64
		{9D30F649-CC1A-3B30-8BBE-DF40B5943CB6}.MinSizeRel|x64.Build.0 = MinSizeRel|x64
		{9D30F649-CC1A-3B30-8BBE-DF40B5943CB6}.RelWithDebInfo|x64.ActiveCfg = RelWithDebInfo|x64
		{9D30F649-CC1A-3B30-8BBE-DF40B5943CB6}.RelWithDebInfo|x64.Build.0 = RelWithDebInfo|x64
		{5D62E7CA-3C06-3B9A-BC06-95BDC7FEC0AD}.Debug|x64.ActiveCfg = Debug|x64
		{5D62E7CA-3C06-3B9A-BC06-95BDC7FEC0AD}.Debug|x64.Build.0 = Debug|x64
		{5D62E7CA-3C06-3B9A-BC06-95BDC7FEC0AD}.Release|x64.ActiveCfg = Release|x64
		{5D62E7CA-3C06-3B9A-BC06-95BDC7FEC0AD}.Release|x64.Build.0 = Release|x64
		{5D62E7CA-3C06-3B9A-BC06-95BDC7FEC0AD}.MinSizeRel|x64.ActiveCfg = MinSizeRel|x64
		{5D62E7CA-3C06-3B9A-BC06-95BDC7FEC0AD}.MinSizeRel|x64.Build.0 = MinSizeRel|x64
		{5D62E7CA-3C06-3B9A-BC06-95BDC7FEC0AD}.RelWithDebInfo|x64.ActiveCfg = RelWithDebInfo|x64
		{5D62E7CA-3C06-3B9A-BC06-95BDC7FEC0AD}.RelWithDebInfo|x64.Build.0 = RelWithDebInfo|x64
		{58790EE1-55AE-3BB9-9A3F-92EEB7851C22}.Debug|x64.ActiveCfg = Debug|x64
		{58790EE1-55AE-3BB9-9A3F-92EEB7851C22}.Debug|x64.Build.0 = Debug|x64
		{58790EE1-55AE-3BB9-9A3F-92EEB7851C22}.Release|x64.ActiveCfg = Release|x64
		{58790EE1-55AE-3BB9-9A3F-92EEB7851C22}.Release|x64.Build.0 = Release|x64
		{58790EE1-55AE-3BB9-9A3F-92EEB7851C22}.MinSizeRel|x64.ActiveCfg = MinSizeRel|x64
		{58790EE1-55AE-3BB9-9A3F-92EEB7851C22}.MinSizeRel|x64.Build.0 = MinSizeRel|x64
		{58790EE1-55AE-3BB9-9A3F-92EEB7851C22}.RelWithDebInfo|x64.ActiveCfg = RelWithDebInfo|x64
		{58790EE1-55AE-3BB9-9A3F-92EEB7851C22}.RelWithDebInfo|x64.Build.0 = RelWithDebInfo|x64
		{752725CC-1540-3B4B-ABE6-0709EA178E6F}.Debug|x64.ActiveCfg = Debug|x64
		{752725CC-1540-3B4B-ABE6-0709EA178E6F}.Debug|x64.Build.0 = Debug|x64
		{752725CC-1540-3B4B-ABE6-0709EA178E6F}.Release|x64.ActiveCfg = Release|x64
		{752725CC-1540-3B4B-ABE6-0709EA178E6F}.Release|x64.Build.0 = Release|x64
		{752725CC-1540-3B4B-ABE6-0709EA178E6F}.MinSizeRel|x64.ActiveCfg = MinSizeRel|x64
		{752725CC-1540-3B4B-ABE6-0709EA178E6F}.MinSizeRel|x64.Build.0 = MinSizeRel|x64
		{752725CC-1540-3B4B-ABE6-0709EA178E6F}.RelWithDebInfo|x64.ActiveCfg = RelWithDebInfo|x64
		{752725CC-1540-3B4B-ABE6-0709EA178E6F}.RelWithDebInfo|x64.Build.0 = RelWithDebInfo|x64
		{9EC0FAA1-1F34-31EB-B982-208435BABFB5}.Debug|x64.ActiveCfg = Debug|x64
		{9EC0FAA1-1F34-31EB-B982-208435BABFB5}.Debug|x64.Build.0 = Debug|x64
		{9EC0FAA1-1F34-31EB-B982-208435BABFB5}.Release|x64.ActiveCfg = Release|x64
		{9EC0FAA1-1F34-31EB-B982-208435BABFB5}.Release|x64.Build.0 = Release|x64
		{9EC0FAA1-1F34-31EB-B982-208435BABFB5}.MinSizeRel|x64.ActiveCfg = MinSizeRel|x64
		{9EC0FAA1-1F34-31EB-B982-208435BABFB5}.MinSizeRel|x64.Build.0 = MinSizeRel|x64
		{9EC0FAA1-1F34-31EB-B982-208435BABFB5}.RelWithDebInfo|x64.ActiveCfg = RelWithDebInfo|x64
		{9EC0FAA1-1F34-31EB-B982-208435BABFB5}.RelWithDebInfo|x64.Build.0 = RelWithDebInfo|x64
		{540977E2-261B-32CE-A867-2DDE00AE7A9F}.Debug|x64.ActiveCfg = Debug|x64
		{540977E2-261B-32CE-A867-2DDE00AE7A9F}.Debug|x64.Build.0 = Debug|x64
		{540977E2-261B-32CE-A867-2DDE00AE7A9F}.Release|x64.ActiveCfg = Release|x64
		{540977E2-261B-32CE-A867-2DDE00AE7A9F}.Release|x64.Build.0 = Release|x64
		{540977E2-261B-32CE-A867-2DDE00AE7A9F}.MinSizeRel|x64.ActiveCfg = MinSizeRel|x64
		{540977E2-261B-32CE-A867-2DDE00AE7A9F}.MinSizeRel|x64.Build.0 = MinSizeRel|x64
		{540977E2-261B-32CE-A867-2DDE00AE7A9F}.RelWithDebInfo|x64.ActiveCfg = RelWithDebInfo|x64
		{540977E2-261B-32CE-A867-2DDE00AE7A9F}.RelWithDebInfo|x64.Build.0 = RelWithDebInfo|x64
		{779C9C35-C325-3FB9-B543-738F1BC594E2}.Debug|x64.ActiveCfg = Debug|x64
		{779C9C35-C325-3FB9-B543-738F1BC594E2}.Debug|x64.Build.0 = Debug|x64
		{779C9C35-C325-3FB9-B543-738F1BC594E2}.Release|x64.ActiveCfg = Release|x64
		{779C9C35-C325-3FB9-B543-738F1BC594E2}.Release|x64.Build.0 = Release|x64
		{779C9C35-C325-3FB9-B543-738F1BC594E2}.MinSizeRel|x64.ActiveCfg = MinSizeRel|x64
		{779C9C35-C325-3FB9-B543-738F1BC594E2}.MinSizeRel|x64.Build.0 = MinSizeRel|x64
		{779C9C35-C325-3FB9-B543-738F1BC594E2}.RelWithDebInfo|x64.ActiveCfg = RelWithDebInfo|x64
		{779C9C35-C325-3FB9-B543-738F1BC594E2}.RelWithDebInfo|x64.Build.0 = RelWithDebInfo|x64
		{DEE8F2EE-85A3-317A-A369-496E96D5675E}.Debug|x64.ActiveCfg = Debug|x64
		{DEE8F2EE-85A3-317A-A369-496E96D5675E}.Debug|x64.Build.0 = Debug|x64
		{DEE8F2EE-85A3-317A-A369-496E96D5675E}.Release|x64.ActiveCfg = Release|x64
		{DEE8F2EE-85A3-317A-A369-496E96D5675E}.Release|x64.Build.0 = Release|x64
		{DEE8F2EE-85A3-317A-A369-496E96D5675E}.MinSizeRel|x64.ActiveCfg = MinSizeRel|x64
		{DEE8F2EE-85A3-317A-A369-496E96D5675E}.MinSizeRel|x64.Build.0 = MinSizeRel|x64
		{DEE8F2EE-85A3-317A-A369-496E96D5675E}.RelWithDebInfo|x64.ActiveCfg = RelWithDebInfo|x64
		{DEE8F2EE-85A3-317A-A369-496E96D5675E}.RelWithDebInfo|x64.Build.0 = RelWithDebInfo|x64
		{23E7930A-11B1-30E7-8912-30CA6F4B6DA9}.Debug|x64.ActiveCfg = Debug|x64
		{23E7930A-11B1-30E7-8912-30CA6F4B6DA9}.Debug|x64.Build.0 = Debug|x64
		{23E7930A-11B1-30E7-8912-30CA6F4B6DA9}.Release|x64.ActiveCfg = Release|x64
		{23E7930A-11B1-30E7-8912-30CA6F4B6DA9}.Release|x64.Build.0 = Release|x64
		{23E7930A-11B1-30E7-8912-30CA6F4B6DA9}.MinSizeRel|x64.ActiveCfg = MinSizeRel|x64
		{23E7930A-11B1-30E7-8912-30CA6F4B6DA9}.MinSizeRel|x64.Build.0 = MinSizeRel|x64
		{23E7930A-11B1-30E7-8912-30CA6F4B6DA9}.RelWithDebInfo|x64.ActiveCfg = RelWithDebInfo|x64
		{23E7930A-11B1-30E7-8912-30CA6F4B6DA9}.RelWithDebInfo|x64.Build.0 = RelWithDebInfo|x64
		{88662E9F-692E-36C1-A04A-547024B11C72}.Debug|x64.ActiveCfg = Debug|x64
		{88662E9F-692E-36C1-A04A-547024B11C72}.Debug|x64.Build.0 = Debug|x64
		{88662E9F-692E-36C1-A04A-547024B11C72}.Release|x64.ActiveCfg = Release|x64
		{88662E9F-692E-36C1-A04A-547024B11C72}.Release|x64.Build.0 = Release|x64
		{88662E9F-692E-36C1-A04A-547024B11C72}.MinSizeRel|x64.ActiveCfg = MinSizeRel|x64
		{88662E9F-692E-36C1-A04A-547024B11C72}.MinSizeRel|x64.Build.0 = MinSizeRel|x64
		{88662E9F-692E-36C1-A04A-547024B11C72}.RelWithDebInfo|x64.ActiveCfg = RelWithDebInfo|x64
		{88662E9F-692E-36C1-A04A-547024B11C72}.RelWithDebInfo|x64.Build.0 = RelWithDebInfo|x64
		{09E88D2D-3B84-3096-AE98-44218E35A52C}.Debug|x64.ActiveCfg = Debug|x64
		{09E88D2D-3B84-3096-AE98-44218E35A52C}.Debug|x64.Build.0 = Debug|x64
		{09E88D2D-3B84-3096-AE98-44218E35A52C}.Release|x64.ActiveCfg = Release|x64
		{09E88D2D-3B84-3096-AE98-44218E35A52C}.Release|x64.Build.0 = Release|x64
		{09E88D2D-3B84-3096-AE98-44218E35A52C}.MinSizeRel|x64.ActiveCfg = MinSizeRel|x64
		{09E88D2D-3B84-3096-AE98-44218E35A52C}.MinSizeRel|x64.Build.0 = MinSizeRel|x64
		{09E88D2D-3B84-3096-AE98-44218E35A52C}.RelWithDebInfo|x64.ActiveCfg = RelWithDebInfo|x64
		{09E88D2D-3B84-3096-AE98-44218E35A52C}.RelWithDebInfo|x64.Build.0 = RelWithDebInfo|x64
		{85F15B35-CF16-37DD-8841-D6CCF0867285}.Debug|x64.ActiveCfg = Debug|x64
		{85F15B35-CF16-37DD-8841-D6CCF0867285}.Debug|x64.Build.0 = Debug|x64
		{85F15B35-CF16-37DD-8841-D6CCF0867285}.Release|x64.ActiveCfg = Release|x64
		{85F15B35-CF16-37DD-8841-D6CCF0867285}.Release|x64.Build.0 = Release|x64
		{85F15B35-CF16-37DD-8841-D6CCF0867285}.MinSizeRel|x64.ActiveCfg = MinSizeRel|x64
		{85F15B35-CF16-37DD-8841-D6CCF0867285}.MinSizeRel|x64.Build.0 = MinSizeRel|x64
		{85F15B35-CF16-37DD-8841-D6CCF0867285}.RelWithDebInfo|x64.ActiveCfg = RelWithDebInfo|x64
		{85F15B35-CF16-37DD-8841-D6CCF0867285}.RelWithDebInfo|x64.Build.0 = RelWithDebInfo|x64
		{03AD8AB0-611F-34CA-8A88-865CA9146156}.Debug|x64.ActiveCfg = Debug|x64
		{03AD8AB0-611F-34CA-8A88-865CA9146156}.Debug|x64.Build.0 = Debug|x64
		{03AD8AB0-611F-34CA-8A88-865CA9146156}.Release|x64.ActiveCfg = Release|x64
		{03AD8AB0-611F-34CA-8A88-865CA9146156}.Release|x64.Build.0 = Release|x64
		{03AD8AB0-611F-34CA-8A88-865CA9146156}.MinSizeRel|x64.ActiveCfg = MinSizeRel|x64
		{03AD8AB0-611F-34CA-8A88-865CA9146156}.MinSizeRel|x64.Build.0 = MinSizeRel|x64
		{03AD8AB0-611F-34CA-8A88-865CA9146156}.RelWithDebInfo|x64.ActiveCfg = RelWithDebInfo|x64
		{03AD8AB0-611F-34CA-8A88-865CA9146156}.RelWithDebInfo|x64.Build.0 = RelWithDebInfo|x64
		{7F157FEB-B338-3EDB-8D2C-ADC9C4ACD1B6}.Debug|x64.ActiveCfg = Debug|x64
		{7F157FEB-B338-3EDB-8D2C-ADC9C4ACD1B6}.Debug|x64.Build.0 = Debug|x64
		{7F157FEB-B338-3EDB-8D2C-ADC9C4ACD1B6}.Release|x64.ActiveCfg = Release|x64
		{7F157FEB-B338-3EDB-8D2C-ADC9C4ACD1B6}.Release|x64.Build.0 = Release|x64
		{7F157FEB-B338-3EDB-8D2C-ADC9C4ACD1B6}.MinSizeRel|x64.ActiveCfg = MinSizeRel|x64
		{7F157FEB-B338-3EDB-8D2C-ADC9C4ACD1B6}.MinSizeRel|x64.Build.0 = MinSizeRel|x64
		{7F157FEB-B338-3EDB-8D2C-ADC9C4ACD1B6}.RelWithDebInfo|x64.ActiveCfg = RelWithDebInfo|x64
		{7F157FEB-B338-3EDB-8D2C-ADC9C4ACD1B6}.RelWithDebInfo|x64.Build.0 = RelWithDebInfo|x64
		{8EFB356B-EDF0-302D-B4FE-A1C881A8AA65}.Debug|x64.ActiveCfg = Debug|x64
		{8EFB356B-EDF0-302D-B4FE-A1C881A8AA65}.Debug|x64.Build.0 = Debug|x64
		{8EFB356B-EDF0-302D-B4FE-A1C881A8AA65}.Release|x64.ActiveCfg = Release|x64
		{8EFB356B-EDF0-302D-B4FE-A1C881A8AA65}.Release|x64.Build.0 = Release|x64
		{8EFB356B-EDF0-302D-B4FE-A1C881A8AA65}.MinSizeRel|x64.ActiveCfg = MinSizeRel|x64
		{8EFB356B-EDF0-302D-B4FE-A1C881A8AA65}.MinSizeRel|x64.Build.0 = MinSizeRel|x64
		{8EFB356B-EDF0-302D-B4FE-A1C881A8AA65}.RelWithDebInfo|x64.ActiveCfg = RelWithDebInfo|x64
		{8EFB356B-EDF0-302D-B4FE-A1C881A8AA65}.RelWithDebInfo|x64.Build.0 = RelWithDebInfo|x64
		{9CD68035-B4D1-3CC0-9703-5671D7D21D61}.Debug|x64.ActiveCfg = Debug|x64
		{9CD68035-B4D1-3CC0-9703-5671D7D21D61}.Debug|x64.Build.0 = Debug|x64
		{9CD68035-B4D1-3CC0-9703-5671D7D21D61}.Release|x64.ActiveCfg = Release|x64
		{9CD68035-B4D1-3CC0-9703-5671D7D21D61}.Release|x64.Build.0 = Release|x64
		{9CD68035-B4D1-3CC0-9703-5671D7D21D61}.MinSizeRel|x64.ActiveCfg = MinSizeRel|x64
		{9CD68035-B4D1-3CC0-9703-5671D7D21D61}.MinSizeRel|x64.Build.0 = MinSizeRel|x64
		{9CD68035-B4D1-3CC0-9703-5671D7D21D61}.RelWithDebInfo|x64.ActiveCfg = RelWithDebInfo|x64
		{9CD68035-B4D1-3CC0-9703-5671D7D21D61}.RelWithDebInfo|x64.Build.0 = RelWithDebInfo|x64
		{E3EBA45C-819E-3B3F-9379-AFF8C72E3960}.Debug|x64.ActiveCfg = Debug|x64
		{E3EBA45C-819E-3B3F-9379-AFF8C72E3960}.Debug|x64.Build.0 = Debug|x64
		{E3EBA45C-819E-3B3F-9379-AFF8C72E3960}.Release|x64.ActiveCfg = Release|x64
		{E3EBA45C-819E-3B3F-9379-AFF8C72E3960}.Release|x64.Build.0 = Release|x64
		{E3EBA45C-819E-3B3F-9379-AFF8C72E3960}.MinSizeRel|x64.ActiveCfg = MinSizeRel|x64
		{E3EBA45C-819E-3B3F-9379-AFF8C72E3960}.MinSizeRel|x64.Build.0 = MinSizeRel|x64
		{E3EBA45C-819E-3B3F-9379-AFF8C72E3960}.RelWithDebInfo|x64.ActiveCfg = RelWithDebInfo|x64
		{E3EBA45C-819E-3B3F-9379-AFF8C72E3960}.RelWithDebInfo|x64.Build.0 = RelWithDebInfo|x64
		{D924002C-0267-3F14-8A37-167CA37A4F12}.Debug|x64.ActiveCfg = Debug|x64
		{D924002C-0267-3F14-8A37-167CA37A4F12}.Debug|x64.Build.0 = Debug|x64
		{D924002C-0267-3F14-8A37-167CA37A4F12}.Release|x64.ActiveCfg = Release|x64
		{D924002C-0267-3F14-8A37-167CA37A4F12}.Release|x64.Build.0 = Release|x64
		{D924002C-0267-3F14-8A37-167CA37A4F12}.MinSizeRel|x64.ActiveCfg = MinSizeRel|x64
		{D924002C-0267-3F14-8A37-167CA37A4F12}.MinSizeRel|x64.Build.0 = MinSizeRel|x64
		{D924002C-0267-3F14-8A37-167CA37A4F12}.RelWithDebInfo|x64.ActiveCfg = RelWithDebInfo|x64
		{D924002C-0267-3F14-8A37-167CA37A4F12}.RelWithDebInfo|x64.Build.0 = RelWithDebInfo|x64
		{F37CA5E8-8CDC-3407-88B0-35AC8929CBC7}.Debug|x64.ActiveCfg = Debug|x64
		{F37CA5E8-8CDC-3407-88B0-35AC8929CBC7}.Debug|x64.Build.0 = Debug|x64
		{F37CA5E8-8CDC-3407-88B0-35AC8929CBC7}.Release|x64.ActiveCfg = Release|x64
		{F37CA5E8-8CDC-3407-88B0-35AC8929CBC7}.Release|x64.Build.0 = Release|x64
		{F37CA5E8-8CDC-3407-88B0-35AC8929CBC7}.MinSizeRel|x64.ActiveCfg = MinSizeRel|x64
		{F37CA5E8-8CDC-3407-88B0-35AC8929CBC7}.MinSizeRel|x64.Build.0 = MinSizeRel|x64
		{F37CA5E8-8CDC-3407-88B0-35AC8929CBC7}.RelWithDebInfo|x64.ActiveCfg = RelWithDebInfo|x64
		{F37CA5E8-8CDC-3407-88B0-35AC8929CBC7}.RelWithDebInfo|x64.Build.0 = RelWithDebInfo|x64
		{BF3AC593-19DF-33F7-AC66-BA8BC268D57F}.Debug|x64.ActiveCfg = Debug|x64
		{BF3AC593-19DF-33F7-AC66-BA8BC268D57F}.Debug|x64.Build.0 = Debug|x64
		{BF3AC593-19DF-33F7-AC66-BA8BC268D57F}.Release|x64.ActiveCfg = Release|x64
		{BF3AC593-19DF-33F7-AC66-BA8BC268D57F}.Release|x64.Build.0 = Release|x64
		{BF3AC593-19DF-33F7-AC66-BA8BC268D57F}.MinSizeRel|x64.ActiveCfg = MinSizeRel|x64
		{BF3AC593-19DF-33F7-AC66-BA8BC268D57F}.MinSizeRel|x64.Build.0 = MinSizeRel|x64
		{BF3AC593-19DF-33F7-AC66-BA8BC268D57F}.RelWithDebInfo|x64.ActiveCfg = RelWithDebInfo|x64
		{BF3AC593-19DF-33F7-AC66-BA8BC268D57F}.RelWithDebInfo|x64.Build.0 = RelWithDebInfo|x64
		{421F57E4-8846-39A2-BC2A-A9B40A2648D7}.Debug|x64.ActiveCfg = Debug|x64
		{421F57E4-8846-39A2-BC2A-A9B40A2648D7}.Debug|x64.Build.0 = Debug|x64
		{421F57E4-8846-39A2-BC2A-A9B40A2648D7}.Release|x64.ActiveCfg = Release|x64
		{421F57E4-8846-39A2-BC2A-A9B40A2648D7}.Release|x64.Build.0 = Release|x64
		{421F57E4-8846-39A2-BC2A-A9B40A2648D7}.MinSizeRel|x64.ActiveCfg = MinSizeRel|x64
		{421F57E4-8846-39A2-BC2A-A9B40A2648D7}.MinSizeRel|x64.Build.0 = MinSizeRel|x64
		{421F57E4-8846-39A2-BC2A-A9B40A2648D7}.RelWithDebInfo|x64.ActiveCfg = RelWithDebInfo|x64
		{421F57E4-8846-39A2-BC2A-A9B40A2648D7}.RelWithDebInfo|x64.Build.0 = RelWithDebInfo|x64
		{F3526930-6B02-3D59-A0FD-30EB5FBC83F7}.Debug|x64.ActiveCfg = Debug|x64
		{F3526930-6B02-3D59-A0FD-30EB5FBC83F7}.Debug|x64.Build.0 = Debug|x64
		{F3526930-6B02-3D59-A0FD-30EB5FBC83F7}.Release|x64.ActiveCfg = Release|x64
		{F3526930-6B02-3D59-A0FD-30EB5FBC83F7}.Release|x64.Build.0 = Release|x64
		{F3526930-6B02-3D59-A0FD-30EB5FBC83F7}.MinSizeRel|x64.ActiveCfg = MinSizeRel|x64
		{F3526930-6B02-3D59-A0FD-30EB5FBC83F7}.MinSizeRel|x64.Build.0 = MinSizeRel|x64
		{F3526930-6B02-3D59-A0FD-30EB5FBC83F7}.RelWithDebInfo|x64.ActiveCfg = RelWithDebInfo|x64
		{F3526930-6B02-3D59-A0FD-30EB5FBC83F7}.RelWithDebInfo|x64.Build.0 = RelWithDebInfo|x64
		{BB05C222-E7F4-3C5B-809D-B8BEEC64EC15}.Debug|x64.ActiveCfg = Debug|x64
		{BB05C222-E7F4-3C5B-809D-B8BEEC64EC15}.Debug|x64.Build.0 = Debug|x64
		{BB05C222-E7F4-3C5B-809D-B8BEEC64EC15}.Release|x64.ActiveCfg = Release|x64
		{BB05C222-E7F4-3C5B-809D-B8BEEC64EC15}.Release|x64.Build.0 = Release|x64
		{BB05C222-E7F4-3C5B-809D-B8BEEC64EC15}.MinSizeRel|x64.ActiveCfg = MinSizeRel|x64
		{BB05C222-E7F4-3C5B-809D-B8BEEC64EC15}.MinSizeRel|x64.Build.0 = MinSizeRel|x64
		{BB05C222-E7F4-3C5B-809D-B8BEEC64EC15}.RelWithDebInfo|x64.ActiveCfg = RelWithDebInfo|x64
		{BB05C222-E7F4-3C5B-809D-B8BEEC64EC15}.RelWithDebInfo|x64.Build.0 = RelWithDebInfo|x64
		{29B2BD24-D65F-31F7-A168-36C2E4EE2781}.Debug|x64.ActiveCfg = Debug|x64
		{29B2BD24-D65F-31F7-A168-36C2E4EE2781}.Debug|x64.Build.0 = Debug|x64
		{29B2BD24-D65F-31F7-A168-36C2E4EE2781}.Release|x64.ActiveCfg = Release|x64
		{29B2BD24-D65F-31F7-A168-36C2E4EE2781}.Release|x64.Build.0 = Release|x64
		{29B2BD24-D65F-31F7-A168-36C2E4EE2781}.MinSizeRel|x64.ActiveCfg = MinSizeRel|x64
		{29B2BD24-D65F-31F7-A168-36C2E4EE2781}.MinSizeRel|x64.Build.0 = MinSizeRel|x64
		{29B2BD24-D65F-31F7-A168-36C2E4EE2781}.RelWithDebInfo|x64.ActiveCfg = RelWithDebInfo|x64
		{29B2BD24-D65F-31F7-A168-36C2E4EE2781}.RelWithDebInfo|x64.Build.0 = RelWithDebInfo|x64
		{9340C812-78C3-32BB-91A5-F8D905C03886}.Debug|x64.ActiveCfg = Debug|x64
		{9340C812-78C3-32BB-91A5-F8D905C03886}.Release|x64.ActiveCfg = Release|x64
		{9340C812-78C3-32BB-91A5-F8D905C03886}.MinSizeRel|x64.ActiveCfg = MinSizeRel|x64
		{9340C812-78C3-32BB-91A5-F8D905C03886}.RelWithDebInfo|x64.ActiveCfg = RelWithDebInfo|x64
		{FDBD1359-2A9C-3CCC-8A52-59D97DBB89AF}.Debug|x64.ActiveCfg = Debug|x64
		{FDBD1359-2A9C-3CCC-8A52-59D97DBB89AF}.Debug|x64.Build.0 = Debug|x64
		{FDBD1359-2A9C-3CCC-8A52-59D97DBB89AF}.Release|x64.ActiveCfg = Release|x64
		{FDBD1359-2A9C-3CCC-8A52-59D97DBB89AF}.Release|x64.Build.0 = Release|x64
		{FDBD1359-2A9C-3CCC-8A52-59D97DBB89AF}.MinSizeRel|x64.ActiveCfg = MinSizeRel|x64
		{FDBD1359-2A9C-3CCC-8A52-59D97DBB89AF}.MinSizeRel|x64.Build.0 = MinSizeRel|x64
		{FDBD1359-2A9C-3CCC-8A52-59D97DBB89AF}.RelWithDebInfo|x64.ActiveCfg = RelWithDebInfo|x64
		{FDBD1359-2A9C-3CCC-8A52-59D97DBB89AF}.RelWithDebInfo|x64.Build.0 = RelWithDebInfo|x64
		{9AD81CC5-087C-321D-AAC8-16128ADB3436}.Debug|x64.ActiveCfg = Debug|x64
		{9AD81CC5-087C-321D-AAC8-16128ADB3436}.Debug|x64.Build.0 = Debug|x64
		{9AD81CC5-087C-321D-AAC8-16128ADB3436}.Release|x64.ActiveCfg = Release|x64
		{9AD81CC5-087C-321D-AAC8-16128ADB3436}.Release|x64.Build.0 = Release|x64
		{9AD81CC5-087C-321D-AAC8-16128ADB3436}.MinSizeRel|x64.ActiveCfg = MinSizeRel|x64
		{9AD81CC5-087C-321D-AAC8-16128ADB3436}.MinSizeRel|x64.Build.0 = MinSizeRel|x64
		{9AD81CC5-087C-321D-AAC8-16128ADB3436}.RelWithDebInfo|x64.ActiveCfg = RelWithDebInfo|x64
		{9AD81CC5-087C-321D-AAC8-16128ADB3436}.RelWithDebInfo|x64.Build.0 = RelWithDebInfo|x64
	EndGlobalSection
	GlobalSection(NestedProjects) = preSolution
		{67490F99-08E8-3742-B282-F45F80C1FB8A} = {1D0B827C-F725-3128-A4B1-30BEE47DDA07}
		{5E51371E-EAB6-30CA-AA23-5DBD386955B8} = {1D0B827C-F725-3128-A4B1-30BEE47DDA07}
		{0D2D8CB2-F895-3ED5-AFB3-BD064E1AA398} = {63DCC48F-6C73-39A8-A168-5589EA400FE1}
		{165CD98F-67C1-37C6-90BC-547485A3B41D} = {63DCC48F-6C73-39A8-A168-5589EA400FE1}
		{5D62E7CA-3C06-3B9A-BC06-95BDC7FEC0AD} = {63DCC48F-6C73-39A8-A168-5589EA400FE1}
		{9340C812-78C3-32BB-91A5-F8D905C03886} = {63DCC48F-6C73-39A8-A168-5589EA400FE1}
		{A2EE3A39-210D-3BCA-A58A-43F153A1BC1D} = {0D2D8CB2-F895-3ED5-AFB3-BD064E1AA398}
		{841BC6AA-EC2D-3ED8-954B-CB3ED45150D2} = {0D2D8CB2-F895-3ED5-AFB3-BD064E1AA398}
		{540977E2-261B-32CE-A867-2DDE00AE7A9F} = {0D2D8CB2-F895-3ED5-AFB3-BD064E1AA398}
		{03AD8AB0-611F-34CA-8A88-865CA9146156} = {0D2D8CB2-F895-3ED5-AFB3-BD064E1AA398}
		{8EFB356B-EDF0-302D-B4FE-A1C881A8AA65} = {0D2D8CB2-F895-3ED5-AFB3-BD064E1AA398}
		{E3EBA45C-819E-3B3F-9379-AFF8C72E3960} = {0D2D8CB2-F895-3ED5-AFB3-BD064E1AA398}
		{D924002C-0267-3F14-8A37-167CA37A4F12} = {0D2D8CB2-F895-3ED5-AFB3-BD064E1AA398}
		{F37CA5E8-8CDC-3407-88B0-35AC8929CBC7} = {0D2D8CB2-F895-3ED5-AFB3-BD064E1AA398}
		{FDBD1359-2A9C-3CCC-8A52-59D97DBB89AF} = {0D2D8CB2-F895-3ED5-AFB3-BD064E1AA398}
		{AE05BEBD-867F-3559-AFA2-1504ADC87987} = {165CD98F-67C1-37C6-90BC-547485A3B41D}
		{C9DB73E7-21F4-3B4E-A9DF-5F03B7920C01} = {165CD98F-67C1-37C6-90BC-547485A3B41D}
		{33FFF0D7-081E-3E6B-BE03-1938CC1C33D2} = {165CD98F-67C1-37C6-90BC-547485A3B41D}
		{478FF4E0-88D4-31FC-A292-EC0F22192D16} = {165CD98F-67C1-37C6-90BC-547485A3B41D}
		{C996F83E-CFE8-3137-8766-C7343748E90F} = {165CD98F-67C1-37C6-90BC-547485A3B41D}
		{58790EE1-55AE-3BB9-9A3F-92EEB7851C22} = {165CD98F-67C1-37C6-90BC-547485A3B41D}
		{779C9C35-C325-3FB9-B543-738F1BC594E2} = {165CD98F-67C1-37C6-90BC-547485A3B41D}
		{DEE8F2EE-85A3-317A-A369-496E96D5675E} = {165CD98F-67C1-37C6-90BC-547485A3B41D}
		{23E7930A-11B1-30E7-8912-30CA6F4B6DA9} = {165CD98F-67C1-37C6-90BC-547485A3B41D}
		{88662E9F-692E-36C1-A04A-547024B11C72} = {165CD98F-67C1-37C6-90BC-547485A3B41D}
		{09E88D2D-3B84-3096-AE98-44218E35A52C} = {165CD98F-67C1-37C6-90BC-547485A3B41D}
		{85F15B35-CF16-37DD-8841-D6CCF0867285} = {165CD98F-67C1-37C6-90BC-547485A3B41D}
		{7F157FEB-B338-3EDB-8D2C-ADC9C4ACD1B6} = {165CD98F-67C1-37C6-90BC-547485A3B41D}
		{9CD68035-B4D1-3CC0-9703-5671D7D21D61} = {165CD98F-67C1-37C6-90BC-547485A3B41D}
		{BF3AC593-19DF-33F7-AC66-BA8BC268D57F} = {165CD98F-67C1-37C6-90BC-547485A3B41D}
		{421F57E4-8846-39A2-BC2A-A9B40A2648D7} = {165CD98F-67C1-37C6-90BC-547485A3B41D}
		{F3526930-6B02-3D59-A0FD-30EB5FBC83F7} = {165CD98F-67C1-37C6-90BC-547485A3B41D}
		{BB05C222-E7F4-3C5B-809D-B8BEEC64EC15} = {165CD98F-67C1-37C6-90BC-547485A3B41D}
		{29B2BD24-D65F-31F7-A168-36C2E4EE2781} = {165CD98F-67C1-37C6-90BC-547485A3B41D}
		{9AD81CC5-087C-321D-AAC8-16128ADB3436} = {165CD98F-67C1-37C6-90BC-547485A3B41D}
	EndGlobalSection
	GlobalSection(ExtensibilityGlobals) = postSolution
		SolutionGuid = {2A5F8C2E-A8C0-3552-8671-A682C2457884}
	EndGlobalSection
	GlobalSection(ExtensibilityAddIns) = postSolution
	EndGlobalSection
EndGlobal
